
Microsoft Visual Studio Solution File, Format Version 12.00
# Visual Studio 15
VisualStudioVersion = 15.0.26730.10
MinimumVisualStudioVersion = 10.0.40219.1
Project("{FAE04EC0-301F-11D3-BF4B-00C04F79EFBC}") = "Company.CancellationMassiveEndorsement", "Company.CancellationEndorsement\Company.CancellationMassiveEndorsement.csproj", "{30009073-2229-471D-8666-8D41060D5F74}"
EndProject
Project("{FAE04EC0-301F-11D3-BF4B-00C04F79EFBC}") = "Company.CancellationMassiveEndorsementServices.EEProvider", "Company.CancellationEndorsementEEProvider\Company.CancellationMassiveEndorsementServices.EEProvider.csproj", "{22E36569-53DD-4150-B0E0-59B50909323A}"
EndProject
Global
	GlobalSection(SolutionConfigurationPlatforms) = preSolution
		Debug|Any CPU = Debug|Any CPU
		Release|Any CPU = Release|Any CPU
	EndGlobalSection
	GlobalSection(ProjectConfigurationPlatforms) = postSolution
		{30009073-2229-471D-8666-8D41060D5F74}.Debug|Any CPU.ActiveCfg = Debug|Any CPU
		{30009073-2229-471D-8666-8D41060D5F74}.Debug|Any CPU.Build.0 = Debug|Any CPU
		{30009073-2229-471D-8666-8D41060D5F74}.Release|Any CPU.ActiveCfg = Release|Any CPU
		{30009073-2229-471D-8666-8D41060D5F74}.Release|Any CPU.Build.0 = Release|Any CPU
		{22E36569-53DD-4150-B0E0-59B50909323A}.Debug|Any CPU.ActiveCfg = Debug|Any CPU
		{22E36569-53DD-4150-B0E0-59B50909323A}.Debug|Any CPU.Build.0 = Debug|Any CPU
		{22E36569-53DD-4150-B0E0-59B50909323A}.Release|Any CPU.ActiveCfg = Release|Any CPU
		{22E36569-53DD-4150-B0E0-59B50909323A}.Release|Any CPU.Build.0 = Release|Any CPU
	EndGlobalSection
	GlobalSection(SolutionProperties) = preSolution
		HideSolutionNode = FALSE
	EndGlobalSection
	GlobalSection(ExtensibilityGlobals) = postSolution
		SolutionGuid = {6BCF160A-6CB6-4B0A-82CD-0E085975BD8A}
	EndGlobalSection
	GlobalSection(TeamFoundationVersionControl) = preSolution
		SccNumberOfProjects = 3
		SccEnterpriseProvider = {4CA58AB2-18FA-4F8D-95D4-32DDF27D184C}
		SccTeamFoundationServer = http://tfs.sistran.com:8080/tfs/colombia
		SccLocalPath0 = .
		SccProjectUniqueName1 = Company.CancellationEndorsement\\Company.CancellationMassiveEndorsement.csproj
		SccProjectName1 = Company.CancellationEndorsement
		SccLocalPath1 = Company.CancellationEndorsement
		SccProjectUniqueName2 = Company.CancellationEndorsementEEProvider\\Company.CancellationMassiveEndorsementServices.EEProvider.csproj
		SccProjectName2 = Company.CancellationEndorsementEEProvider
		SccLocalPath2 = Company.CancellationEndorsementEEProvider
	EndGlobalSection
EndGlobal
