
Microsoft Visual Studio Solution File, Format Version 12.00
# Visual Studio 15
VisualStudioVersion = 15.0.26430.6
MinimumVisualStudioVersion = 10.0.40219.1
Project("{FAE04EC0-301F-11D3-BF4B-00C04F79EFBC}") = "Company.Location.PropertyRenewalService", "Service\Company.Location.PropertyRenewalService.csproj", "{4B3A3F19-33FE-407A-826B-7436A2FDD85B}"
EndProject
Project("{FAE04EC0-301F-11D3-BF4B-00C04F79EFBC}") = "Company.Location.PropertyRenewalServiceEEProvider", "EEProvider\Company.Location.PropertyRenewalServiceEEProvider.csproj", "{DC56331E-706C-4F6F-9FEA-B0F24D29ACF2}"
EndProject
Global
	GlobalSection(SolutionConfigurationPlatforms) = preSolution
		Debug|Any CPU = Debug|Any CPU
		Release|Any CPU = Release|Any CPU
	EndGlobalSection
	GlobalSection(ProjectConfigurationPlatforms) = postSolution
		{4B3A3F19-33FE-407A-826B-7436A2FDD85B}.Debug|Any CPU.ActiveCfg = Debug|Any CPU
		{4B3A3F19-33FE-407A-826B-7436A2FDD85B}.Debug|Any CPU.Build.0 = Debug|Any CPU
		{4B3A3F19-33FE-407A-826B-7436A2FDD85B}.Release|Any CPU.ActiveCfg = Release|Any CPU
		{4B3A3F19-33FE-407A-826B-7436A2FDD85B}.Release|Any CPU.Build.0 = Release|Any CPU
		{DC56331E-706C-4F6F-9FEA-B0F24D29ACF2}.Debug|Any CPU.ActiveCfg = Debug|Any CPU
		{DC56331E-706C-4F6F-9FEA-B0F24D29ACF2}.Debug|Any CPU.Build.0 = Debug|Any CPU
		{DC56331E-706C-4F6F-9FEA-B0F24D29ACF2}.Release|Any CPU.ActiveCfg = Release|Any CPU
		{DC56331E-706C-4F6F-9FEA-B0F24D29ACF2}.Release|Any CPU.Build.0 = Release|Any CPU
	EndGlobalSection
	GlobalSection(SolutionProperties) = preSolution
		HideSolutionNode = FALSE
	EndGlobalSection
	GlobalSection(TeamFoundationVersionControl) = preSolution
		SccNumberOfProjects = 3
		SccEnterpriseProvider = {4CA58AB2-18FA-4F8D-95D4-32DDF27D184C}
		SccTeamFoundationServer = http://tfs.sistran.com:8080/tfs/colombia
		SccLocalPath0 = .
		SccProjectUniqueName1 = Company.Location.CollectivePropertyRenewalServiceEEProvider\\Company.Location.PropertyRenewalServiceEEProvider.csproj
		SccProjectName1 = Company.Location.CollectivePropertyRenewalServiceEEProvider
		SccLocalPath1 = Company.Location.CollectivePropertyRenewalServiceEEProvider
		SccProjectUniqueName2 = Company.Location.CollectivePropertyRenewalService\\Company.Location.PropertyRenewalService.csproj
		SccProjectName2 = Company.Location.CollectivePropertyRenewalService
		SccLocalPath2 = Company.Location.CollectivePropertyRenewalService
	EndGlobalSection
EndGlobal
