
Microsoft Visual Studio Solution File, Format Version 12.00
# Visual Studio 15
VisualStudioVersion = 15.0.27703.2026
MinimumVisualStudioVersion = 10.0.40219.1
Project("{BBDAE33B-BACD-4B26-B2DD-C781913F3819}") = "IntegrationService", "IntegrationService\IntegrationService.csproj", "{E639C8BE-9F53-4720-9F4B-F952EF26B40A}"
EndProject
Project("{BBDAE33B-BACD-4B26-B2DD-C781913F3819}") = "IntegrationServiceProvider", "IntegrationServiceProvider\IntegrationServiceProvider.csproj", "{0F28F79E-155E-4334-97E2-90EECEEA9CBC}"
EndProject
Project("{BBDAE33B-BACD-4B26-B2DD-C781913F3819}") = "BusinessService", "BusinessService\BusinessService.csproj", "{B82684E7-1201-4B52-BEDE-90674BC97227}"
EndProject
Project("{BBDAE33B-BACD-4B26-B2DD-C781913F3819}") = "BusinessServiceProvider", "BusinessServiceProvider\BusinessServiceProvider.csproj", "{3F7F78CA-6B62-4C78-AFEA-86DC5117A94B}"
EndProject
Project("{BBDAE33B-BACD-4B26-B2DD-C781913F3819}") = "ApplicationService", "ApplicationService\ApplicationService.csproj", "{7C0EDC5B-34BD-47AA-85F9-DF811A0CC823}"
EndProject
Project("{BBDAE33B-BACD-4B26-B2DD-C781913F3819}") = "ApplicationServiceProvider", "ApplicationServiceProvider\ApplicationServiceProvider.csproj", "{EBDD761B-CFD7-45AF-9C81-7D7020AD83CB}"
EndProject
Global

    GlobalSection(SolutionConfigurationPlatforms) = preSolution

        Debug | Any CPU = Debug | Any CPU

        Debug | ARM = Debug | ARM

        Debug | x64 = Debug | x64

        Debug | x86 = Debug | x86

        Release | Any CPU = Release | Any CPU

        Release | ARM = Release | ARM

        Release | x64 = Release | x64

        Release | x86 = Release | x86

    EndGlobalSection

    GlobalSection(ProjectConfigurationPlatforms) = postSolution
		{F557196F-2A34-468F-807D-4C4F88F2F136}.Release|Any CPU.ActiveCfg = Release|Any CPU
		{F557196F-2A34-468F-807D-4C4F88F2F136}.Release|Any CPU.Build.0 = Release|Any CPU
		{F557196F-2A34-468F-807D-4C4F88F2F136}.Release|ARM.ActiveCfg = Release|Any CPU
		{F557196F-2A34-468F-807D-4C4F88F2F136}.Release|ARM.Build.0 = Release|Any CPU
		{F557196F-2A34-468F-807D-4C4F88F2F136}.Release|x64.ActiveCfg = Release|Any CPU
		{F557196F-2A34-468F-807D-4C4F88F2F136}.Release|x64.Build.0 = Release|Any CPU
		{F557196F-2A34-468F-807D-4C4F88F2F136}.Release|x86.ActiveCfg = Release|Any CPU
		{F557196F-2A34-468F-807D-4C4F88F2F136}.Release|x86.Build.0 = Release|Any CPU
		{60CECE9D-059C-4DFC-B37F-3B9073C227BB}.Release|Any CPU.ActiveCfg = Release|Any CPU
		{60CECE9D-059C-4DFC-B37F-3B9073C227BB}.Release|Any CPU.Build.0 = Release|Any CPU
		{60CECE9D-059C-4DFC-B37F-3B9073C227BB}.Release|ARM.ActiveCfg = Release|Any CPU
		{60CECE9D-059C-4DFC-B37F-3B9073C227BB}.Release|ARM.Build.0 = Release|Any CPU
		{60CECE9D-059C-4DFC-B37F-3B9073C227BB}.Release|x64.ActiveCfg = Release|Any CPU
		{60CECE9D-059C-4DFC-B37F-3B9073C227BB}.Release|x64.Build.0 = Release|Any CPU
		{60CECE9D-059C-4DFC-B37F-3B9073C227BB}.Release|x86.ActiveCfg = Release|Any CPU
		{60CECE9D-059C-4DFC-B37F-3B9073C227BB}.Release|x86.Build.0 = Release|Any CPU
		{07159BB2-4F85-4F3A-A71F-E5605A16ED60}.Release|Any CPU.ActiveCfg = Release|Any CPU
		{07159BB2-4F85-4F3A-A71F-E5605A16ED60}.Release|Any CPU.Build.0 = Release|Any CPU
		{07159BB2-4F85-4F3A-A71F-E5605A16ED60}.Release|ARM.ActiveCfg = Release|Any CPU
		{07159BB2-4F85-4F3A-A71F-E5605A16ED60}.Release|ARM.Build.0 = Release|Any CPU
		{07159BB2-4F85-4F3A-A71F-E5605A16ED60}.Release|x64.ActiveCfg = Release|Any CPU
		{07159BB2-4F85-4F3A-A71F-E5605A16ED60}.Release|x64.Build.0 = Release|Any CPU
		{07159BB2-4F85-4F3A-A71F-E5605A16ED60}.Release|x86.ActiveCfg = Release|Any CPU
		{07159BB2-4F85-4F3A-A71F-E5605A16ED60}.Release|x86.Build.0 = Release|Any CPU
		{2667E87B-2048-4125-A7B7-FF0A0185B197}.Release|Any CPU.ActiveCfg = Release|Any CPU
		{2667E87B-2048-4125-A7B7-FF0A0185B197}.Release|Any CPU.Build.0 = Release|Any CPU
		{2667E87B-2048-4125-A7B7-FF0A0185B197}.Release|ARM.ActiveCfg = Release|Any CPU
		{2667E87B-2048-4125-A7B7-FF0A0185B197}.Release|ARM.Build.0 = Release|Any CPU
		{2667E87B-2048-4125-A7B7-FF0A0185B197}.Release|x64.ActiveCfg = Release|Any CPU
		{2667E87B-2048-4125-A7B7-FF0A0185B197}.Release|x64.Build.0 = Release|Any CPU
		{2667E87B-2048-4125-A7B7-FF0A0185B197}.Release|x86.ActiveCfg = Release|Any CPU
		{2667E87B-2048-4125-A7B7-FF0A0185B197}.Release|x86.Build.0 = Release|Any CPU
		{7C0EDC5B-34BD-47AA-85F9-DF811A0CC823}.Release|Any CPU.ActiveCfg = Release|Any CPU
		{7C0EDC5B-34BD-47AA-85F9-DF811A0CC823}.Release|Any CPU.Build.0 = Release|Any CPU
		{7C0EDC5B-34BD-47AA-85F9-DF811A0CC823}.Release|ARM.ActiveCfg = Release|Any CPU
		{7C0EDC5B-34BD-47AA-85F9-DF811A0CC823}.Release|ARM.Build.0 = Release|Any CPU
		{7C0EDC5B-34BD-47AA-85F9-DF811A0CC823}.Release|x64.ActiveCfg = Release|Any CPU
		{7C0EDC5B-34BD-47AA-85F9-DF811A0CC823}.Release|x64.Build.0 = Release|Any CPU
		{7C0EDC5B-34BD-47AA-85F9-DF811A0CC823}.Release|x86.ActiveCfg = Release|Any CPU
		{7C0EDC5B-34BD-47AA-85F9-DF811A0CC823}.Release|x86.Build.0 = Release|Any CPU
		{EBDD761B-CFD7-45AF-9C81-7D7020AD83CB}.Release|Any CPU.ActiveCfg = Release|Any CPU
		{EBDD761B-CFD7-45AF-9C81-7D7020AD83CB}.Release|Any CPU.Build.0 = Release|Any CPU
		{EBDD761B-CFD7-45AF-9C81-7D7020AD83CB}.Release|ARM.ActiveCfg = Release|Any CPU
		{EBDD761B-CFD7-45AF-9C81-7D7020AD83CB}.Release|ARM.Build.0 = Release|Any CPU
		{EBDD761B-CFD7-45AF-9C81-7D7020AD83CB}.Release|x64.ActiveCfg = Release|Any CPU
		{EBDD761B-CFD7-45AF-9C81-7D7020AD83CB}.Release|x64.Build.0 = Release|Any CPU
		{EBDD761B-CFD7-45AF-9C81-7D7020AD83CB}.Release|x86.ActiveCfg = Release|Any CPU
		{EBDD761B-CFD7-45AF-9C81-7D7020AD83CB}.Release|x86.Build.0 = Release|Any CPU
	EndGlobalSection
	GlobalSection(SolutionProperties) = preSolution
		HideSolutionNode = FALSE
	EndGlobalSection
	GlobalSection(ExtensibilityGlobals) = postSolution
		SolutionGuid = {F2CCA6C4-31DA-4858-9EEB-9F43445BDD9B}
	EndGlobalSection
EndGlobal
