Microsoft Visual Studio Solution File, Format Version 12.00
# Visual Studio 15
VisualStudioVersion = 15.0.27428.2002
MinimumVisualStudioVersion = 10.0.40219.1
Project("{2150E333-8FDC-42A3-9474-1A3956D46DE8}") = "Solution Items", "Solution Items", "{30C634B6-F293-4AC2-8A48-7B149D9AC81B}"
EndProject
Project("{FAE04EC0-301F-11D3-BF4B-00C04F79EFBC}") = "Base", "Base\Base.csproj", "{9B00D452-76E7-4B12-8BC5-EE4F5917E9DA}"
EndProject
Project("{FAE04EC0-301F-11D3-BF4B-00C04F79EFBC}") = "Base.EEProvider", "BaseEEProvider\Base.EEProvider.csproj", "{56C6BE17-8411-4217-90D1-7D6F71986C92}"
EndProject
Project("{FAE04EC0-301F-11D3-BF4B-00C04F79EFBC}") = "Cancellation", "Cancellation\Cancellation.csproj", "{30009073-2229-471D-8666-8D41060D5F74}"
EndProject
Project("{FAE04EC0-301F-11D3-BF4B-00C04F79EFBC}") = "Cancellationt.EEProvider", "CancellationEEProvider\Cancellationt.EEProvider.csproj", "{22E36569-53DD-4150-B0E0-59B50909323A}"
EndProject
Project("{FAE04EC0-301F-11D3-BF4B-00C04F79EFBC}") = "Extension", "Extension\Extension.csproj", "{391D8C58-30FC-4E25-A31E-32169E48F25B}"
EndProject
Project("{FAE04EC0-301F-11D3-BF4B-00C04F79EFBC}") = "Extension.EEProvider", "ExtensionEEProvider\Extension.EEProvider.csproj", "{78CDC415-4906-4835-BE0C-E4F276E5EB85}"
EndProject
Project("{FAE04EC0-301F-11D3-BF4B-00C04F79EFBC}") = "Modification", "Modification\Modification.csproj", "{0655BC34-EC47-4A1C-8E0C-037FBB4218D2}"
EndProject
Project("{FAE04EC0-301F-11D3-BF4B-00C04F79EFBC}") = "Modification.EEProvider", "ModificationEEProvider\Modification.EEProvider.csproj", "{B444F893-92DD-45AB-80AB-287D95FE8CF7}"
EndProject
Project("{FAE04EC0-301F-11D3-BF4B-00C04F79EFBC}") = "Renewal", "Renewal\Renewal.csproj", "{7E251985-2D1F-450A-B36F-769B999D8178}"
EndProject
Project("{FAE04EC0-301F-11D3-BF4B-00C04F79EFBC}") = "Renewal.EEProvider", "RenewalEEProvider\Renewal.EEProvider.csproj", "{3A95988D-A414-4661-863B-66A8A4732AEE}"
EndProject
Project("{FAE04EC0-301F-11D3-BF4B-00C04F79EFBC}") = "Company.ReversionEndorsement", "Reversion\Company.ReversionEndorsement.csproj", "{875158A5-4916-420B-BB8E-3312F58EC270}"
EndProject
Project("{FAE04EC0-301F-11D3-BF4B-00C04F79EFBC}") = "Company.ReversionEndorsement.EEProvider", "ReversionEEProvider\Company.ReversionEndorsement.EEProvider.csproj", "{A785C564-F4C5-4E1B-A71F-8F7517C15E96}"
EndProject
Project("{FAE04EC0-301F-11D3-BF4B-00C04F79EFBC}") = "ChangeTerm", "ChangeTerm\ChangeTerm.csproj", "{AD7636D7-54FA-4A80-BDF5-A510FC1D7D65}"
EndProject
Project("{FAE04EC0-301F-11D3-BF4B-00C04F79EFBC}") = "ChangeTerm.EEProvider", "ChangeTermEEProvider\ChangeTerm.EEProvider.csproj", "{63CB9193-BCBC-48BC-B1B5-484B4ACB314A}"
EndProject
Project("{FAE04EC0-301F-11D3-BF4B-00C04F79EFBC}") = "ChangeAgent", "ChangeAgent\ChangeAgent.csproj", "{959A568C-B4C7-44E2-8FE9-30951D62A0D6}"
EndProject
Project("{FAE04EC0-301F-11D3-BF4B-00C04F79EFBC}") = "ChangeAgent.EEProvider", "ChangeAgentEEProvider\ChangeAgent.EEProvider.csproj", "{4CD0FBBA-1725-4350-ABBB-4BB7B8120C51}"
EndProject
Project("{FAE04EC0-301F-11D3-BF4B-00C04F79EFBC}") = "Text", "Text\Text.csproj", "{CC83EB88-90EC-41A9-9F77-E41830ADC20C}"
EndProject
Project("{FAE04EC0-301F-11D3-BF4B-00C04F79EFBC}") = "Text.EEProvider", "TextEEProvider\Text.EEProvider.csproj", "{463EA1BE-70BE-4467-A844-BCB7A827D5B9}"
EndProject
Project("{FAE04EC0-301F-11D3-BF4B-00C04F79EFBC}") = "Clause", "Clause\Clause.csproj", "{53BB03AB-BE70-4FC7-8CC8-2673F61CB961}"
EndProject
Project("{FAE04EC0-301F-11D3-BF4B-00C04F79EFBC}") = "Clause.EEProvider", "ClauseEEProvider\Clause.EEProvider.csproj", "{3787FC66-B9B3-4B25-9683-1311A60B423E}"
EndProject
Project("{FAE04EC0-301F-11D3-BF4B-00C04F79EFBC}") = "Adjustment", "Adjustment\Adjustment.csproj", "{5792606D-593A-4F95-9AEB-E1AECC8DCB87}"
EndProject
Project("{FAE04EC0-301F-11D3-BF4B-00C04F79EFBC}") = "Adjustment.EEProvider", "Adjustment.EEProvider\Adjustment.EEProvider.csproj", "{629584B4-C68F-4075-9EE4-A3B1E7C640CC}"
EndProject
Project("{FAE04EC0-301F-11D3-BF4B-00C04F79EFBC}") = "Declaration", "Declaration\Declaration.csproj", "{611A6BE5-9324-40CE-9981-F21083A18CFC}"
EndProject
Project("{FAE04EC0-301F-11D3-BF4B-00C04F79EFBC}") = "Declaration.EEProvider", "Declaration.EEProvider\Declaration.EEProvider.csproj", "{E4CC1BD7-7A9F-4D4D-B22C-23D30E93B491}"
EndProject
Project("{FAE04EC0-301F-11D3-BF4B-00C04F79EFBC}") = "CreditNoteBusinessService", "CreditNoteBusinessService\CreditNoteBusinessService.csproj", "{3F7F78CA-6B62-4C78-AFEA-86DC5117A94B}"
	ProjectSection(ProjectDependencies) = postProject
		{7C0EDC5B-34BD-47AA-85F9-DF811A0CC823} = {7C0EDC5B-34BD-47AA-85F9-DF811A0CC823}
	EndProjectSection
EndProject
Project("{FAE04EC0-301F-11D3-BF4B-00C04F79EFBC}") = "CreditNoteBusinessService.EEProvider", "CreditNoteBusinessServiceProvider\CreditNoteBusinessService.EEProvider.csproj", "{C1945A6C-39B0-4FD8-A3C8-BE2376DFAC88}"
	ProjectSection(ProjectDependencies) = postProject
		{3F7F78CA-6B62-4C78-AFEA-86DC5117A94B} = {3F7F78CA-6B62-4C78-AFEA-86DC5117A94B}
	EndProjectSection
EndProject
Project("{FAE04EC0-301F-11D3-BF4B-00C04F79EFBC}") = "CreditNoteApplicationService", "CreditNoteApplicationService\CreditNoteApplicationService.csproj", "{7C0EDC5B-34BD-47AA-85F9-DF811A0CC823}"
EndProject
Project("{FAE04EC0-301F-11D3-BF4B-00C04F79EFBC}") = "CreditNoteApplicationService.EEProvider", "CreditNoteApplicationServiceProvider\CreditNoteApplicationService.EEProvider.csproj", "{EBDD761B-CFD7-45AF-9C81-7D7020AD83CB}"
	ProjectSection(ProjectDependencies) = postProject
		{7C0EDC5B-34BD-47AA-85F9-DF811A0CC823} = {7C0EDC5B-34BD-47AA-85F9-DF811A0CC823}
		{3F7F78CA-6B62-4C78-AFEA-86DC5117A94B} = {3F7F78CA-6B62-4C78-AFEA-86DC5117A94B}
	EndProjectSection
EndProject
Project("{FAE04EC0-301F-11D3-BF4B-00C04F79EFBC}") = "ChangeCoInsurance", "ChangeCoInsurance\ChangeCoInsurance.csproj", "{39E037AF-F479-4461-BF62-FFC24258DECC}"
EndProject
Project("{FAE04EC0-301F-11D3-BF4B-00C04F79EFBC}") = "ChangeCoInsuranceEEProvider", "ChangeCoInsuranceEEProvider\ChangeCoInsuranceEEProvider.csproj", "{2DBA5CCC-4176-4F4E-B4BF-EEB63EAE454D}"
EndProject
Project("{FAE04EC0-301F-11D3-BF4B-00C04F79EFBC}") = "ChangeConsolidation", "ChangeConsolidation\ChangeConsolidation.csproj", "{72A83678-00F6-43A8-9459-89EB3A5708E4}"
EndProject
Project("{FAE04EC0-301F-11D3-BF4B-00C04F79EFBC}") = "ChangeConsolidationEEProvider", "ChangeConsolidationEEProvider\ChangeConsolidationEEProvider.csproj", "{0EECCE50-BA66-4874-88B4-B00E8961C9D2}"
EndProject
Project("{FAE04EC0-301F-11D3-BF4B-00C04F79EFBC}") = "ChangePolicyHolder", "ChangePolicyHolder\ChangePolicyHolder.csproj", "{A1F319E9-73D4-48AF-9422-0BFC99D85B12}"
EndProject
Project("{FAE04EC0-301F-11D3-BF4B-00C04F79EFBC}") = "ChangePolicyHolderEEProvider", "ChangePolicyHolderEEProvider\ChangePolicyHolderEEProvider.csproj", "{4385B45E-469E-4634-86ED-5CCBAA729A7F}"
EndProject
Global
	GlobalSection(SolutionConfigurationPlatforms) = preSolution
		Debug|Any CPU = Debug|Any CPU
		Release|Any CPU = Release|Any CPU
	EndGlobalSection
	GlobalSection(ProjectConfigurationPlatforms) = postSolution
		{9B00D452-76E7-4B12-8BC5-EE4F5917E9DA}.Debug|Any CPU.ActiveCfg = Debug|Any CPU
		{9B00D452-76E7-4B12-8BC5-EE4F5917E9DA}.Debug|Any CPU.Build.0 = Debug|Any CPU
		{9B00D452-76E7-4B12-8BC5-EE4F5917E9DA}.Release|Any CPU.ActiveCfg = Release|Any CPU
		{9B00D452-76E7-4B12-8BC5-EE4F5917E9DA}.Release|Any CPU.Build.0 = Release|Any CPU
		{56C6BE17-8411-4217-90D1-7D6F71986C92}.Debug|Any CPU.ActiveCfg = Debug|Any CPU
		{56C6BE17-8411-4217-90D1-7D6F71986C92}.Debug|Any CPU.Build.0 = Debug|Any CPU
		{56C6BE17-8411-4217-90D1-7D6F71986C92}.Release|Any CPU.ActiveCfg = Release|Any CPU
		{56C6BE17-8411-4217-90D1-7D6F71986C92}.Release|Any CPU.Build.0 = Release|Any CPU
		{30009073-2229-471D-8666-8D41060D5F74}.Debug|Any CPU.ActiveCfg = Debug|Any CPU
		{30009073-2229-471D-8666-8D41060D5F74}.Debug|Any CPU.Build.0 = Debug|Any CPU
		{30009073-2229-471D-8666-8D41060D5F74}.Release|Any CPU.ActiveCfg = Release|Any CPU
		{30009073-2229-471D-8666-8D41060D5F74}.Release|Any CPU.Build.0 = Release|Any CPU
		{22E36569-53DD-4150-B0E0-59B50909323A}.Debug|Any CPU.ActiveCfg = Debug|Any CPU
		{22E36569-53DD-4150-B0E0-59B50909323A}.Debug|Any CPU.Build.0 = Debug|Any CPU
		{22E36569-53DD-4150-B0E0-59B50909323A}.Release|Any CPU.ActiveCfg = Release|Any CPU
		{22E36569-53DD-4150-B0E0-59B50909323A}.Release|Any CPU.Build.0 = Release|Any CPU
		{391D8C58-30FC-4E25-A31E-32169E48F25B}.Debug|Any CPU.ActiveCfg = Debug|Any CPU
		{391D8C58-30FC-4E25-A31E-32169E48F25B}.Debug|Any CPU.Build.0 = Debug|Any CPU
		{391D8C58-30FC-4E25-A31E-32169E48F25B}.Release|Any CPU.ActiveCfg = Release|Any CPU
		{391D8C58-30FC-4E25-A31E-32169E48F25B}.Release|Any CPU.Build.0 = Release|Any CPU
		{78CDC415-4906-4835-BE0C-E4F276E5EB85}.Debug|Any CPU.ActiveCfg = Debug|Any CPU
		{78CDC415-4906-4835-BE0C-E4F276E5EB85}.Debug|Any CPU.Build.0 = Debug|Any CPU
		{78CDC415-4906-4835-BE0C-E4F276E5EB85}.Release|Any CPU.ActiveCfg = Release|Any CPU
		{78CDC415-4906-4835-BE0C-E4F276E5EB85}.Release|Any CPU.Build.0 = Release|Any CPU
		{0655BC34-EC47-4A1C-8E0C-037FBB4218D2}.Debug|Any CPU.ActiveCfg = Debug|Any CPU
		{0655BC34-EC47-4A1C-8E0C-037FBB4218D2}.Debug|Any CPU.Build.0 = Debug|Any CPU
		{0655BC34-EC47-4A1C-8E0C-037FBB4218D2}.Release|Any CPU.ActiveCfg = Release|Any CPU
		{0655BC34-EC47-4A1C-8E0C-037FBB4218D2}.Release|Any CPU.Build.0 = Release|Any CPU
		{B444F893-92DD-45AB-80AB-287D95FE8CF7}.Debug|Any CPU.ActiveCfg = Debug|Any CPU
		{B444F893-92DD-45AB-80AB-287D95FE8CF7}.Debug|Any CPU.Build.0 = Debug|Any CPU
		{B444F893-92DD-45AB-80AB-287D95FE8CF7}.Release|Any CPU.ActiveCfg = Release|Any CPU
		{B444F893-92DD-45AB-80AB-287D95FE8CF7}.Release|Any CPU.Build.0 = Release|Any CPU
		{7E251985-2D1F-450A-B36F-769B999D8178}.Debug|Any CPU.ActiveCfg = Debug|Any CPU
		{7E251985-2D1F-450A-B36F-769B999D8178}.Debug|Any CPU.Build.0 = Debug|Any CPU
		{7E251985-2D1F-450A-B36F-769B999D8178}.Release|Any CPU.ActiveCfg = Release|Any CPU
		{7E251985-2D1F-450A-B36F-769B999D8178}.Release|Any CPU.Build.0 = Release|Any CPU
		{3A95988D-A414-4661-863B-66A8A4732AEE}.Debug|Any CPU.ActiveCfg = Debug|Any CPU
		{3A95988D-A414-4661-863B-66A8A4732AEE}.Debug|Any CPU.Build.0 = Debug|Any CPU
		{3A95988D-A414-4661-863B-66A8A4732AEE}.Release|Any CPU.ActiveCfg = Release|Any CPU
		{3A95988D-A414-4661-863B-66A8A4732AEE}.Release|Any CPU.Build.0 = Release|Any CPU
		{875158A5-4916-420B-BB8E-3312F58EC270}.Debug|Any CPU.ActiveCfg = Debug|Any CPU
		{875158A5-4916-420B-BB8E-3312F58EC270}.Debug|Any CPU.Build.0 = Debug|Any CPU
		{875158A5-4916-420B-BB8E-3312F58EC270}.Release|Any CPU.ActiveCfg = Release|Any CPU
		{875158A5-4916-420B-BB8E-3312F58EC270}.Release|Any CPU.Build.0 = Release|Any CPU
		{A785C564-F4C5-4E1B-A71F-8F7517C15E96}.Debug|Any CPU.ActiveCfg = Debug|Any CPU
		{A785C564-F4C5-4E1B-A71F-8F7517C15E96}.Debug|Any CPU.Build.0 = Debug|Any CPU
		{A785C564-F4C5-4E1B-A71F-8F7517C15E96}.Release|Any CPU.ActiveCfg = Release|Any CPU
		{A785C564-F4C5-4E1B-A71F-8F7517C15E96}.Release|Any CPU.Build.0 = Release|Any CPU
		{AD7636D7-54FA-4A80-BDF5-A510FC1D7D65}.Debug|Any CPU.ActiveCfg = Debug|Any CPU
		{AD7636D7-54FA-4A80-BDF5-A510FC1D7D65}.Debug|Any CPU.Build.0 = Debug|Any CPU
		{AD7636D7-54FA-4A80-BDF5-A510FC1D7D65}.Release|Any CPU.ActiveCfg = Release|Any CPU
		{AD7636D7-54FA-4A80-BDF5-A510FC1D7D65}.Release|Any CPU.Build.0 = Release|Any CPU
		{63CB9193-BCBC-48BC-B1B5-484B4ACB314A}.Debug|Any CPU.ActiveCfg = Debug|Any CPU
		{63CB9193-BCBC-48BC-B1B5-484B4ACB314A}.Debug|Any CPU.Build.0 = Debug|Any CPU
		{63CB9193-BCBC-48BC-B1B5-484B4ACB314A}.Release|Any CPU.ActiveCfg = Release|Any CPU
		{63CB9193-BCBC-48BC-B1B5-484B4ACB314A}.Release|Any CPU.Build.0 = Release|Any CPU
		{959A568C-B4C7-44E2-8FE9-30951D62A0D6}.Debug|Any CPU.ActiveCfg = Debug|Any CPU
		{959A568C-B4C7-44E2-8FE9-30951D62A0D6}.Debug|Any CPU.Build.0 = Debug|Any CPU
		{959A568C-B4C7-44E2-8FE9-30951D62A0D6}.Release|Any CPU.ActiveCfg = Release|Any CPU
		{959A568C-B4C7-44E2-8FE9-30951D62A0D6}.Release|Any CPU.Build.0 = Release|Any CPU
		{4CD0FBBA-1725-4350-ABBB-4BB7B8120C51}.Debug|Any CPU.ActiveCfg = Debug|Any CPU
		{4CD0FBBA-1725-4350-ABBB-4BB7B8120C51}.Debug|Any CPU.Build.0 = Debug|Any CPU
		{4CD0FBBA-1725-4350-ABBB-4BB7B8120C51}.Release|Any CPU.ActiveCfg = Release|Any CPU
		{4CD0FBBA-1725-4350-ABBB-4BB7B8120C51}.Release|Any CPU.Build.0 = Release|Any CPU
		{CC83EB88-90EC-41A9-9F77-E41830ADC20C}.Debug|Any CPU.ActiveCfg = Debug|Any CPU
		{CC83EB88-90EC-41A9-9F77-E41830ADC20C}.Debug|Any CPU.Build.0 = Debug|Any CPU
		{CC83EB88-90EC-41A9-9F77-E41830ADC20C}.Release|Any CPU.ActiveCfg = Release|Any CPU
		{CC83EB88-90EC-41A9-9F77-E41830ADC20C}.Release|Any CPU.Build.0 = Release|Any CPU
		{463EA1BE-70BE-4467-A844-BCB7A827D5B9}.Debug|Any CPU.ActiveCfg = Debug|Any CPU
		{463EA1BE-70BE-4467-A844-BCB7A827D5B9}.Debug|Any CPU.Build.0 = Debug|Any CPU
		{463EA1BE-70BE-4467-A844-BCB7A827D5B9}.Release|Any CPU.ActiveCfg = Release|Any CPU
		{463EA1BE-70BE-4467-A844-BCB7A827D5B9}.Release|Any CPU.Build.0 = Release|Any CPU
		{53BB03AB-BE70-4FC7-8CC8-2673F61CB961}.Debug|Any CPU.ActiveCfg = Debug|Any CPU
		{53BB03AB-BE70-4FC7-8CC8-2673F61CB961}.Debug|Any CPU.Build.0 = Debug|Any CPU
		{53BB03AB-BE70-4FC7-8CC8-2673F61CB961}.Release|Any CPU.ActiveCfg = Release|Any CPU
		{53BB03AB-BE70-4FC7-8CC8-2673F61CB961}.Release|Any CPU.Build.0 = Release|Any CPU
		{3787FC66-B9B3-4B25-9683-1311A60B423E}.Debug|Any CPU.ActiveCfg = Debug|Any CPU
		{3787FC66-B9B3-4B25-9683-1311A60B423E}.Debug|Any CPU.Build.0 = Debug|Any CPU
		{3787FC66-B9B3-4B25-9683-1311A60B423E}.Release|Any CPU.ActiveCfg = Release|Any CPU
		{3787FC66-B9B3-4B25-9683-1311A60B423E}.Release|Any CPU.Build.0 = Release|Any CPU
		{5792606D-593A-4F95-9AEB-E1AECC8DCB87}.Debug|Any CPU.ActiveCfg = Debug|Any CPU
		{5792606D-593A-4F95-9AEB-E1AECC8DCB87}.Debug|Any CPU.Build.0 = Debug|Any CPU
		{5792606D-593A-4F95-9AEB-E1AECC8DCB87}.Release|Any CPU.ActiveCfg = Release|Any CPU
		{5792606D-593A-4F95-9AEB-E1AECC8DCB87}.Release|Any CPU.Build.0 = Release|Any CPU
		{629584B4-C68F-4075-9EE4-A3B1E7C640CC}.Debug|Any CPU.ActiveCfg = Debug|Any CPU
		{629584B4-C68F-4075-9EE4-A3B1E7C640CC}.Debug|Any CPU.Build.0 = Debug|Any CPU
		{629584B4-C68F-4075-9EE4-A3B1E7C640CC}.Release|Any CPU.ActiveCfg = Release|Any CPU
		{629584B4-C68F-4075-9EE4-A3B1E7C640CC}.Release|Any CPU.Build.0 = Release|Any CPU
		{611A6BE5-9324-40CE-9981-F21083A18CFC}.Debug|Any CPU.ActiveCfg = Debug|Any CPU
		{611A6BE5-9324-40CE-9981-F21083A18CFC}.Debug|Any CPU.Build.0 = Debug|Any CPU
		{611A6BE5-9324-40CE-9981-F21083A18CFC}.Release|Any CPU.ActiveCfg = Release|Any CPU
		{611A6BE5-9324-40CE-9981-F21083A18CFC}.Release|Any CPU.Build.0 = Release|Any CPU
		{E4CC1BD7-7A9F-4D4D-B22C-23D30E93B491}.Debug|Any CPU.ActiveCfg = Debug|Any CPU
		{E4CC1BD7-7A9F-4D4D-B22C-23D30E93B491}.Debug|Any CPU.Build.0 = Debug|Any CPU
		{E4CC1BD7-7A9F-4D4D-B22C-23D30E93B491}.Release|Any CPU.ActiveCfg = Release|Any CPU
		{E4CC1BD7-7A9F-4D4D-B22C-23D30E93B491}.Release|Any CPU.Build.0 = Release|Any CPU
		{3F7F78CA-6B62-4C78-AFEA-86DC5117A94B}.Debug|Any CPU.ActiveCfg = Debug|Any CPU
		{3F7F78CA-6B62-4C78-AFEA-86DC5117A94B}.Debug|Any CPU.Build.0 = Debug|Any CPU
		{3F7F78CA-6B62-4C78-AFEA-86DC5117A94B}.Release|Any CPU.ActiveCfg = Release|Any CPU
		{3F7F78CA-6B62-4C78-AFEA-86DC5117A94B}.Release|Any CPU.Build.0 = Release|Any CPU
		{C1945A6C-39B0-4FD8-A3C8-BE2376DFAC88}.Debug|Any CPU.ActiveCfg = Debug|Any CPU
		{C1945A6C-39B0-4FD8-A3C8-BE2376DFAC88}.Debug|Any CPU.Build.0 = Debug|Any CPU
		{C1945A6C-39B0-4FD8-A3C8-BE2376DFAC88}.Release|Any CPU.ActiveCfg = Release|Any CPU
		{C1945A6C-39B0-4FD8-A3C8-BE2376DFAC88}.Release|Any CPU.Build.0 = Release|Any CPU
		{7C0EDC5B-34BD-47AA-85F9-DF811A0CC823}.Debug|Any CPU.ActiveCfg = Debug|Any CPU
		{7C0EDC5B-34BD-47AA-85F9-DF811A0CC823}.Debug|Any CPU.Build.0 = Debug|Any CPU
		{7C0EDC5B-34BD-47AA-85F9-DF811A0CC823}.Release|Any CPU.ActiveCfg = Release|Any CPU
		{7C0EDC5B-34BD-47AA-85F9-DF811A0CC823}.Release|Any CPU.Build.0 = Release|Any CPU
		{EBDD761B-CFD7-45AF-9C81-7D7020AD83CB}.Debug|Any CPU.ActiveCfg = Debug|Any CPU
		{EBDD761B-CFD7-45AF-9C81-7D7020AD83CB}.Debug|Any CPU.Build.0 = Debug|Any CPU
		{EBDD761B-CFD7-45AF-9C81-7D7020AD83CB}.Release|Any CPU.ActiveCfg = Release|Any CPU
		{EBDD761B-CFD7-45AF-9C81-7D7020AD83CB}.Release|Any CPU.Build.0 = Release|Any CPU
		{39E037AF-F479-4461-BF62-FFC24258DECC}.Debug|Any CPU.ActiveCfg = Debug|Any CPU
		{39E037AF-F479-4461-BF62-FFC24258DECC}.Debug|Any CPU.Build.0 = Debug|Any CPU
		{39E037AF-F479-4461-BF62-FFC24258DECC}.Release|Any CPU.ActiveCfg = Release|Any CPU
		{39E037AF-F479-4461-BF62-FFC24258DECC}.Release|Any CPU.Build.0 = Release|Any CPU
		{2DBA5CCC-4176-4F4E-B4BF-EEB63EAE454D}.Debug|Any CPU.ActiveCfg = Debug|Any CPU
		{2DBA5CCC-4176-4F4E-B4BF-EEB63EAE454D}.Debug|Any CPU.Build.0 = Debug|Any CPU
		{2DBA5CCC-4176-4F4E-B4BF-EEB63EAE454D}.Release|Any CPU.ActiveCfg = Release|Any CPU
		{2DBA5CCC-4176-4F4E-B4BF-EEB63EAE454D}.Release|Any CPU.Build.0 = Release|Any CPU
		{72A83678-00F6-43A8-9459-89EB3A5708E4}.Debug|Any CPU.ActiveCfg = Debug|Any CPU
		{72A83678-00F6-43A8-9459-89EB3A5708E4}.Debug|Any CPU.Build.0 = Debug|Any CPU
		{72A83678-00F6-43A8-9459-89EB3A5708E4}.Release|Any CPU.ActiveCfg = Release|Any CPU
		{72A83678-00F6-43A8-9459-89EB3A5708E4}.Release|Any CPU.Build.0 = Release|Any CPU
		{0EECCE50-BA66-4874-88B4-B00E8961C9D2}.Debug|Any CPU.ActiveCfg = Debug|Any CPU
		{0EECCE50-BA66-4874-88B4-B00E8961C9D2}.Debug|Any CPU.Build.0 = Debug|Any CPU
		{0EECCE50-BA66-4874-88B4-B00E8961C9D2}.Release|Any CPU.ActiveCfg = Release|Any CPU
		{0EECCE50-BA66-4874-88B4-B00E8961C9D2}.Release|Any CPU.Build.0 = Release|Any CPU
		{A1F319E9-73D4-48AF-9422-0BFC99D85B12}.Debug|Any CPU.ActiveCfg = Debug|Any CPU
		{A1F319E9-73D4-48AF-9422-0BFC99D85B12}.Debug|Any CPU.Build.0 = Debug|Any CPU
		{A1F319E9-73D4-48AF-9422-0BFC99D85B12}.Release|Any CPU.ActiveCfg = Release|Any CPU
		{A1F319E9-73D4-48AF-9422-0BFC99D85B12}.Release|Any CPU.Build.0 = Release|Any CPU
		{4385B45E-469E-4634-86ED-5CCBAA729A7F}.Debug|Any CPU.ActiveCfg = Debug|Any CPU
		{4385B45E-469E-4634-86ED-5CCBAA729A7F}.Debug|Any CPU.Build.0 = Debug|Any CPU
		{4385B45E-469E-4634-86ED-5CCBAA729A7F}.Release|Any CPU.ActiveCfg = Release|Any CPU
		{4385B45E-469E-4634-86ED-5CCBAA729A7F}.Release|Any CPU.Build.0 = Release|Any CPU
	EndGlobalSection
	GlobalSection(SolutionProperties) = preSolution
		HideSolutionNode = FALSE
	EndGlobalSection
	GlobalSection(ExtensibilityGlobals) = postSolution
		SolutionGuid = {55896A08-58C6-4329-A7CE-B8285DD6E5C8}
	EndGlobalSection
EndGlobal
