
Microsoft Visual Studio Solution File, Format Version 12.00
# Visual Studio 15
VisualStudioVersion = 15.0.27130.2003
MinimumVisualStudioVersion = 10.0.40219.1
Project("{FAE04EC0-301F-11D3-BF4B-00C04F79EFBC}") = "Core.UniqueUserServices", "UniqueUserService\Core.UniqueUserServices.csproj", "{2FF08AFB-3757-4C7C-8B8B-6BEA2C12A6CC}"
EndProject
Project("{2150E333-8FDC-42A3-9474-1A3956D46DE8}") = "Solution Items", "Solution Items", "{CA54A635-2AD3-4257-AB20-9A787A7DA12C}"
	ProjectSection(SolutionItems) = preProject
		Core.UniqueUserServices.vsmdi = Core.UniqueUserServices.vsmdi
		Local.testsettings = Local.testsettings
		TraceAndTestImpact.testsettings = TraceAndTestImpact.testsettings
	EndProjectSection
EndProject
Project("{FAE04EC0-301F-11D3-BF4B-00C04F79EFBC}") = "Core.UniqueUserServices.EEProvider", "UniqueUserServiceEEProvider\Core.UniqueUserServices.EEProvider.csproj", "{2B2B01F5-799E-4B2E-BF85-90F11121FCC3}"
EndProject
Project("{FAE04EC0-301F-11D3-BF4B-00C04F79EFBC}") = "Core.UniqueUserParamService", "Core.UniqueUserParamService\Core.UniqueUserParamService.csproj", "{FFCCD862-CE5F-4911-98AA-EC9FAAA8F763}"
EndProject
Project("{FAE04EC0-301F-11D3-BF4B-00C04F79EFBC}") = "Core.UniqueUserParamService.EEProvider", "Core.UniqueUserParamService.EEProvider\Core.UniqueUserParamService.EEProvider.csproj", "{5EB9510C-5BA8-4F0D-B999-E49C3626F03F}"
	ProjectSection(ProjectDependencies) = postProject
		{FFCCD862-CE5F-4911-98AA-EC9FAAA8F763} = {FFCCD862-CE5F-4911-98AA-EC9FAAA8F763}
	EndProjectSection
EndProject
Project("{FAE04EC0-301F-11D3-BF4B-00C04F79EFBC}") = "IntegrationService", "IntegrationService\IntegrationService.csproj", "{523DAD80-D48F-45B2-8473-F871705F8B14}"
EndProject
Project("{FAE04EC0-301F-11D3-BF4B-00C04F79EFBC}") = "IntegrationServiceEEProvider", "IntegrationServiceEEProvider\IntegrationServiceEEProvider.csproj", "{B0FEEACA-E20F-4A12-BAEC-28094343AF34}"
EndProject
Global
	GlobalSection(SolutionConfigurationPlatforms) = preSolution
		Debug|Any CPU = Debug|Any CPU
		Release|Any CPU = Release|Any CPU
	EndGlobalSection
	GlobalSection(ProjectConfigurationPlatforms) = postSolution
		{2FF08AFB-3757-4C7C-8B8B-6BEA2C12A6CC}.Debug|Any CPU.ActiveCfg = Debug|Any CPU
		{2FF08AFB-3757-4C7C-8B8B-6BEA2C12A6CC}.Debug|Any CPU.Build.0 = Debug|Any CPU
		{2FF08AFB-3757-4C7C-8B8B-6BEA2C12A6CC}.Debug|Any CPU.Deploy.0 = Debug|Any CPU
		{2FF08AFB-3757-4C7C-8B8B-6BEA2C12A6CC}.Release|Any CPU.ActiveCfg = Release|Any CPU
		{2FF08AFB-3757-4C7C-8B8B-6BEA2C12A6CC}.Release|Any CPU.Build.0 = Release|Any CPU
		{2B2B01F5-799E-4B2E-BF85-90F11121FCC3}.Debug|Any CPU.ActiveCfg = Debug|Any CPU
		{2B2B01F5-799E-4B2E-BF85-90F11121FCC3}.Debug|Any CPU.Build.0 = Debug|Any CPU
		{2B2B01F5-799E-4B2E-BF85-90F11121FCC3}.Release|Any CPU.ActiveCfg = Release|Any CPU
		{2B2B01F5-799E-4B2E-BF85-90F11121FCC3}.Release|Any CPU.Build.0 = Release|Any CPU
		{FFCCD862-CE5F-4911-98AA-EC9FAAA8F763}.Debug|Any CPU.ActiveCfg = Debug|Any CPU
		{FFCCD862-CE5F-4911-98AA-EC9FAAA8F763}.Debug|Any CPU.Build.0 = Debug|Any CPU
		{FFCCD862-CE5F-4911-98AA-EC9FAAA8F763}.Release|Any CPU.ActiveCfg = Release|Any CPU
		{FFCCD862-CE5F-4911-98AA-EC9FAAA8F763}.Release|Any CPU.Build.0 = Release|Any CPU
		{5EB9510C-5BA8-4F0D-B999-E49C3626F03F}.Debug|Any CPU.ActiveCfg = Debug|Any CPU
		{5EB9510C-5BA8-4F0D-B999-E49C3626F03F}.Debug|Any CPU.Build.0 = Debug|Any CPU
		{5EB9510C-5BA8-4F0D-B999-E49C3626F03F}.Release|Any CPU.ActiveCfg = Release|Any CPU
		{5EB9510C-5BA8-4F0D-B999-E49C3626F03F}.Release|Any CPU.Build.0 = Release|Any CPU
		{523DAD80-D48F-45B2-8473-F871705F8B14}.Debug|Any CPU.ActiveCfg = Debug|Any CPU
		{523DAD80-D48F-45B2-8473-F871705F8B14}.Debug|Any CPU.Build.0 = Debug|Any CPU
		{523DAD80-D48F-45B2-8473-F871705F8B14}.Release|Any CPU.ActiveCfg = Release|Any CPU
		{523DAD80-D48F-45B2-8473-F871705F8B14}.Release|Any CPU.Build.0 = Release|Any CPU
		{B0FEEACA-E20F-4A12-BAEC-28094343AF34}.Debug|Any CPU.ActiveCfg = Debug|Any CPU
		{B0FEEACA-E20F-4A12-BAEC-28094343AF34}.Debug|Any CPU.Build.0 = Debug|Any CPU
		{B0FEEACA-E20F-4A12-BAEC-28094343AF34}.Release|Any CPU.ActiveCfg = Release|Any CPU
		{B0FEEACA-E20F-4A12-BAEC-28094343AF34}.Release|Any CPU.Build.0 = Release|Any CPU
	EndGlobalSection
	GlobalSection(SolutionProperties) = preSolution
		HideSolutionNode = FALSE
	EndGlobalSection
	GlobalSection(ExtensibilityGlobals) = postSolution
		SolutionGuid = {89F20F0F-61E8-495F-ADFB-64561100EFA6}
	EndGlobalSection
	GlobalSection(TestCaseManagementSettings) = postSolution
		CategoryFile = Core.UniqueUserServices.vsmdi
	EndGlobalSection
	GlobalSection(TestCaseManagementSettings) = postSolution
		CategoryFile = Core.UniqueUserServices.vsmdi
	EndGlobalSection
EndGlobal
