
Microsoft Visual Studio Solution File, Format Version 12.00
# Visual Studio 15
VisualStudioVersion = 15.0.27703.2047
MinimumVisualStudioVersion = 10.0.40219.1
Project("{FAE04EC0-301F-11D3-BF4B-00C04F79EFBC}") = "Reversion", "Reversion\Reversion.csproj", "{2D7FCA83-B5E1-4ECB-AD74-065877F638FE}"
EndProject
Project("{FAE04EC0-301F-11D3-BF4B-00C04F79EFBC}") = "Reversion.EEProvider", "Reversion.EEProvider\Reversion.EEProvider.csproj", "{0510626D-22BA-44C0-9DE3-A0652B38991A}"
EndProject
Global
	GlobalSection(SolutionConfigurationPlatforms) = preSolution
		Debug|Any CPU = Debug|Any CPU
		Release|Any CPU = Release|Any CPU
	EndGlobalSection
	GlobalSection(ProjectConfigurationPlatforms) = postSolution
		{2D7FCA83-B5E1-4ECB-AD74-065877F638FE}.Debug|Any CPU.ActiveCfg = Debug|Any CPU
		{2D7FCA83-B5E1-4ECB-AD74-065877F638FE}.Debug|Any CPU.Build.0 = Debug|Any CPU
		{2D7FCA83-B5E1-4ECB-AD74-065877F638FE}.Release|Any CPU.ActiveCfg = Release|Any CPU
		{2D7FCA83-B5E1-4ECB-AD74-065877F638FE}.Release|Any CPU.Build.0 = Release|Any CPU
		{0510626D-22BA-44C0-9DE3-A0652B38991A}.Debug|Any CPU.ActiveCfg = Debug|Any CPU
		{0510626D-22BA-44C0-9DE3-A0652B38991A}.Debug|Any CPU.Build.0 = Debug|Any CPU
		{0510626D-22BA-44C0-9DE3-A0652B38991A}.Release|Any CPU.ActiveCfg = Release|Any CPU
		{0510626D-22BA-44C0-9DE3-A0652B38991A}.Release|Any CPU.Build.0 = Release|Any CPU
	EndGlobalSection
	GlobalSection(SolutionProperties) = preSolution
		HideSolutionNode = FALSE
	EndGlobalSection
	GlobalSection(ExtensibilityGlobals) = postSolution
		SolutionGuid = {5B41EC10-F1F8-4F72-BF2C-464A47A0A417}
	EndGlobalSection
EndGlobal
