
Microsoft Visual Studio Solution File, Format Version 12.00
# Visual Studio 15
VisualStudioVersion = 15.0.27703.2042
MinimumVisualStudioVersion = 10.0.40219.1
Project("{FAE04EC0-301F-11D3-BF4B-00C04F79EFBC}") = "Modification", "Modification\Modification.csproj", "{5B78EF93-7660-487D-87A7-C7B9D63F223C}"
EndProject
Project("{FAE04EC0-301F-11D3-BF4B-00C04F79EFBC}") = "Modification.EEProvider", "Modification.EEProvider\Modification.EEProvider.csproj", "{FE4467F2-3D8F-422F-9855-4A5664422651}"
EndProject
Global
	GlobalSection(SolutionConfigurationPlatforms) = preSolution
		Debug|Any CPU = Debug|Any CPU
		Release|Any CPU = Release|Any CPU
	EndGlobalSection
	GlobalSection(ProjectConfigurationPlatforms) = postSolution
		{5B78EF93-7660-487D-87A7-C7B9D63F223C}.Debug|Any CPU.ActiveCfg = Debug|Any CPU
		{5B78EF93-7660-487D-87A7-C7B9D63F223C}.Debug|Any CPU.Build.0 = Debug|Any CPU
		{5B78EF93-7660-487D-87A7-C7B9D63F223C}.Release|Any CPU.ActiveCfg = Release|Any CPU
		{5B78EF93-7660-487D-87A7-C7B9D63F223C}.Release|Any CPU.Build.0 = Release|Any CPU
		{FE4467F2-3D8F-422F-9855-4A5664422651}.Debug|Any CPU.ActiveCfg = Debug|Any CPU
		{FE4467F2-3D8F-422F-9855-4A5664422651}.Debug|Any CPU.Build.0 = Debug|Any CPU
		{FE4467F2-3D8F-422F-9855-4A5664422651}.Release|Any CPU.ActiveCfg = Release|Any CPU
		{FE4467F2-3D8F-422F-9855-4A5664422651}.Release|Any CPU.Build.0 = Release|Any CPU
	EndGlobalSection
	GlobalSection(SolutionProperties) = preSolution
		HideSolutionNode = FALSE
	EndGlobalSection
	GlobalSection(ExtensibilityGlobals) = postSolution
		SolutionGuid = {F14B5A4A-16F1-45DA-97A7-FBC0D5887159}
	EndGlobalSection
EndGlobal
