
Microsoft Visual Studio Solution File, Format Version 12.00
# Visual Studio 15
VisualStudioVersion = 15.0.27703.2026
MinimumVisualStudioVersion = 10.0.40219.1
Project("{FAE04EC0-301F-11D3-BF4B-00C04F79EFBC}") = "Core.Vehicles.VehicleServices", "VehicleService\Core.Vehicles.VehicleServices.csproj", "{9B6B77F5-0402-49D1-9BA2-B95733DBADC8}"
EndProject
Project("{FAE04EC0-301F-11D3-BF4B-00C04F79EFBC}") = "Core.Vehicles.VehicleServices.EEProvider", "VehicleServiceEEProvider\Core.Vehicles.VehicleServices.EEProvider.csproj", "{87D9E5DB-54B4-4C5F-A469-E0BDAAE3EAC6}"
EndProject
Project("{FAE04EC0-301F-11D3-BF4B-00C04F79EFBC}") = "Core.VehicleParamService", "VehicleParamService\Core.VehicleParamService.csproj", "{5741F2E8-2DDF-4C8F-8D21-C2DC297FD84C}"
EndProject
Project("{FAE04EC0-301F-11D3-BF4B-00C04F79EFBC}") = "Core.VehicleParamService.EEProvider", "VehicleParamServiceEEProvider\Core.VehicleParamService.EEProvider.csproj", "{57064158-FEC4-4A8B-9FC4-56D7372063D1}"
EndProject
Project("{FAE04EC0-301F-11D3-BF4B-00C04F79EFBC}") = "IntegrationService", "IntegrationService\IntegrationService.csproj", "{FAA1DFAF-7667-42E4-A673-C0128D90C9E6}"
EndProject
Project("{FAE04EC0-301F-11D3-BF4B-00C04F79EFBC}") = "IntegrationServiceEEProvider", "IntegrationServiceEEProvider\IntegrationServiceEEProvider.csproj", "{1C94DDF9-0E51-4862-8C83-DDB8AD6C1C55}"
EndProject
Global
	GlobalSection(SolutionConfigurationPlatforms) = preSolution
		Debug|Any CPU = Debug|Any CPU
		Release|Any CPU = Release|Any CPU
	EndGlobalSection
	GlobalSection(ProjectConfigurationPlatforms) = postSolution
		{9B6B77F5-0402-49D1-9BA2-B95733DBADC8}.Debug|Any CPU.ActiveCfg = Debug|Any CPU
		{9B6B77F5-0402-49D1-9BA2-B95733DBADC8}.Debug|Any CPU.Build.0 = Debug|Any CPU
		{9B6B77F5-0402-49D1-9BA2-B95733DBADC8}.Release|Any CPU.ActiveCfg = Release|Any CPU
		{9B6B77F5-0402-49D1-9BA2-B95733DBADC8}.Release|Any CPU.Build.0 = Release|Any CPU
		{87D9E5DB-54B4-4C5F-A469-E0BDAAE3EAC6}.Debug|Any CPU.ActiveCfg = Debug|Any CPU
		{87D9E5DB-54B4-4C5F-A469-E0BDAAE3EAC6}.Debug|Any CPU.Build.0 = Debug|Any CPU
		{87D9E5DB-54B4-4C5F-A469-E0BDAAE3EAC6}.Release|Any CPU.ActiveCfg = Release|Any CPU
		{87D9E5DB-54B4-4C5F-A469-E0BDAAE3EAC6}.Release|Any CPU.Build.0 = Release|Any CPU
		{5741F2E8-2DDF-4C8F-8D21-C2DC297FD84C}.Debug|Any CPU.ActiveCfg = Debug|Any CPU
		{5741F2E8-2DDF-4C8F-8D21-C2DC297FD84C}.Debug|Any CPU.Build.0 = Debug|Any CPU
		{5741F2E8-2DDF-4C8F-8D21-C2DC297FD84C}.Release|Any CPU.ActiveCfg = Release|Any CPU
		{5741F2E8-2DDF-4C8F-8D21-C2DC297FD84C}.Release|Any CPU.Build.0 = Release|Any CPU
		{57064158-FEC4-4A8B-9FC4-56D7372063D1}.Debug|Any CPU.ActiveCfg = Debug|Any CPU
		{57064158-FEC4-4A8B-9FC4-56D7372063D1}.Debug|Any CPU.Build.0 = Debug|Any CPU
		{57064158-FEC4-4A8B-9FC4-56D7372063D1}.Release|Any CPU.ActiveCfg = Release|Any CPU
		{57064158-FEC4-4A8B-9FC4-56D7372063D1}.Release|Any CPU.Build.0 = Release|Any CPU
		{FAA1DFAF-7667-42E4-A673-C0128D90C9E6}.Debug|Any CPU.ActiveCfg = Debug|Any CPU
		{FAA1DFAF-7667-42E4-A673-C0128D90C9E6}.Debug|Any CPU.Build.0 = Debug|Any CPU
		{FAA1DFAF-7667-42E4-A673-C0128D90C9E6}.Release|Any CPU.ActiveCfg = Release|Any CPU
		{FAA1DFAF-7667-42E4-A673-C0128D90C9E6}.Release|Any CPU.Build.0 = Release|Any CPU
		{1C94DDF9-0E51-4862-8C83-DDB8AD6C1C55}.Debug|Any CPU.ActiveCfg = Debug|Any CPU
		{1C94DDF9-0E51-4862-8C83-DDB8AD6C1C55}.Debug|Any CPU.Build.0 = Debug|Any CPU
		{1C94DDF9-0E51-4862-8C83-DDB8AD6C1C55}.Release|Any CPU.ActiveCfg = Release|Any CPU
		{1C94DDF9-0E51-4862-8C83-DDB8AD6C1C55}.Release|Any CPU.Build.0 = Release|Any CPU
	EndGlobalSection
	GlobalSection(SolutionProperties) = preSolution
		HideSolutionNode = FALSE
	EndGlobalSection
	GlobalSection(ExtensibilityGlobals) = postSolution
		SolutionGuid = {BE43A572-C90D-4772-95F7-D52F25573B28}
	EndGlobalSection
EndGlobal
