
Microsoft Visual Studio Solution File, Format Version 12.00
# Visual Studio 15
VisualStudioVersion = 15.0.26430.12
MinimumVisualStudioVersion = 10.0.40219.1
Project("{FAE04EC0-301F-11D3-BF4B-00C04F79EFBC}") = "Company.Vehicle.CollectiveTPLModificationService", "Company.Vehicle.CollectiveTPLModificationService\Company.Vehicle.CollectiveTPLModificationService.csproj", "{22F73BBC-8528-4251-90DB-21253789A6FE}"
EndProject
Project("{FAE04EC0-301F-11D3-BF4B-00C04F79EFBC}") = "Company.Vehicle.CollectiveTPLModificationServiceEEProvider", "Company.Vehicle.CollectiveTPLModificationServiceEEProvider\Company.Vehicle.CollectiveTPLModificationServiceEEProvider.csproj", "{0A3FEDC1-5142-409D-B429-2CB42209952D}"
EndProject
Global
	GlobalSection(SolutionConfigurationPlatforms) = preSolution
		Debug|Any CPU = Debug|Any CPU
		Release|Any CPU = Release|Any CPU
	EndGlobalSection
	GlobalSection(ProjectConfigurationPlatforms) = postSolution
		{22F73BBC-8528-4251-90DB-21253789A6FE}.Debug|Any CPU.ActiveCfg = Debug|Any CPU
		{22F73BBC-8528-4251-90DB-21253789A6FE}.Debug|Any CPU.Build.0 = Debug|Any CPU
		{22F73BBC-8528-4251-90DB-21253789A6FE}.Release|Any CPU.ActiveCfg = Release|Any CPU
		{22F73BBC-8528-4251-90DB-21253789A6FE}.Release|Any CPU.Build.0 = Release|Any CPU
		{0A3FEDC1-5142-409D-B429-2CB42209952D}.Debug|Any CPU.ActiveCfg = Debug|Any CPU
		{0A3FEDC1-5142-409D-B429-2CB42209952D}.Debug|Any CPU.Build.0 = Debug|Any CPU
		{0A3FEDC1-5142-409D-B429-2CB42209952D}.Release|Any CPU.ActiveCfg = Release|Any CPU
		{0A3FEDC1-5142-409D-B429-2CB42209952D}.Release|Any CPU.Build.0 = Release|Any CPU
	EndGlobalSection
	GlobalSection(SolutionProperties) = preSolution
		HideSolutionNode = FALSE
	EndGlobalSection
	GlobalSection(ExtensibilityGlobals) = postSolution
		SolutionGuid = {2ED6CBCE-AF87-44C4-8ECE-7B56067877BE}
	EndGlobalSection
	GlobalSection(TeamFoundationVersionControl) = preSolution
		SccNumberOfProjects = 3
		SccEnterpriseProvider = {4CA58AB2-18FA-4F8D-95D4-32DDF27D184C}
		SccTeamFoundationServer = http://tfs.sistran.com:8080/tfs/colombia
		SccProjectUniqueName0 = Company.Vehicle.CollectiveTPLModificationService\\Company.Vehicle.CollectiveTPLModificationService.csproj
		SccProjectName0 = Company.Vehicle.CollectiveTPLModificationService
		SccLocalPath0 = Company.Vehicle.CollectiveTPLModificationService
		SccProjectUniqueName1 = Company.Vehicle.CollectiveTPLModificationServiceEEProvider\\Company.Vehicle.CollectiveTPLModificationServiceEEProvider.csproj
		SccProjectName1 = Company.Vehicle.CollectiveTPLModificationServiceEEProvider
		SccLocalPath1 = Company.Vehicle.CollectiveTPLModificationServiceEEProvider
		SccLocalPath2 = .
	EndGlobalSection
EndGlobal
