
Microsoft Visual Studio Solution File, Format Version 12.00
# Visual Studio 15
VisualStudioVersion = 15.0.28307.852
MinimumVisualStudioVersion = 10.0.40219.1

Project("{FAE04EC0-301F-11D3-BF4B-00C04F79EFBC}") = "ApplicationService", "ApplicationService\ApplicationService.csproj", "{A9F11E7F-0A96-4459-AFE7-70A7C60BE6C4}"
EndProject
Project("{FAE04EC0-301F-11D3-BF4B-00C04F79EFBC}") = "IntegrationService", "IntegrationService\IntegrationService.csproj", "{82D32156-E880-456B-B3FC-453A58253E1D}"
EndProject
Project("{FAE04EC0-301F-11D3-BF4B-00C04F79EFBC}") = "ApplicationServiceEEProvider", "ApplicationServiceEEProvider\ApplicationServiceEEProvider.csproj", "{EA4FB27C-D95A-4EF2-BC93-DA468E7F4AF3}"
	ProjectSection(ProjectDependencies) = postProject
		{A9F11E7F-0A96-4459-AFE7-70A7C60BE6C4} = {A9F11E7F-0A96-4459-AFE7-70A7C60BE6C4}
	EndProjectSection
EndProject
Project("{FAE04EC0-301F-11D3-BF4B-00C04F79EFBC}") = "UnderwritingReinsuranceWorker.Entities", "UnderwritingReinsuranceWorker.Entities\UnderwritingReinsuranceWorker.Entities.csproj", "{BE364560-AD0F-481D-87DB-DA4CF96376ED}"
EndProject
Project("{FAE04EC0-301F-11D3-BF4B-00C04F79EFBC}") = "UnderwritingReinsuranceWorker.Resources", "UnderwritingReinsuranceWorker.Resources\UnderwritingReinsuranceWorker.Resources.csproj", "{008AFBE1-D315-48BF-9B82-0B075CA4EF0E}"
EndProject

Global
	GlobalSection(SolutionConfigurationPlatforms) = preSolution
		Debug|Any CPU = Debug|Any CPU
		Release|Any CPU = Release|Any CPU
	EndGlobalSection
	GlobalSection(ProjectConfigurationPlatforms) = postSolution
		{EA4FB27C-D95A-4EF2-BC93-DA468E7F4AF3}.Debug|Any CPU.ActiveCfg = Debug|Any CPU
		{EA4FB27C-D95A-4EF2-BC93-DA468E7F4AF3}.Debug|Any CPU.Build.0 = Debug|Any CPU
		{EA4FB27C-D95A-4EF2-BC93-DA468E7F4AF3}.Release|Any CPU.ActiveCfg = Release|Any CPU
		{EA4FB27C-D95A-4EF2-BC93-DA468E7F4AF3}.Release|Any CPU.Build.0 = Release|Any CPU
		{82D32156-E880-456B-B3FC-453A58253E1D}.Debug|Any CPU.ActiveCfg = Debug|Any CPU
		{82D32156-E880-456B-B3FC-453A58253E1D}.Debug|Any CPU.Build.0 = Debug|Any CPU
		{82D32156-E880-456B-B3FC-453A58253E1D}.Release|Any CPU.ActiveCfg = Release|Any CPU
		{82D32156-E880-456B-B3FC-453A58253E1D}.Release|Any CPU.Build.0 = Release|Any CPU
		{008AFBE1-D315-48BF-9B82-0B075CA4EF0E}.Debug|Any CPU.ActiveCfg = Debug|Any CPU
		{008AFBE1-D315-48BF-9B82-0B075CA4EF0E}.Debug|Any CPU.Build.0 = Debug|Any CPU
		{008AFBE1-D315-48BF-9B82-0B075CA4EF0E}.Release|Any CPU.ActiveCfg = Release|Any CPU
		{008AFBE1-D315-48BF-9B82-0B075CA4EF0E}.Release|Any CPU.Build.0 = Release|Any CPU
		{BE364560-AD0F-481D-87DB-DA4CF96376ED}.Debug|Any CPU.ActiveCfg = Debug|Any CPU
		{BE364560-AD0F-481D-87DB-DA4CF96376ED}.Debug|Any CPU.Build.0 = Debug|Any CPU
		{BE364560-AD0F-481D-87DB-DA4CF96376ED}.Release|Any CPU.ActiveCfg = Release|Any CPU
		{BE364560-AD0F-481D-87DB-DA4CF96376ED}.Release|Any CPU.Build.0 = Release|Any CPU
		{A9F11E7F-0A96-4459-AFE7-70A7C60BE6C4}.Debug|Any CPU.ActiveCfg = Debug|Any CPU
		{A9F11E7F-0A96-4459-AFE7-70A7C60BE6C4}.Debug|Any CPU.Build.0 = Debug|Any CPU
		{A9F11E7F-0A96-4459-AFE7-70A7C60BE6C4}.Release|Any CPU.ActiveCfg = Release|Any CPU
		{A9F11E7F-0A96-4459-AFE7-70A7C60BE6C4}.Release|Any CPU.Build.0 = Release|Any CPU
	EndGlobalSection
	GlobalSection(SolutionProperties) = preSolution
		HideSolutionNode = FALSE
	EndGlobalSection
	GlobalSection(ExtensibilityGlobals) = postSolution
		SolutionGuid = {07E56DFE-4A45-4909-A375-246FE90B7376}
	EndGlobalSection
EndGlobal
