
Microsoft Visual Studio Solution File, Format Version 12.00
# Visual Studio 15
VisualStudioVersion = 15.0.27703.2042
MinimumVisualStudioVersion = 10.0.40219.1
Project("{FAE04EC0-301F-11D3-BF4B-00C04F79EFBC}") = "Extension", "Extension\Extension.csproj", "{FCC04694-992D-41F2-80F4-C004A908E75A}"
EndProject
Project("{FAE04EC0-301F-11D3-BF4B-00C04F79EFBC}") = "Extension.EEProvider", "Extension.EEProvider\Extension.EEProvider.csproj", "{3FE783FF-AFC9-4D82-92EF-43379F3E9FDA}"
EndProject
Global
	GlobalSection(SolutionConfigurationPlatforms) = preSolution
		Debug|Any CPU = Debug|Any CPU
		Release|Any CPU = Release|Any CPU
	EndGlobalSection
	GlobalSection(ProjectConfigurationPlatforms) = postSolution
		{FCC04694-992D-41F2-80F4-C004A908E75A}.Debug|Any CPU.ActiveCfg = Debug|Any CPU
		{FCC04694-992D-41F2-80F4-C004A908E75A}.Debug|Any CPU.Build.0 = Debug|Any CPU
		{FCC04694-992D-41F2-80F4-C004A908E75A}.Release|Any CPU.ActiveCfg = Release|Any CPU
		{FCC04694-992D-41F2-80F4-C004A908E75A}.Release|Any CPU.Build.0 = Release|Any CPU
		{3FE783FF-AFC9-4D82-92EF-43379F3E9FDA}.Debug|Any CPU.ActiveCfg = Debug|Any CPU
		{3FE783FF-AFC9-4D82-92EF-43379F3E9FDA}.Debug|Any CPU.Build.0 = Debug|Any CPU
		{3FE783FF-AFC9-4D82-92EF-43379F3E9FDA}.Release|Any CPU.ActiveCfg = Release|Any CPU
		{3FE783FF-AFC9-4D82-92EF-43379F3E9FDA}.Release|Any CPU.Build.0 = Release|Any CPU
	EndGlobalSection
	GlobalSection(SolutionProperties) = preSolution
		HideSolutionNode = FALSE
	EndGlobalSection
	GlobalSection(ExtensibilityGlobals) = postSolution
		SolutionGuid = {9C95A661-7BDD-4BF4-AFD1-34BAA4AB7377}
	EndGlobalSection
EndGlobal
