
Microsoft Visual Studio Solution File, Format Version 12.00
# Visual Studio 15
VisualStudioVersion = 15.0.26430.12
MinimumVisualStudioVersion = 10.0.40219.1
Project("{FAE04EC0-301F-11D3-BF4B-00C04F79EFBC}") = "Core.Sureties.JudicialSuretyServices", "JudicialSuretyServices\Core.Sureties.JudicialSuretyServices.csproj", "{235BD2AF-6689-4EFE-8F71-5B734EC69B02}"
EndProject
Project("{FAE04EC0-301F-11D3-BF4B-00C04F79EFBC}") = "Sistran.Core.Sureties.JudicialSuretyServiceEEProvider", "JudicialSuretyServiceEEProvider\Sistran.Core.Sureties.JudicialSuretyServiceEEProvider.csproj", "{99AD1000-6993-4926-A75E-1E1E6D6D2FC5}"
EndProject
Global
	GlobalSection(SolutionConfigurationPlatforms) = preSolution
		Debug|Any CPU = Debug|Any CPU
		Release|Any CPU = Release|Any CPU
	EndGlobalSection
	GlobalSection(ProjectConfigurationPlatforms) = postSolution
		{235BD2AF-6689-4EFE-8F71-5B734EC69B02}.Debug|Any CPU.ActiveCfg = Debug|Any CPU
		{235BD2AF-6689-4EFE-8F71-5B734EC69B02}.Debug|Any CPU.Build.0 = Debug|Any CPU
		{235BD2AF-6689-4EFE-8F71-5B734EC69B02}.Release|Any CPU.ActiveCfg = Release|Any CPU
		{235BD2AF-6689-4EFE-8F71-5B734EC69B02}.Release|Any CPU.Build.0 = Release|Any CPU
		{99AD1000-6993-4926-A75E-1E1E6D6D2FC5}.Debug|Any CPU.ActiveCfg = Debug|Any CPU
		{99AD1000-6993-4926-A75E-1E1E6D6D2FC5}.Debug|Any CPU.Build.0 = Debug|Any CPU
		{99AD1000-6993-4926-A75E-1E1E6D6D2FC5}.Release|Any CPU.ActiveCfg = Release|Any CPU
		{99AD1000-6993-4926-A75E-1E1E6D6D2FC5}.Release|Any CPU.Build.0 = Release|Any CPU
	EndGlobalSection
	GlobalSection(SolutionProperties) = preSolution
		HideSolutionNode = FALSE
	EndGlobalSection
	GlobalSection(TeamFoundationVersionControl) = preSolution
		SccNumberOfProjects = 3
		SccEnterpriseProvider = {4CA58AB2-18FA-4F8D-95D4-32DDF27D184C}
		SccTeamFoundationServer = http://tfs.sistran.com:8080/tfs/colombia
		SccLocalPath0 = .
		SccProjectUniqueName1 = JudicialSuretyServices\\Core.Sureties.JudicialSuretyServices.csproj
		SccProjectName1 = JudicialSuretyServices
		SccLocalPath1 = JudicialSuretyServices
		SccProjectUniqueName2 = JudicialSuretyServiceEEProvider\\Sistran.Core.Sureties.JudicialSuretyServiceEEProvider.csproj
		SccProjectName2 = JudicialSuretyServiceEEProvider
		SccLocalPath2 = JudicialSuretyServiceEEProvider
	EndGlobalSection
EndGlobal
