
Microsoft Visual Studio Solution File, Format Version 12.00
# Visual Studio 15
VisualStudioVersion = 15.0.27130.2027
MinimumVisualStudioVersion = 10.0.40219.1
Project("{FAE04EC0-301F-11D3-BF4B-00C04F79EFBC}") = "Company.UnderwritingServices", "UnderwritingService\Company.UnderwritingServices.csproj", "{2FF08AFB-3757-4C7C-8B8B-6BEA2C12A6CC}"
EndProject
Project("{FAE04EC0-301F-11D3-BF4B-00C04F79EFBC}") = "Company.UnderwritingServices.EEProvider", "UnderwritingServiceEEProvider\Company.UnderwritingServices.EEProvider.csproj", "{832F2278-D6F0-4671-8B1E-1191A8A3EA73}"
EndProject
Project("{FAE04EC0-301F-11D3-BF4B-00C04F79EFBC}") = "ApplicationService", "ApplicationService\ApplicationService.csproj", "{CB50451E-FC2C-49E6-9F8B-A4AE443DE61D}"
EndProject
Project("{FAE04EC0-301F-11D3-BF4B-00C04F79EFBC}") = "ApplicationServiceProvider", "ApplicationServiceProvider\ApplicationServiceProvider.csproj", "{1D03B060-7DC5-496A-9E1D-AC10FDB6F4EE}"
EndProject
Project("{FAE04EC0-301F-11D3-BF4B-00C04F79EFBC}") = "UnderwritingParamApplicationService", "UnderwritingParamApplicationService\UnderwritingParamApplicationService.csproj", "{55DC1589-0EAD-483B-A110-47E0F3399F19}"
EndProject
Project("{FAE04EC0-301F-11D3-BF4B-00C04F79EFBC}") = "UnderwritingParamApplicationServiceProvider", "UnderwritingParamApplicationServiceProvider\UnderwritingParamApplicationServiceProvider.csproj", "{A12F459D-CBD3-4FB9-834F-C190B76AED38}"
EndProject
Project("{FAE04EC0-301F-11D3-BF4B-00C04F79EFBC}") = "UnderwritingParamBusinessService", "UnderwritingParamBusinessService\UnderwritingParamBusinessService.csproj", "{A30FB061-9FDC-430B-B179-BC1875B3E611}"
EndProject
Project("{FAE04EC0-301F-11D3-BF4B-00C04F79EFBC}") = "UnderwritingParamBusinessServiceProvider", "UnderwritingParamBusinessServiceProvider\UnderwritingParamBusinessServiceProvider.csproj", "{82092B67-D38F-46DC-8590-28C77BB2B917}"
EndProject
Project("{FAE04EC0-301F-11D3-BF4B-00C04F79EFBC}") = "Company.UnderwritingUtilities", "Company.UnderwritingUtilities\Company.UnderwritingUtilities.csproj", "{CDFC96E5-83CA-4815-997B-A93ECAB5AE99}"
EndProject
Global
	GlobalSection(SolutionConfigurationPlatforms) = preSolution
		Debug|Any CPU = Debug|Any CPU
		Release|Any CPU = Release|Any CPU
	EndGlobalSection
	GlobalSection(ProjectConfigurationPlatforms) = postSolution
		{2FF08AFB-3757-4C7C-8B8B-6BEA2C12A6CC}.Debug|Any CPU.ActiveCfg = Debug|Any CPU
		{2FF08AFB-3757-4C7C-8B8B-6BEA2C12A6CC}.Debug|Any CPU.Build.0 = Debug|Any CPU
		{2FF08AFB-3757-4C7C-8B8B-6BEA2C12A6CC}.Release|Any CPU.ActiveCfg = Release|Any CPU
		{2FF08AFB-3757-4C7C-8B8B-6BEA2C12A6CC}.Release|Any CPU.Build.0 = Release|Any CPU
		{832F2278-D6F0-4671-8B1E-1191A8A3EA73}.Debug|Any CPU.ActiveCfg = Debug|Any CPU
		{832F2278-D6F0-4671-8B1E-1191A8A3EA73}.Debug|Any CPU.Build.0 = Debug|Any CPU
		{832F2278-D6F0-4671-8B1E-1191A8A3EA73}.Release|Any CPU.ActiveCfg = Release|Any CPU
		{832F2278-D6F0-4671-8B1E-1191A8A3EA73}.Release|Any CPU.Build.0 = Release|Any CPU
		{CB50451E-FC2C-49E6-9F8B-A4AE443DE61D}.Debug|Any CPU.ActiveCfg = Debug|Any CPU
		{CB50451E-FC2C-49E6-9F8B-A4AE443DE61D}.Debug|Any CPU.Build.0 = Debug|Any CPU
		{CB50451E-FC2C-49E6-9F8B-A4AE443DE61D}.Release|Any CPU.ActiveCfg = Release|Any CPU
		{CB50451E-FC2C-49E6-9F8B-A4AE443DE61D}.Release|Any CPU.Build.0 = Release|Any CPU
		{1D03B060-7DC5-496A-9E1D-AC10FDB6F4EE}.Debug|Any CPU.ActiveCfg = Debug|Any CPU
		{1D03B060-7DC5-496A-9E1D-AC10FDB6F4EE}.Debug|Any CPU.Build.0 = Debug|Any CPU
		{1D03B060-7DC5-496A-9E1D-AC10FDB6F4EE}.Release|Any CPU.ActiveCfg = Release|Any CPU
		{1D03B060-7DC5-496A-9E1D-AC10FDB6F4EE}.Release|Any CPU.Build.0 = Release|Any CPU
		{55DC1589-0EAD-483B-A110-47E0F3399F19}.Debug|Any CPU.ActiveCfg = Debug|Any CPU
		{55DC1589-0EAD-483B-A110-47E0F3399F19}.Debug|Any CPU.Build.0 = Debug|Any CPU
		{55DC1589-0EAD-483B-A110-47E0F3399F19}.Release|Any CPU.ActiveCfg = Release|Any CPU
		{55DC1589-0EAD-483B-A110-47E0F3399F19}.Release|Any CPU.Build.0 = Release|Any CPU
		{A12F459D-CBD3-4FB9-834F-C190B76AED38}.Debug|Any CPU.ActiveCfg = Debug|Any CPU
		{A12F459D-CBD3-4FB9-834F-C190B76AED38}.Debug|Any CPU.Build.0 = Debug|Any CPU
		{A12F459D-CBD3-4FB9-834F-C190B76AED38}.Release|Any CPU.ActiveCfg = Release|Any CPU
		{A12F459D-CBD3-4FB9-834F-C190B76AED38}.Release|Any CPU.Build.0 = Release|Any CPU
		{A30FB061-9FDC-430B-B179-BC1875B3E611}.Debug|Any CPU.ActiveCfg = Debug|Any CPU
		{A30FB061-9FDC-430B-B179-BC1875B3E611}.Debug|Any CPU.Build.0 = Debug|Any CPU
		{A30FB061-9FDC-430B-B179-BC1875B3E611}.Release|Any CPU.ActiveCfg = Release|Any CPU
		{A30FB061-9FDC-430B-B179-BC1875B3E611}.Release|Any CPU.Build.0 = Release|Any CPU
		{82092B67-D38F-46DC-8590-28C77BB2B917}.Debug|Any CPU.ActiveCfg = Debug|Any CPU
		{82092B67-D38F-46DC-8590-28C77BB2B917}.Debug|Any CPU.Build.0 = Debug|Any CPU
		{82092B67-D38F-46DC-8590-28C77BB2B917}.Release|Any CPU.ActiveCfg = Release|Any CPU
		{82092B67-D38F-46DC-8590-28C77BB2B917}.Release|Any CPU.Build.0 = Release|Any CPU
		{CDFC96E5-83CA-4815-997B-A93ECAB5AE99}.Debug|Any CPU.ActiveCfg = Debug|Any CPU
		{CDFC96E5-83CA-4815-997B-A93ECAB5AE99}.Debug|Any CPU.Build.0 = Debug|Any CPU
		{CDFC96E5-83CA-4815-997B-A93ECAB5AE99}.Release|Any CPU.ActiveCfg = Release|Any CPU
		{CDFC96E5-83CA-4815-997B-A93ECAB5AE99}.Release|Any CPU.Build.0 = Release|Any CPU
	EndGlobalSection
	GlobalSection(SolutionProperties) = preSolution
		HideSolutionNode = FALSE
	EndGlobalSection
	GlobalSection(ExtensibilityGlobals) = postSolution
		SolutionGuid = {0D076E65-243E-4221-8CB3-7E13E768B906}
	EndGlobalSection
	GlobalSection(TestCaseManagementSettings) = postSolution
		CategoryFile = UniquePerson.vsmdi
	EndGlobalSection
EndGlobal
