
Microsoft Visual Studio Solution File, Format Version 12.00
# Visual Studio 15
VisualStudioVersion = 15.0.27703.2035
MinimumVisualStudioVersion = 10.0.40219.1
Project("{FAE04EC0-301F-11D3-BF4B-00C04F79EFBC}") = "Company.PrintingServices", "PrintingService\Company.PrintingServices.csproj", "{51207D74-3878-4A4B-9584-B2E0846D8E85}"
EndProject
Project("{FAE04EC0-301F-11D3-BF4B-00C04F79EFBC}") = "Company.PrintingServicesEEProvider", "PrintingServiceEEProvider\Company.PrintingServicesEEProvider.csproj", "{8A5B1BD3-5257-4BED-841C-4B96B2DE70E6}"
	ProjectSection(ProjectDependencies) = postProject
		{59BC224E-64C2-4FF2-BC60-324C9EC0077E} = {59BC224E-64C2-4FF2-BC60-324C9EC0077E}
	EndProjectSection
EndProject
Project("{FAE04EC0-301F-11D3-BF4B-00C04F79EFBC}") = "Company.PrintingServiceJetForm", "PrintingServiceJetForm\Company.PrintingServiceJetForm.csproj", "{59BC224E-64C2-4FF2-BC60-324C9EC0077E}"
	ProjectSection(ProjectDependencies) = postProject
		{51207D74-3878-4A4B-9584-B2E0846D8E85} = {51207D74-3878-4A4B-9584-B2E0846D8E85}
	EndProjectSection
EndProject
Project("{FAE04EC0-301F-11D3-BF4B-00C04F79EFBC}") = "Company.PrintingServiceNASE", "PrintingServiceNASE\Company.PrintingServiceNASE.csproj", "{28FBC1DB-4DAB-4ECA-8445-6B730509DC54}"
EndProject
Global
	GlobalSection(SolutionConfigurationPlatforms) = preSolution
		Debug|Any CPU = Debug|Any CPU
		Debug|ARM = Debug|ARM
		Debug|x64 = Debug|x64
		Debug|x86 = Debug|x86
		Release|Any CPU = Release|Any CPU
		Release|ARM = Release|ARM
		Release|x64 = Release|x64
		Release|x86 = Release|x86
	EndGlobalSection
	GlobalSection(ProjectConfigurationPlatforms) = postSolution
		{51207D74-3878-4A4B-9584-B2E0846D8E85}.Debug|Any CPU.ActiveCfg = Debug|Any CPU
		{51207D74-3878-4A4B-9584-B2E0846D8E85}.Debug|Any CPU.Build.0 = Debug|Any CPU
		{51207D74-3878-4A4B-9584-B2E0846D8E85}.Debug|ARM.ActiveCfg = Debug|Any CPU
		{51207D74-3878-4A4B-9584-B2E0846D8E85}.Debug|ARM.Build.0 = Debug|Any CPU
		{51207D74-3878-4A4B-9584-B2E0846D8E85}.Debug|x64.ActiveCfg = Debug|Any CPU
		{51207D74-3878-4A4B-9584-B2E0846D8E85}.Debug|x64.Build.0 = Debug|Any CPU
		{51207D74-3878-4A4B-9584-B2E0846D8E85}.Debug|x86.ActiveCfg = Debug|Any CPU
		{51207D74-3878-4A4B-9584-B2E0846D8E85}.Debug|x86.Build.0 = Debug|Any CPU
		{51207D74-3878-4A4B-9584-B2E0846D8E85}.Release|Any CPU.ActiveCfg = Release|Any CPU
		{51207D74-3878-4A4B-9584-B2E0846D8E85}.Release|Any CPU.Build.0 = Release|Any CPU
		{51207D74-3878-4A4B-9584-B2E0846D8E85}.Release|ARM.ActiveCfg = Release|Any CPU
		{51207D74-3878-4A4B-9584-B2E0846D8E85}.Release|ARM.Build.0 = Release|Any CPU
		{51207D74-3878-4A4B-9584-B2E0846D8E85}.Release|x64.ActiveCfg = Release|Any CPU
		{51207D74-3878-4A4B-9584-B2E0846D8E85}.Release|x64.Build.0 = Release|Any CPU
		{51207D74-3878-4A4B-9584-B2E0846D8E85}.Release|x86.ActiveCfg = Release|Any CPU
		{51207D74-3878-4A4B-9584-B2E0846D8E85}.Release|x86.Build.0 = Release|Any CPU
		{8A5B1BD3-5257-4BED-841C-4B96B2DE70E6}.Debug|Any CPU.ActiveCfg = Debug|Any CPU
		{8A5B1BD3-5257-4BED-841C-4B96B2DE70E6}.Debug|Any CPU.Build.0 = Debug|Any CPU
		{8A5B1BD3-5257-4BED-841C-4B96B2DE70E6}.Debug|ARM.ActiveCfg = Debug|Any CPU
		{8A5B1BD3-5257-4BED-841C-4B96B2DE70E6}.Debug|ARM.Build.0 = Debug|Any CPU
		{8A5B1BD3-5257-4BED-841C-4B96B2DE70E6}.Debug|x64.ActiveCfg = Debug|Any CPU
		{8A5B1BD3-5257-4BED-841C-4B96B2DE70E6}.Debug|x64.Build.0 = Debug|Any CPU
		{8A5B1BD3-5257-4BED-841C-4B96B2DE70E6}.Debug|x86.ActiveCfg = Debug|Any CPU
		{8A5B1BD3-5257-4BED-841C-4B96B2DE70E6}.Debug|x86.Build.0 = Debug|Any CPU
		{8A5B1BD3-5257-4BED-841C-4B96B2DE70E6}.Release|Any CPU.ActiveCfg = Release|Any CPU
		{8A5B1BD3-5257-4BED-841C-4B96B2DE70E6}.Release|Any CPU.Build.0 = Release|Any CPU
		{8A5B1BD3-5257-4BED-841C-4B96B2DE70E6}.Release|ARM.ActiveCfg = Release|Any CPU
		{8A5B1BD3-5257-4BED-841C-4B96B2DE70E6}.Release|ARM.Build.0 = Release|Any CPU
		{8A5B1BD3-5257-4BED-841C-4B96B2DE70E6}.Release|x64.ActiveCfg = Release|Any CPU
		{8A5B1BD3-5257-4BED-841C-4B96B2DE70E6}.Release|x64.Build.0 = Release|Any CPU
		{8A5B1BD3-5257-4BED-841C-4B96B2DE70E6}.Release|x86.ActiveCfg = Release|Any CPU
		{8A5B1BD3-5257-4BED-841C-4B96B2DE70E6}.Release|x86.Build.0 = Release|Any CPU
		{59BC224E-64C2-4FF2-BC60-324C9EC0077E}.Debug|Any CPU.ActiveCfg = Debug|Any CPU
		{59BC224E-64C2-4FF2-BC60-324C9EC0077E}.Debug|Any CPU.Build.0 = Debug|Any CPU
		{59BC224E-64C2-4FF2-BC60-324C9EC0077E}.Debug|ARM.ActiveCfg = Debug|Any CPU
		{59BC224E-64C2-4FF2-BC60-324C9EC0077E}.Debug|ARM.Build.0 = Debug|Any CPU
		{59BC224E-64C2-4FF2-BC60-324C9EC0077E}.Debug|x64.ActiveCfg = Debug|Any CPU
		{59BC224E-64C2-4FF2-BC60-324C9EC0077E}.Debug|x64.Build.0 = Debug|Any CPU
		{59BC224E-64C2-4FF2-BC60-324C9EC0077E}.Debug|x86.ActiveCfg = Debug|Any CPU
		{59BC224E-64C2-4FF2-BC60-324C9EC0077E}.Debug|x86.Build.0 = Debug|Any CPU
		{59BC224E-64C2-4FF2-BC60-324C9EC0077E}.Release|Any CPU.ActiveCfg = Release|Any CPU
		{59BC224E-64C2-4FF2-BC60-324C9EC0077E}.Release|Any CPU.Build.0 = Release|Any CPU
		{59BC224E-64C2-4FF2-BC60-324C9EC0077E}.Release|ARM.ActiveCfg = Release|Any CPU
		{59BC224E-64C2-4FF2-BC60-324C9EC0077E}.Release|ARM.Build.0 = Release|Any CPU
		{59BC224E-64C2-4FF2-BC60-324C9EC0077E}.Release|x64.ActiveCfg = Release|Any CPU
		{59BC224E-64C2-4FF2-BC60-324C9EC0077E}.Release|x64.Build.0 = Release|Any CPU
		{59BC224E-64C2-4FF2-BC60-324C9EC0077E}.Release|x86.ActiveCfg = Release|Any CPU
		{59BC224E-64C2-4FF2-BC60-324C9EC0077E}.Release|x86.Build.0 = Release|Any CPU
		{28FBC1DB-4DAB-4ECA-8445-6B730509DC54}.Debug|Any CPU.ActiveCfg = Debug|Any CPU
		{28FBC1DB-4DAB-4ECA-8445-6B730509DC54}.Debug|Any CPU.Build.0 = Debug|Any CPU
		{28FBC1DB-4DAB-4ECA-8445-6B730509DC54}.Debug|ARM.ActiveCfg = Debug|Any CPU
		{28FBC1DB-4DAB-4ECA-8445-6B730509DC54}.Debug|ARM.Build.0 = Debug|Any CPU
		{28FBC1DB-4DAB-4ECA-8445-6B730509DC54}.Debug|x64.ActiveCfg = Debug|Any CPU
		{28FBC1DB-4DAB-4ECA-8445-6B730509DC54}.Debug|x64.Build.0 = Debug|Any CPU
		{28FBC1DB-4DAB-4ECA-8445-6B730509DC54}.Debug|x86.ActiveCfg = Debug|Any CPU
		{28FBC1DB-4DAB-4ECA-8445-6B730509DC54}.Debug|x86.Build.0 = Debug|Any CPU
		{28FBC1DB-4DAB-4ECA-8445-6B730509DC54}.Release|Any CPU.ActiveCfg = Release|Any CPU
		{28FBC1DB-4DAB-4ECA-8445-6B730509DC54}.Release|Any CPU.Build.0 = Release|Any CPU
		{28FBC1DB-4DAB-4ECA-8445-6B730509DC54}.Release|ARM.ActiveCfg = Release|Any CPU
		{28FBC1DB-4DAB-4ECA-8445-6B730509DC54}.Release|ARM.Build.0 = Release|Any CPU
		{28FBC1DB-4DAB-4ECA-8445-6B730509DC54}.Release|x64.ActiveCfg = Release|Any CPU
		{28FBC1DB-4DAB-4ECA-8445-6B730509DC54}.Release|x64.Build.0 = Release|Any CPU
		{28FBC1DB-4DAB-4ECA-8445-6B730509DC54}.Release|x86.ActiveCfg = Release|Any CPU
		{28FBC1DB-4DAB-4ECA-8445-6B730509DC54}.Release|x86.Build.0 = Release|Any CPU
	EndGlobalSection
	GlobalSection(SolutionProperties) = preSolution
		HideSolutionNode = FALSE
	EndGlobalSection
	GlobalSection(ExtensibilityGlobals) = postSolution
		SolutionGuid = {1BF0F6E5-CA4B-4F89-A41D-DFB1453EBE12}
	EndGlobalSection
EndGlobal
