
Microsoft Visual Studio Solution File, Format Version 12.00
# Visual Studio 15
VisualStudioVersion = 15.0.27703.2000
MinimumVisualStudioVersion = 10.0.40219.1
Project("{FAE04EC0-301F-11D3-BF4B-00C04F79EFBC}") = "Cancellation", "Cancellation\Cancellation\Cancellation.csproj", "{4B8DD584-FE6C-433A-A283-55A758A5598E}"
EndProject
Project("{FAE04EC0-301F-11D3-BF4B-00C04F79EFBC}") = "Cancellation.EEProvider", "Cancellation\Cancellation.EEProvider\Cancellation.EEProvider.csproj", "{3A29B3A1-4FF5-462E-9DE4-9A59A8BF5BF7}"
EndProject
Project("{FAE04EC0-301F-11D3-BF4B-00C04F79EFBC}") = "ChangeAgent", "ChangeAgent\ChangeAgent\ChangeAgent.csproj", "{EA6444C3-92D7-4848-A77B-08A664FF82DD}"
EndProject
Project("{FAE04EC0-301F-11D3-BF4B-00C04F79EFBC}") = "ChangeAgent.EEProvider", "ChangeAgent\ChangeAgent.EEProvider\ChangeAgent.EEProvider.csproj", "{0396107D-B9C2-4494-94AD-19581DE55B4C}"
EndProject
Project("{FAE04EC0-301F-11D3-BF4B-00C04F79EFBC}") = "Clause", "Clause\Clause\Clause.csproj", "{EAC660E6-FE4D-486B-9959-499B0F5A03CA}"
EndProject
Project("{FAE04EC0-301F-11D3-BF4B-00C04F79EFBC}") = "Clause.EEProvider", "Clause\Clause.EEProvider\Clause.EEProvider.csproj", "{EF9C00C5-94B8-4960-A15A-A2B88DE94A03}"
EndProject
Project("{FAE04EC0-301F-11D3-BF4B-00C04F79EFBC}") = "Text", "Text\Text\Text.csproj", "{6220A74E-7A7F-4779-995C-B0E3D76950B0}"
EndProject
Project("{FAE04EC0-301F-11D3-BF4B-00C04F79EFBC}") = "Text.EEProvider", "Text\Text.EEProvider\Text.EEProvider.csproj", "{45993F52-76CE-4B7D-915E-E416E5F6F076}"
EndProject
Project("{FAE04EC0-301F-11D3-BF4B-00C04F79EFBC}") = "Extension", "Extension\Extension\Extension.csproj", "{FCC04694-992D-41F2-80F4-C004A908E75A}"
EndProject
Project("{FAE04EC0-301F-11D3-BF4B-00C04F79EFBC}") = "Extension.EEProvider", "Extension\Extension.EEProvider\Extension.EEProvider.csproj", "{3FE783FF-AFC9-4D82-92EF-43379F3E9FDA}"
EndProject
Project("{FAE04EC0-301F-11D3-BF4B-00C04F79EFBC}") = "Modification", "Modification\Modification\Modification.csproj", "{5B78EF93-7660-487D-87A7-C7B9D63F223C}"
EndProject
Project("{FAE04EC0-301F-11D3-BF4B-00C04F79EFBC}") = "Modification.EEProvider", "Modification\Modification.EEProvider\Modification.EEProvider.csproj", "{FE4467F2-3D8F-422F-9855-4A5664422651}"
	ProjectSection(ProjectDependencies) = postProject
		{5B78EF93-7660-487D-87A7-C7B9D63F223C} = {5B78EF93-7660-487D-87A7-C7B9D63F223C}
	EndProjectSection
EndProject
Project("{FAE04EC0-301F-11D3-BF4B-00C04F79EFBC}") = "Renewal", "Renewal\Renewal\Renewal.csproj", "{FC72B6A8-C2E9-4554-A885-4D05153F7C58}"
EndProject
Project("{FAE04EC0-301F-11D3-BF4B-00C04F79EFBC}") = "Renewal.EEProvider", "Renewal\Renewal.EEProvider\Renewal.EEProvider.csproj", "{22041745-D8B2-425C-BD59-9DEE1F470BB5}"
	ProjectSection(ProjectDependencies) = postProject
		{FC72B6A8-C2E9-4554-A885-4D05153F7C58} = {FC72B6A8-C2E9-4554-A885-4D05153F7C58}
	EndProjectSection
EndProject
Project("{FAE04EC0-301F-11D3-BF4B-00C04F79EFBC}") = "Reversion", "Reversion\Reversion\Reversion.csproj", "{2D7FCA83-B5E1-4ECB-AD74-065877F638FE}"
EndProject
Project("{FAE04EC0-301F-11D3-BF4B-00C04F79EFBC}") = "Reversion.EEProvider", "Reversion\Reversion.EEProvider\Reversion.EEProvider.csproj", "{0510626D-22BA-44C0-9DE3-A0652B38991A}"
EndProject
Project("{FAE04EC0-301F-11D3-BF4B-00C04F79EFBC}") = "AdjustmentBusinessService", "Adjustment\BusinessService\AdjustmentBusinessService.csproj", "{764CB6CB-6FAF-4F12-91AB-576DC0E9A0D1}"
EndProject
Project("{FAE04EC0-301F-11D3-BF4B-00C04F79EFBC}") = "AdjustmentBusinessServiceProvider", "Adjustment\BusinessServiceProvider\AdjustmentBusinessServiceProvider.csproj", "{E809BDCB-30C3-47C5-B2CE-6F1E9173033D}"
	ProjectSection(ProjectDependencies) = postProject
		{764CB6CB-6FAF-4F12-91AB-576DC0E9A0D1} = {764CB6CB-6FAF-4F12-91AB-576DC0E9A0D1}
	EndProjectSection
EndProject
Project("{FAE04EC0-301F-11D3-BF4B-00C04F79EFBC}") = "AdjustmentApplicationService", "Adjustment\ApplicationService\AdjustmentApplicationService.csproj", "{303E138A-36AB-423B-8C91-B204A2F16467}"
EndProject
Project("{FAE04EC0-301F-11D3-BF4B-00C04F79EFBC}") = "AdjustmentApplicationServiceProvider", "Adjustment\ApplicationServiceProvider\AdjustmentApplicationServiceProvider.csproj", "{AD414402-DE2C-4AE2-B750-209637C12F61}"
	ProjectSection(ProjectDependencies) = postProject
		{303E138A-36AB-423B-8C91-B204A2F16467} = {303E138A-36AB-423B-8C91-B204A2F16467}
	EndProjectSection
EndProject
Project("{FAE04EC0-301F-11D3-BF4B-00C04F79EFBC}") = "AdjustmentIntegrationService", "Adjustment\IntegrationService\AdjustmentIntegrationService.csproj", "{3B4EBE6A-C517-4DCD-9439-1649450583E4}"
EndProject
Project("{FAE04EC0-301F-11D3-BF4B-00C04F79EFBC}") = "AdjustmentIntegrationServiceProvider", "Adjustment\IntegrationServiceProvider\AdjustmentIntegrationServiceProvider.csproj", "{0A1F53AE-6BF1-4668-9525-4D9C1653E844}"
EndProject
Project("{FAE04EC0-301F-11D3-BF4B-00C04F79EFBC}") = "CreditNoteBusinessService", "CreditNote\BusinessService\CreditNoteBusinessService.csproj", "{74FEF98E-B674-43DB-95D2-C0DE4FEFBC92}"
EndProject
Project("{FAE04EC0-301F-11D3-BF4B-00C04F79EFBC}") = "CreditNoteBusinessServiceProvider", "CreditNote\BusinessServiceProvider\CreditNoteBusinessServiceProvider.csproj", "{23C86B7F-B5B3-4563-A853-053D9F39FFD9}"
	ProjectSection(ProjectDependencies) = postProject
		{74FEF98E-B674-43DB-95D2-C0DE4FEFBC92} = {74FEF98E-B674-43DB-95D2-C0DE4FEFBC92}
	EndProjectSection
EndProject
Project("{FAE04EC0-301F-11D3-BF4B-00C04F79EFBC}") = "CreditNoteIntegrationService", "CreditNote\IntegrationService\CreditNoteIntegrationService.csproj", "{D753DCC5-9E09-41D0-AFE8-8E869112D8F4}"
EndProject
Project("{FAE04EC0-301F-11D3-BF4B-00C04F79EFBC}") = "CreditNoteIntegrationServiceProvider", "CreditNote\IntegrationServiceProvider\CreditNoteIntegrationServiceProvider.csproj", "{B4D2FACE-4D38-4617-9C45-35A566B40F4A}"
EndProject
Project("{FAE04EC0-301F-11D3-BF4B-00C04F79EFBC}") = "CreditNoteApplicationService", "CreditNote\ApplicationService\CreditNoteApplicationService.csproj", "{1F37E0F9-3AAB-43AE-9495-7C0B6CC9A490}"
EndProject
Project("{FAE04EC0-301F-11D3-BF4B-00C04F79EFBC}") = "CreditNoteApplicationServiceProvider", "CreditNote\ApplicationServiceProvider\CreditNoteApplicationServiceProvider.csproj", "{D361AF34-9D2F-4C25-B75E-98DED2E57945}"
	ProjectSection(ProjectDependencies) = postProject
		{74FEF98E-B674-43DB-95D2-C0DE4FEFBC92} = {74FEF98E-B674-43DB-95D2-C0DE4FEFBC92}
		{1F37E0F9-3AAB-43AE-9495-7C0B6CC9A490} = {1F37E0F9-3AAB-43AE-9495-7C0B6CC9A490}
	EndProjectSection
EndProject
Project("{FAE04EC0-301F-11D3-BF4B-00C04F79EFBC}") = "DeclarationBusinessService", "Declaration\BusinessService\DeclarationBusinessService.csproj", "{39E7A440-FDCE-47D2-97A7-A389449ADF58}"
	ProjectSection(ProjectDependencies) = postProject
		{C5723EE8-8480-4AD1-B2F7-5A91DC00790F} = {C5723EE8-8480-4AD1-B2F7-5A91DC00790F}
	EndProjectSection
EndProject
Project("{FAE04EC0-301F-11D3-BF4B-00C04F79EFBC}") = "DeclarationBusinessServiceProvider", "Declaration\BusinessServiceProvider\DeclarationBusinessServiceProvider.csproj", "{41AEB753-7AC2-451E-80CB-D7C07058BA39}"
	ProjectSection(ProjectDependencies) = postProject
		{39E7A440-FDCE-47D2-97A7-A389449ADF58} = {39E7A440-FDCE-47D2-97A7-A389449ADF58}
	EndProjectSection
EndProject
Project("{FAE04EC0-301F-11D3-BF4B-00C04F79EFBC}") = "DeclarationIntegrationService", "Declaration\IntegrationService\DeclarationIntegrationService.csproj", "{1D9822FF-182B-4F6A-8833-6F16CBA3366B}"
EndProject
Project("{FAE04EC0-301F-11D3-BF4B-00C04F79EFBC}") = "DeclarationIntegrationServiceProvider", "Declaration\IntegrationServiceProvider\DeclarationIntegrationServiceProvider.csproj", "{20994F30-737A-4BB6-AE85-CC5923233A02}"
EndProject
Project("{FAE04EC0-301F-11D3-BF4B-00C04F79EFBC}") = "DeclarationApplicationService", "Declaration\ApplicationService\DeclarationApplicationService.csproj", "{C5723EE8-8480-4AD1-B2F7-5A91DC00790F}"
EndProject
Project("{FAE04EC0-301F-11D3-BF4B-00C04F79EFBC}") = "DeclarationApplicationServiceProvider", "Declaration\ApplicationServiceProvider\DeclarationApplicationServiceProvider.csproj", "{64B1D183-D29B-4ECA-AD40-1B11371FA916}"
	ProjectSection(ProjectDependencies) = postProject
		{39E7A440-FDCE-47D2-97A7-A389449ADF58} = {39E7A440-FDCE-47D2-97A7-A389449ADF58}
		{C5723EE8-8480-4AD1-B2F7-5A91DC00790F} = {C5723EE8-8480-4AD1-B2F7-5A91DC00790F}
	EndProjectSection
EndProject
Global
	GlobalSection(SolutionConfigurationPlatforms) = preSolution
		Debug|Any CPU = Debug|Any CPU
		Release|Any CPU = Release|Any CPU
	EndGlobalSection
	GlobalSection(ProjectConfigurationPlatforms) = postSolution
		{4B8DD584-FE6C-433A-A283-55A758A5598E}.Debug|Any CPU.ActiveCfg = Debug|Any CPU
		{4B8DD584-FE6C-433A-A283-55A758A5598E}.Debug|Any CPU.Build.0 = Debug|Any CPU
		{4B8DD584-FE6C-433A-A283-55A758A5598E}.Release|Any CPU.ActiveCfg = Release|Any CPU
		{4B8DD584-FE6C-433A-A283-55A758A5598E}.Release|Any CPU.Build.0 = Release|Any CPU
		{3A29B3A1-4FF5-462E-9DE4-9A59A8BF5BF7}.Debug|Any CPU.ActiveCfg = Debug|Any CPU
		{3A29B3A1-4FF5-462E-9DE4-9A59A8BF5BF7}.Debug|Any CPU.Build.0 = Debug|Any CPU
		{3A29B3A1-4FF5-462E-9DE4-9A59A8BF5BF7}.Release|Any CPU.ActiveCfg = Release|Any CPU
		{3A29B3A1-4FF5-462E-9DE4-9A59A8BF5BF7}.Release|Any CPU.Build.0 = Release|Any CPU
		{EA6444C3-92D7-4848-A77B-08A664FF82DD}.Debug|Any CPU.ActiveCfg = Debug|Any CPU
		{EA6444C3-92D7-4848-A77B-08A664FF82DD}.Debug|Any CPU.Build.0 = Debug|Any CPU
		{EA6444C3-92D7-4848-A77B-08A664FF82DD}.Release|Any CPU.ActiveCfg = Release|Any CPU
		{EA6444C3-92D7-4848-A77B-08A664FF82DD}.Release|Any CPU.Build.0 = Release|Any CPU
		{0396107D-B9C2-4494-94AD-19581DE55B4C}.Debug|Any CPU.ActiveCfg = Debug|Any CPU
		{0396107D-B9C2-4494-94AD-19581DE55B4C}.Debug|Any CPU.Build.0 = Debug|Any CPU
		{0396107D-B9C2-4494-94AD-19581DE55B4C}.Release|Any CPU.ActiveCfg = Release|Any CPU
		{0396107D-B9C2-4494-94AD-19581DE55B4C}.Release|Any CPU.Build.0 = Release|Any CPU
		{EAC660E6-FE4D-486B-9959-499B0F5A03CA}.Debug|Any CPU.ActiveCfg = Debug|Any CPU
		{EAC660E6-FE4D-486B-9959-499B0F5A03CA}.Debug|Any CPU.Build.0 = Debug|Any CPU
		{EAC660E6-FE4D-486B-9959-499B0F5A03CA}.Release|Any CPU.ActiveCfg = Release|Any CPU
		{EAC660E6-FE4D-486B-9959-499B0F5A03CA}.Release|Any CPU.Build.0 = Release|Any CPU
		{EF9C00C5-94B8-4960-A15A-A2B88DE94A03}.Debug|Any CPU.ActiveCfg = Debug|Any CPU
		{EF9C00C5-94B8-4960-A15A-A2B88DE94A03}.Debug|Any CPU.Build.0 = Debug|Any CPU
		{EF9C00C5-94B8-4960-A15A-A2B88DE94A03}.Release|Any CPU.ActiveCfg = Release|Any CPU
		{EF9C00C5-94B8-4960-A15A-A2B88DE94A03}.Release|Any CPU.Build.0 = Release|Any CPU
		{6220A74E-7A7F-4779-995C-B0E3D76950B0}.Debug|Any CPU.ActiveCfg = Debug|Any CPU
		{6220A74E-7A7F-4779-995C-B0E3D76950B0}.Debug|Any CPU.Build.0 = Debug|Any CPU
		{6220A74E-7A7F-4779-995C-B0E3D76950B0}.Release|Any CPU.ActiveCfg = Release|Any CPU
		{6220A74E-7A7F-4779-995C-B0E3D76950B0}.Release|Any CPU.Build.0 = Release|Any CPU
		{45993F52-76CE-4B7D-915E-E416E5F6F076}.Debug|Any CPU.ActiveCfg = Debug|Any CPU
		{45993F52-76CE-4B7D-915E-E416E5F6F076}.Debug|Any CPU.Build.0 = Debug|Any CPU
		{45993F52-76CE-4B7D-915E-E416E5F6F076}.Release|Any CPU.ActiveCfg = Release|Any CPU
		{45993F52-76CE-4B7D-915E-E416E5F6F076}.Release|Any CPU.Build.0 = Release|Any CPU
		{FCC04694-992D-41F2-80F4-C004A908E75A}.Debug|Any CPU.ActiveCfg = Debug|Any CPU
		{FCC04694-992D-41F2-80F4-C004A908E75A}.Debug|Any CPU.Build.0 = Debug|Any CPU
		{FCC04694-992D-41F2-80F4-C004A908E75A}.Release|Any CPU.ActiveCfg = Release|Any CPU
		{FCC04694-992D-41F2-80F4-C004A908E75A}.Release|Any CPU.Build.0 = Release|Any CPU
		{3FE783FF-AFC9-4D82-92EF-43379F3E9FDA}.Debug|Any CPU.ActiveCfg = Debug|Any CPU
		{3FE783FF-AFC9-4D82-92EF-43379F3E9FDA}.Debug|Any CPU.Build.0 = Debug|Any CPU
		{3FE783FF-AFC9-4D82-92EF-43379F3E9FDA}.Release|Any CPU.ActiveCfg = Release|Any CPU
		{3FE783FF-AFC9-4D82-92EF-43379F3E9FDA}.Release|Any CPU.Build.0 = Release|Any CPU
		{5B78EF93-7660-487D-87A7-C7B9D63F223C}.Debug|Any CPU.ActiveCfg = Debug|Any CPU
		{5B78EF93-7660-487D-87A7-C7B9D63F223C}.Debug|Any CPU.Build.0 = Debug|Any CPU
		{5B78EF93-7660-487D-87A7-C7B9D63F223C}.Release|Any CPU.ActiveCfg = Release|Any CPU
		{5B78EF93-7660-487D-87A7-C7B9D63F223C}.Release|Any CPU.Build.0 = Release|Any CPU
		{FE4467F2-3D8F-422F-9855-4A5664422651}.Debug|Any CPU.ActiveCfg = Debug|Any CPU
		{FE4467F2-3D8F-422F-9855-4A5664422651}.Debug|Any CPU.Build.0 = Debug|Any CPU
		{FE4467F2-3D8F-422F-9855-4A5664422651}.Release|Any CPU.ActiveCfg = Release|Any CPU
		{FE4467F2-3D8F-422F-9855-4A5664422651}.Release|Any CPU.Build.0 = Release|Any CPU
		{FC72B6A8-C2E9-4554-A885-4D05153F7C58}.Debug|Any CPU.ActiveCfg = Debug|Any CPU
		{FC72B6A8-C2E9-4554-A885-4D05153F7C58}.Debug|Any CPU.Build.0 = Debug|Any CPU
		{FC72B6A8-C2E9-4554-A885-4D05153F7C58}.Release|Any CPU.ActiveCfg = Release|Any CPU
		{FC72B6A8-C2E9-4554-A885-4D05153F7C58}.Release|Any CPU.Build.0 = Release|Any CPU
		{22041745-D8B2-425C-BD59-9DEE1F470BB5}.Debug|Any CPU.ActiveCfg = Debug|Any CPU
		{22041745-D8B2-425C-BD59-9DEE1F470BB5}.Debug|Any CPU.Build.0 = Debug|Any CPU
		{22041745-D8B2-425C-BD59-9DEE1F470BB5}.Release|Any CPU.ActiveCfg = Release|Any CPU
		{22041745-D8B2-425C-BD59-9DEE1F470BB5}.Release|Any CPU.Build.0 = Release|Any CPU
		{2D7FCA83-B5E1-4ECB-AD74-065877F638FE}.Debug|Any CPU.ActiveCfg = Debug|Any CPU
		{2D7FCA83-B5E1-4ECB-AD74-065877F638FE}.Debug|Any CPU.Build.0 = Debug|Any CPU
		{2D7FCA83-B5E1-4ECB-AD74-065877F638FE}.Release|Any CPU.ActiveCfg = Release|Any CPU
		{2D7FCA83-B5E1-4ECB-AD74-065877F638FE}.Release|Any CPU.Build.0 = Release|Any CPU
		{0510626D-22BA-44C0-9DE3-A0652B38991A}.Debug|Any CPU.ActiveCfg = Debug|Any CPU
		{0510626D-22BA-44C0-9DE3-A0652B38991A}.Debug|Any CPU.Build.0 = Debug|Any CPU
		{0510626D-22BA-44C0-9DE3-A0652B38991A}.Release|Any CPU.ActiveCfg = Release|Any CPU
		{0510626D-22BA-44C0-9DE3-A0652B38991A}.Release|Any CPU.Build.0 = Release|Any CPU
		{303E138A-36AB-423B-8C91-B204A2F16467}.Debug|Any CPU.ActiveCfg = Debug|Any CPU
		{303E138A-36AB-423B-8C91-B204A2F16467}.Debug|Any CPU.Build.0 = Debug|Any CPU
		{303E138A-36AB-423B-8C91-B204A2F16467}.Release|Any CPU.ActiveCfg = Release|Any CPU
		{303E138A-36AB-423B-8C91-B204A2F16467}.Release|Any CPU.Build.0 = Release|Any CPU
		{AD414402-DE2C-4AE2-B750-209637C12F61}.Debug|Any CPU.ActiveCfg = Debug|Any CPU
		{AD414402-DE2C-4AE2-B750-209637C12F61}.Debug|Any CPU.Build.0 = Debug|Any CPU
		{AD414402-DE2C-4AE2-B750-209637C12F61}.Release|Any CPU.ActiveCfg = Release|Any CPU
		{AD414402-DE2C-4AE2-B750-209637C12F61}.Release|Any CPU.Build.0 = Release|Any CPU
		{764CB6CB-6FAF-4F12-91AB-576DC0E9A0D1}.Debug|Any CPU.ActiveCfg = Debug|Any CPU
		{764CB6CB-6FAF-4F12-91AB-576DC0E9A0D1}.Debug|Any CPU.Build.0 = Debug|Any CPU
		{764CB6CB-6FAF-4F12-91AB-576DC0E9A0D1}.Release|Any CPU.ActiveCfg = Release|Any CPU
		{764CB6CB-6FAF-4F12-91AB-576DC0E9A0D1}.Release|Any CPU.Build.0 = Release|Any CPU
		{E809BDCB-30C3-47C5-B2CE-6F1E9173033D}.Debug|Any CPU.ActiveCfg = Debug|Any CPU
		{E809BDCB-30C3-47C5-B2CE-6F1E9173033D}.Debug|Any CPU.Build.0 = Debug|Any CPU
		{E809BDCB-30C3-47C5-B2CE-6F1E9173033D}.Release|Any CPU.ActiveCfg = Release|Any CPU
		{E809BDCB-30C3-47C5-B2CE-6F1E9173033D}.Release|Any CPU.Build.0 = Release|Any CPU
		{3B4EBE6A-C517-4DCD-9439-1649450583E4}.Debug|Any CPU.ActiveCfg = Debug|Any CPU
		{3B4EBE6A-C517-4DCD-9439-1649450583E4}.Debug|Any CPU.Build.0 = Debug|Any CPU
		{3B4EBE6A-C517-4DCD-9439-1649450583E4}.Release|Any CPU.ActiveCfg = Release|Any CPU
		{3B4EBE6A-C517-4DCD-9439-1649450583E4}.Release|Any CPU.Build.0 = Release|Any CPU
		{0A1F53AE-6BF1-4668-9525-4D9C1653E844}.Debug|Any CPU.ActiveCfg = Debug|Any CPU
		{0A1F53AE-6BF1-4668-9525-4D9C1653E844}.Debug|Any CPU.Build.0 = Debug|Any CPU
		{0A1F53AE-6BF1-4668-9525-4D9C1653E844}.Release|Any CPU.ActiveCfg = Release|Any CPU
		{0A1F53AE-6BF1-4668-9525-4D9C1653E844}.Release|Any CPU.Build.0 = Release|Any CPU
		{1F37E0F9-3AAB-43AE-9495-7C0B6CC9A490}.Debug|Any CPU.ActiveCfg = Debug|Any CPU
		{1F37E0F9-3AAB-43AE-9495-7C0B6CC9A490}.Debug|Any CPU.Build.0 = Debug|Any CPU
		{1F37E0F9-3AAB-43AE-9495-7C0B6CC9A490}.Release|Any CPU.ActiveCfg = Release|Any CPU
		{1F37E0F9-3AAB-43AE-9495-7C0B6CC9A490}.Release|Any CPU.Build.0 = Release|Any CPU
		{D361AF34-9D2F-4C25-B75E-98DED2E57945}.Debug|Any CPU.ActiveCfg = Debug|Any CPU
		{D361AF34-9D2F-4C25-B75E-98DED2E57945}.Debug|Any CPU.Build.0 = Debug|Any CPU
		{D361AF34-9D2F-4C25-B75E-98DED2E57945}.Release|Any CPU.ActiveCfg = Release|Any CPU
		{D361AF34-9D2F-4C25-B75E-98DED2E57945}.Release|Any CPU.Build.0 = Release|Any CPU
		{74FEF98E-B674-43DB-95D2-C0DE4FEFBC92}.Debug|Any CPU.ActiveCfg = Debug|Any CPU
		{74FEF98E-B674-43DB-95D2-C0DE4FEFBC92}.Debug|Any CPU.Build.0 = Debug|Any CPU
		{74FEF98E-B674-43DB-95D2-C0DE4FEFBC92}.Release|Any CPU.ActiveCfg = Release|Any CPU
		{74FEF98E-B674-43DB-95D2-C0DE4FEFBC92}.Release|Any CPU.Build.0 = Release|Any CPU
		{23C86B7F-B5B3-4563-A853-053D9F39FFD9}.Debug|Any CPU.ActiveCfg = Debug|Any CPU
		{23C86B7F-B5B3-4563-A853-053D9F39FFD9}.Debug|Any CPU.Build.0 = Debug|Any CPU
		{23C86B7F-B5B3-4563-A853-053D9F39FFD9}.Release|Any CPU.ActiveCfg = Release|Any CPU
		{23C86B7F-B5B3-4563-A853-053D9F39FFD9}.Release|Any CPU.Build.0 = Release|Any CPU
		{D753DCC5-9E09-41D0-AFE8-8E869112D8F4}.Debug|Any CPU.ActiveCfg = Debug|Any CPU
		{D753DCC5-9E09-41D0-AFE8-8E869112D8F4}.Debug|Any CPU.Build.0 = Debug|Any CPU
		{D753DCC5-9E09-41D0-AFE8-8E869112D8F4}.Release|Any CPU.ActiveCfg = Release|Any CPU
		{D753DCC5-9E09-41D0-AFE8-8E869112D8F4}.Release|Any CPU.Build.0 = Release|Any CPU
		{B4D2FACE-4D38-4617-9C45-35A566B40F4A}.Debug|Any CPU.ActiveCfg = Debug|Any CPU
		{B4D2FACE-4D38-4617-9C45-35A566B40F4A}.Debug|Any CPU.Build.0 = Debug|Any CPU
		{B4D2FACE-4D38-4617-9C45-35A566B40F4A}.Release|Any CPU.ActiveCfg = Release|Any CPU
		{B4D2FACE-4D38-4617-9C45-35A566B40F4A}.Release|Any CPU.Build.0 = Release|Any CPU
		{C5723EE8-8480-4AD1-B2F7-5A91DC00790F}.Debug|Any CPU.ActiveCfg = Debug|Any CPU
		{C5723EE8-8480-4AD1-B2F7-5A91DC00790F}.Debug|Any CPU.Build.0 = Debug|Any CPU
		{C5723EE8-8480-4AD1-B2F7-5A91DC00790F}.Release|Any CPU.ActiveCfg = Release|Any CPU
		{C5723EE8-8480-4AD1-B2F7-5A91DC00790F}.Release|Any CPU.Build.0 = Release|Any CPU
		{64B1D183-D29B-4ECA-AD40-1B11371FA916}.Debug|Any CPU.ActiveCfg = Debug|Any CPU
		{64B1D183-D29B-4ECA-AD40-1B11371FA916}.Debug|Any CPU.Build.0 = Debug|Any CPU
		{64B1D183-D29B-4ECA-AD40-1B11371FA916}.Release|Any CPU.ActiveCfg = Release|Any CPU
		{64B1D183-D29B-4ECA-AD40-1B11371FA916}.Release|Any CPU.Build.0 = Release|Any CPU
		{39E7A440-FDCE-47D2-97A7-A389449ADF58}.Debug|Any CPU.ActiveCfg = Debug|Any CPU
		{39E7A440-FDCE-47D2-97A7-A389449ADF58}.Debug|Any CPU.Build.0 = Debug|Any CPU
		{39E7A440-FDCE-47D2-97A7-A389449ADF58}.Release|Any CPU.ActiveCfg = Release|Any CPU
		{39E7A440-FDCE-47D2-97A7-A389449ADF58}.Release|Any CPU.Build.0 = Release|Any CPU
		{41AEB753-7AC2-451E-80CB-D7C07058BA39}.Debug|Any CPU.ActiveCfg = Debug|Any CPU
		{41AEB753-7AC2-451E-80CB-D7C07058BA39}.Debug|Any CPU.Build.0 = Debug|Any CPU
		{41AEB753-7AC2-451E-80CB-D7C07058BA39}.Release|Any CPU.ActiveCfg = Release|Any CPU
		{41AEB753-7AC2-451E-80CB-D7C07058BA39}.Release|Any CPU.Build.0 = Release|Any CPU
		{1D9822FF-182B-4F6A-8833-6F16CBA3366B}.Debug|Any CPU.ActiveCfg = Debug|Any CPU
		{1D9822FF-182B-4F6A-8833-6F16CBA3366B}.Debug|Any CPU.Build.0 = Debug|Any CPU
		{1D9822FF-182B-4F6A-8833-6F16CBA3366B}.Release|Any CPU.ActiveCfg = Release|Any CPU
		{1D9822FF-182B-4F6A-8833-6F16CBA3366B}.Release|Any CPU.Build.0 = Release|Any CPU
		{20994F30-737A-4BB6-AE85-CC5923233A02}.Debug|Any CPU.ActiveCfg = Debug|Any CPU
		{20994F30-737A-4BB6-AE85-CC5923233A02}.Debug|Any CPU.Build.0 = Debug|Any CPU
		{20994F30-737A-4BB6-AE85-CC5923233A02}.Release|Any CPU.ActiveCfg = Release|Any CPU
		{20994F30-737A-4BB6-AE85-CC5923233A02}.Release|Any CPU.Build.0 = Release|Any CPU
	EndGlobalSection
	GlobalSection(SolutionProperties) = preSolution
		HideSolutionNode = FALSE
	EndGlobalSection
	GlobalSection(ExtensibilityGlobals) = postSolution
		SolutionGuid = {20A15924-94AB-464F-B578-6BB077C9D898}
	EndGlobalSection
EndGlobal
