
Microsoft Visual Studio Solution File, Format Version 12.00
# Visual Studio 15
VisualStudioVersion = 15.0.27428.2037
MinimumVisualStudioVersion = 10.0.40219.1
Project("{FAE04EC0-301F-11D3-BF4B-00C04F79EFBC}") = "ParametrizationAplicationServices", "ParametrizationAplicationServices\ParametrizationAplicationServices.csproj", "{7D4A498C-F930-434D-9F1E-179D1050E9D7}"
EndProject
Project("{FAE04EC0-301F-11D3-BF4B-00C04F79EFBC}") = "ParametrizationParamBusinessService", "ParametrizationParamBusinessService\ParametrizationParamBusinessService.csproj", "{51BBB6B5-7C04-412E-BDDB-BADBC55FE2F5}"
EndProject
Project("{FAE04EC0-301F-11D3-BF4B-00C04F79EFBC}") = "ParametrizationParamBusinessServiceProvider", "ParametrizationParamBusinessServiceProvider\ParametrizationParamBusinessServiceProvider.csproj", "{53AE12BD-75EE-4D85-B4FA-6245EBD0AD59}"
EndProject
Project("{FAE04EC0-301F-11D3-BF4B-00C04F79EFBC}") = "ParametrizationAplicationServiceProvider", "ParametrizationAplicationServiceProvider\ParametrizationAplicationServiceProvider.csproj", "{324130CA-DD54-4ED4-8690-D1F6AC163BF7}"
EndProject
Global
	GlobalSection(SolutionConfigurationPlatforms) = preSolution
		Debug|Any CPU = Debug|Any CPU
		Release|Any CPU = Release|Any CPU
	EndGlobalSection
	GlobalSection(ProjectConfigurationPlatforms) = postSolution
		{7D4A498C-F930-434D-9F1E-179D1050E9D7}.Debug|Any CPU.ActiveCfg = Debug|Any CPU
		{7D4A498C-F930-434D-9F1E-179D1050E9D7}.Debug|Any CPU.Build.0 = Debug|Any CPU
		{7D4A498C-F930-434D-9F1E-179D1050E9D7}.Release|Any CPU.ActiveCfg = Release|Any CPU
		{7D4A498C-F930-434D-9F1E-179D1050E9D7}.Release|Any CPU.Build.0 = Release|Any CPU
		{51BBB6B5-7C04-412E-BDDB-BADBC55FE2F5}.Debug|Any CPU.ActiveCfg = Debug|Any CPU
		{51BBB6B5-7C04-412E-BDDB-BADBC55FE2F5}.Debug|Any CPU.Build.0 = Debug|Any CPU
		{51BBB6B5-7C04-412E-BDDB-BADBC55FE2F5}.Release|Any CPU.ActiveCfg = Release|Any CPU
		{51BBB6B5-7C04-412E-BDDB-BADBC55FE2F5}.Release|Any CPU.Build.0 = Release|Any CPU
		{53AE12BD-75EE-4D85-B4FA-6245EBD0AD59}.Debug|Any CPU.ActiveCfg = Debug|Any CPU
		{53AE12BD-75EE-4D85-B4FA-6245EBD0AD59}.Debug|Any CPU.Build.0 = Debug|Any CPU
		{53AE12BD-75EE-4D85-B4FA-6245EBD0AD59}.Release|Any CPU.ActiveCfg = Release|Any CPU
		{53AE12BD-75EE-4D85-B4FA-6245EBD0AD59}.Release|Any CPU.Build.0 = Release|Any CPU
		{324130CA-DD54-4ED4-8690-D1F6AC163BF7}.Debug|Any CPU.ActiveCfg = Debug|Any CPU
		{324130CA-DD54-4ED4-8690-D1F6AC163BF7}.Debug|Any CPU.Build.0 = Debug|Any CPU
		{324130CA-DD54-4ED4-8690-D1F6AC163BF7}.Release|Any CPU.ActiveCfg = Release|Any CPU
		{324130CA-DD54-4ED4-8690-D1F6AC163BF7}.Release|Any CPU.Build.0 = Release|Any CPU
	EndGlobalSection
	GlobalSection(SolutionProperties) = preSolution
		HideSolutionNode = FALSE
	EndGlobalSection
	GlobalSection(ExtensibilityGlobals) = postSolution
		SolutionGuid = {99F71AF2-493A-4B0D-A53A-599DD955959B}
	EndGlobalSection
EndGlobal
