
Microsoft Visual Studio Solution File, Format Version 12.00
# Visual Studio 15
VisualStudioVersion = 15.0.28307.852
MinimumVisualStudioVersion = 10.0.40219.1
Project("{FAE04EC0-301F-11D3-BF4B-00C04F79EFBC}") = "ApplicationService", "ApplicationService\ApplicationService.csproj", "{091C0E47-139C-48C8-9A84-E4DE954E4399}"
EndProject
Project("{FAE04EC0-301F-11D3-BF4B-00C04F79EFBC}") = "ApplicationServiceEEProvider", "ApplicationServiceEEProvider\ApplicationServiceEEProvider.csproj", "{A1DB4FE0-D36A-42B0-8ECF-88CBE122E9D2}"
EndProject
Project("{FAE04EC0-301F-11D3-BF4B-00C04F79EFBC}") = "IntegrationService", "IntegrationService\IntegrationService.csproj", "{9D798115-BE0B-4EA2-A935-B4EFEBDDCDC1}"
EndProject
Project("{FAE04EC0-301F-11D3-BF4B-00C04F79EFBC}") = "ReinsuranceOperatingQuota.Entities", "ReinsuranceOperatingQuota.Entities\ReinsuranceOperatingQuota.Entities.csproj", "{98282026-A625-4358-8AAB-33455643416A}"
EndProject
Project("{FAE04EC0-301F-11D3-BF4B-00C04F79EFBC}") = "ReinsuranceOperatingQuota.Resources", "ReinsuranceOperatingQuota.Resources\ReinsuranceOperatingQuota.Resources.csproj", "{A5AF8144-5157-4C07-A0B4-223553AD6BAF}"
EndProject
Global
	GlobalSection(SolutionConfigurationPlatforms) = preSolution
		Debug|Any CPU = Debug|Any CPU
		Release|Any CPU = Release|Any CPU
	EndGlobalSection
	GlobalSection(ProjectConfigurationPlatforms) = postSolution
		{091C0E47-139C-48C8-9A84-E4DE954E4399}.Debug|Any CPU.ActiveCfg = Debug|Any CPU
		{091C0E47-139C-48C8-9A84-E4DE954E4399}.Debug|Any CPU.Build.0 = Debug|Any CPU
		{091C0E47-139C-48C8-9A84-E4DE954E4399}.Release|Any CPU.ActiveCfg = Release|Any CPU
		{091C0E47-139C-48C8-9A84-E4DE954E4399}.Release|Any CPU.Build.0 = Release|Any CPU
		{A1DB4FE0-D36A-42B0-8ECF-88CBE122E9D2}.Debug|Any CPU.ActiveCfg = Debug|Any CPU
		{A1DB4FE0-D36A-42B0-8ECF-88CBE122E9D2}.Debug|Any CPU.Build.0 = Debug|Any CPU
		{A1DB4FE0-D36A-42B0-8ECF-88CBE122E9D2}.Release|Any CPU.ActiveCfg = Release|Any CPU
		{A1DB4FE0-D36A-42B0-8ECF-88CBE122E9D2}.Release|Any CPU.Build.0 = Release|Any CPU
		{9D798115-BE0B-4EA2-A935-B4EFEBDDCDC1}.Debug|Any CPU.ActiveCfg = Debug|Any CPU
		{9D798115-BE0B-4EA2-A935-B4EFEBDDCDC1}.Debug|Any CPU.Build.0 = Debug|Any CPU
		{9D798115-BE0B-4EA2-A935-B4EFEBDDCDC1}.Release|Any CPU.ActiveCfg = Release|Any CPU
		{9D798115-BE0B-4EA2-A935-B4EFEBDDCDC1}.Release|Any CPU.Build.0 = Release|Any CPU
		{98282026-A625-4358-8AAB-33455643416A}.Debug|Any CPU.ActiveCfg = Debug|Any CPU
		{98282026-A625-4358-8AAB-33455643416A}.Debug|Any CPU.Build.0 = Debug|Any CPU
		{98282026-A625-4358-8AAB-33455643416A}.Release|Any CPU.ActiveCfg = Release|Any CPU
		{98282026-A625-4358-8AAB-33455643416A}.Release|Any CPU.Build.0 = Release|Any CPU
		{A5AF8144-5157-4C07-A0B4-223553AD6BAF}.Debug|Any CPU.ActiveCfg = Debug|Any CPU
		{A5AF8144-5157-4C07-A0B4-223553AD6BAF}.Debug|Any CPU.Build.0 = Debug|Any CPU
		{A5AF8144-5157-4C07-A0B4-223553AD6BAF}.Release|Any CPU.ActiveCfg = Release|Any CPU
		{A5AF8144-5157-4C07-A0B4-223553AD6BAF}.Release|Any CPU.Build.0 = Release|Any CPU
	EndGlobalSection
	GlobalSection(SolutionProperties) = preSolution
		HideSolutionNode = FALSE
	EndGlobalSection
	GlobalSection(ExtensibilityGlobals) = postSolution
		SolutionGuid = {4BF09641-6B77-40FE-A4E5-2B49A58EF0AC}
	EndGlobalSection
EndGlobal
