
Microsoft Visual Studio Solution File, Format Version 12.00
# Visual Studio 15
VisualStudioVersion = 15.0.26430.12
MinimumVisualStudioVersion = 10.0.40219.1
Project("{FAE04EC0-301F-11D3-BF4B-00C04F79EFBC}") = "Company.Temporary.Entities", "Company.Temporary.Entities\Company.Temporary.Entities.csproj", "{D6A9309B-C8B1-49F0-A36A-F818C8A90508}"
EndProject
Global
	GlobalSection(SolutionConfigurationPlatforms) = preSolution
		Debug|Any CPU = Debug|Any CPU
		Release|Any CPU = Release|Any CPU
	EndGlobalSection
	GlobalSection(ProjectConfigurationPlatforms) = postSolution
		{D6A9309B-C8B1-49F0-A36A-F818C8A90508}.Debug|Any CPU.ActiveCfg = Debug|Any CPU
		{D6A9309B-C8B1-49F0-A36A-F818C8A90508}.Debug|Any CPU.Build.0 = Debug|Any CPU
		{D6A9309B-C8B1-49F0-A36A-F818C8A90508}.Release|Any CPU.ActiveCfg = Release|Any CPU
		{D6A9309B-C8B1-49F0-A36A-F818C8A90508}.Release|Any CPU.Build.0 = Release|Any CPU
	EndGlobalSection
	GlobalSection(SolutionProperties) = preSolution
		HideSolutionNode = FALSE
	EndGlobalSection
	GlobalSection(TeamFoundationVersionControl) = preSolution
		SccNumberOfProjects = 2
		SccEnterpriseProvider = {4CA58AB2-18FA-4F8D-95D4-32DDF27D184C}
		SccTeamFoundationServer = http://tfs.sistran.com:8080/tfs/colombia
		SccLocalPath0 = .
		SccProjectUniqueName1 = Company.Temporary.Entities\\Company.Temporary.Entities.csproj
		SccProjectName1 = Company.Temporary.Entities
		SccLocalPath1 = Company.Temporary.Entities
	EndGlobalSection
EndGlobal
