
Microsoft Visual Studio Solution File, Format Version 12.00
# Visual Studio 15
VisualStudioVersion = 15.0.26430.15
MinimumVisualStudioVersion = 10.0.40219.1
Project("{FAE04EC0-301F-11D3-BF4B-00C04F79EFBC}") = "Launcher", "Company.Application.Launcher\Launcher.csproj", "{30CF3BC2-EEA0-4CFC-AAE3-632766947EC0}"
EndProject
Global
	GlobalSection(SolutionConfigurationPlatforms) = preSolution
		Debug|Any CPU = Debug|Any CPU
		Release|Any CPU = Release|Any CPU
	EndGlobalSection
	GlobalSection(ProjectConfigurationPlatforms) = postSolution
		{30CF3BC2-EEA0-4CFC-AAE3-632766947EC0}.Debug|Any CPU.ActiveCfg = Debug|Any CPU
		{30CF3BC2-EEA0-4CFC-AAE3-632766947EC0}.Debug|Any CPU.Build.0 = Debug|Any CPU
		{30CF3BC2-EEA0-4CFC-AAE3-632766947EC0}.Release|Any CPU.ActiveCfg = Release|Any CPU
		{30CF3BC2-EEA0-4CFC-AAE3-632766947EC0}.Release|Any CPU.Build.0 = Release|Any CPU
	EndGlobalSection
	GlobalSection(SolutionProperties) = preSolution
		HideSolutionNode = FALSE
	EndGlobalSection
	GlobalSection(ExtensibilityGlobals) = postSolution
		SolutionGuid = {7D238EC3-3AC5-4745-ADBC-EA1430D6BFE0}
	EndGlobalSection
EndGlobal
