
Microsoft Visual Studio Solution File, Format Version 12.00
# Visual Studio 15
VisualStudioVersion = 15.0.27428.2002
MinimumVisualStudioVersion = 10.0.40219.1
Project("{FAE04EC0-301F-11D3-BF4B-00C04F79EFBC}") = "Company.WrapperServices", "WrapperService\Company.WrapperServices.csproj", "{2FF08AFB-3757-4C7C-8B8B-6BEA2C12A6CC}"
EndProject
Project("{FAE04EC0-301F-11D3-BF4B-00C04F79EFBC}") = "Company.WrapperServices.EEProvider", "WrapperServiceEEProvider\Company.WrapperServices.EEProvider.csproj", "{832F2278-D6F0-4671-8B1E-1191A8A3EA73}"
EndProject
Project("{2150E333-8FDC-42A3-9474-1A3956D46DE8}") = "Solution Items", "Solution Items", "{CA54A635-2AD3-4257-AB20-9A787A7DA12C}"
EndProject
Project("{FAE04EC0-301F-11D3-BF4B-00C04F79EFBC}") = "Company.ExternalParamService", "Company.ExternalParamService\Company.ExternalParamService.csproj", "{AA77F148-C01B-41F7-BF0F-FCB37F13FB6C}"
EndProject
Project("{FAE04EC0-301F-11D3-BF4B-00C04F79EFBC}") = "Company.ExternalParamServicesEEProvider", "Company.ExternalParamServicesEEProvider\Company.ExternalParamServicesEEProvider.csproj", "{BB7E066B-1045-4D45-BCB5-18194031A891}"
EndProject
Project("{FAE04EC0-301F-11D3-BF4B-00C04F79EFBC}") = "Company.ExternalPrinterServices", "Company.ExternalPrinterServices\Company.ExternalPrinterServices.csproj", "{E0518F44-BEE2-4CDC-AEBE-B9862293EFD3}"
EndProject
Project("{FAE04EC0-301F-11D3-BF4B-00C04F79EFBC}") = "Company.ExternalPrinterServicesEEProvider", "Company.ExternalPrinterServicesEEProvider\Company.ExternalPrinterServicesEEProvider.csproj", "{25BFA504-2DDC-44EC-B43E-C35D9531ADB8}"
EndProject
Project("{FAE04EC0-301F-11D3-BF4B-00C04F79EFBC}") = "Company.ExternalRenewalServices", "Company.ExternalRenewalServices\Company.ExternalRenewalServices.csproj", "{85E76A81-7331-4631-B9E3-ECD123E0B7EA}"
EndProject
Project("{FAE04EC0-301F-11D3-BF4B-00C04F79EFBC}") = "Company.ExternalRenewalServicesEEProvider", "Company.ExternalRenewalServicesEEProvider\Company.ExternalRenewalServicesEEProvider.csproj", "{066FBE00-6439-434F-AC71-834472929234}"
EndProject
Global
	GlobalSection(SolutionConfigurationPlatforms) = preSolution
		Debug|Any CPU = Debug|Any CPU
		Release|Any CPU = Release|Any CPU
	EndGlobalSection
	GlobalSection(ProjectConfigurationPlatforms) = postSolution
		{2FF08AFB-3757-4C7C-8B8B-6BEA2C12A6CC}.Debug|Any CPU.ActiveCfg = Debug|Any CPU
		{2FF08AFB-3757-4C7C-8B8B-6BEA2C12A6CC}.Debug|Any CPU.Build.0 = Debug|Any CPU
		{2FF08AFB-3757-4C7C-8B8B-6BEA2C12A6CC}.Release|Any CPU.ActiveCfg = Release|Any CPU
		{2FF08AFB-3757-4C7C-8B8B-6BEA2C12A6CC}.Release|Any CPU.Build.0 = Release|Any CPU
		{832F2278-D6F0-4671-8B1E-1191A8A3EA73}.Debug|Any CPU.ActiveCfg = Debug|Any CPU
		{832F2278-D6F0-4671-8B1E-1191A8A3EA73}.Debug|Any CPU.Build.0 = Debug|Any CPU
		{832F2278-D6F0-4671-8B1E-1191A8A3EA73}.Release|Any CPU.ActiveCfg = Release|Any CPU
		{832F2278-D6F0-4671-8B1E-1191A8A3EA73}.Release|Any CPU.Build.0 = Release|Any CPU
		{AA77F148-C01B-41F7-BF0F-FCB37F13FB6C}.Debug|Any CPU.ActiveCfg = Debug|Any CPU
		{AA77F148-C01B-41F7-BF0F-FCB37F13FB6C}.Debug|Any CPU.Build.0 = Debug|Any CPU
		{AA77F148-C01B-41F7-BF0F-FCB37F13FB6C}.Release|Any CPU.ActiveCfg = Release|Any CPU
		{AA77F148-C01B-41F7-BF0F-FCB37F13FB6C}.Release|Any CPU.Build.0 = Release|Any CPU
		{BB7E066B-1045-4D45-BCB5-18194031A891}.Debug|Any CPU.ActiveCfg = Debug|Any CPU
		{BB7E066B-1045-4D45-BCB5-18194031A891}.Debug|Any CPU.Build.0 = Debug|Any CPU
		{BB7E066B-1045-4D45-BCB5-18194031A891}.Release|Any CPU.ActiveCfg = Release|Any CPU
		{BB7E066B-1045-4D45-BCB5-18194031A891}.Release|Any CPU.Build.0 = Release|Any CPU
		{E0518F44-BEE2-4CDC-AEBE-B9862293EFD3}.Debug|Any CPU.ActiveCfg = Debug|Any CPU
		{E0518F44-BEE2-4CDC-AEBE-B9862293EFD3}.Debug|Any CPU.Build.0 = Debug|Any CPU
		{E0518F44-BEE2-4CDC-AEBE-B9862293EFD3}.Release|Any CPU.ActiveCfg = Release|Any CPU
		{E0518F44-BEE2-4CDC-AEBE-B9862293EFD3}.Release|Any CPU.Build.0 = Release|Any CPU
		{25BFA504-2DDC-44EC-B43E-C35D9531ADB8}.Debug|Any CPU.ActiveCfg = Debug|Any CPU
		{25BFA504-2DDC-44EC-B43E-C35D9531ADB8}.Debug|Any CPU.Build.0 = Debug|Any CPU
		{25BFA504-2DDC-44EC-B43E-C35D9531ADB8}.Release|Any CPU.ActiveCfg = Release|Any CPU
		{25BFA504-2DDC-44EC-B43E-C35D9531ADB8}.Release|Any CPU.Build.0 = Release|Any CPU
		{85E76A81-7331-4631-B9E3-ECD123E0B7EA}.Debug|Any CPU.ActiveCfg = Debug|Any CPU
		{85E76A81-7331-4631-B9E3-ECD123E0B7EA}.Debug|Any CPU.Build.0 = Debug|Any CPU
		{85E76A81-7331-4631-B9E3-ECD123E0B7EA}.Release|Any CPU.ActiveCfg = Release|Any CPU
		{85E76A81-7331-4631-B9E3-ECD123E0B7EA}.Release|Any CPU.Build.0 = Release|Any CPU
		{066FBE00-6439-434F-AC71-834472929234}.Debug|Any CPU.ActiveCfg = Debug|Any CPU
		{066FBE00-6439-434F-AC71-834472929234}.Debug|Any CPU.Build.0 = Debug|Any CPU
		{066FBE00-6439-434F-AC71-834472929234}.Release|Any CPU.ActiveCfg = Release|Any CPU
		{066FBE00-6439-434F-AC71-834472929234}.Release|Any CPU.Build.0 = Release|Any CPU
	EndGlobalSection
	GlobalSection(SolutionProperties) = preSolution
		HideSolutionNode = FALSE
	EndGlobalSection
	GlobalSection(ExtensibilityGlobals) = postSolution
		SolutionGuid = {ABCB7462-B687-43D5-B9ED-1EC9CCE5E51D}
	EndGlobalSection
	GlobalSection(TestCaseManagementSettings) = postSolution
		CategoryFile = UniquePerson.vsmdi
	EndGlobalSection
EndGlobal
