
Microsoft Visual Studio Solution File, Format Version 12.00
# Visual Studio 15
VisualStudioVersion = 15.0.26430.6
MinimumVisualStudioVersion = 10.0.40219.1
Project("{FAE04EC0-301F-11D3-BF4B-00C04F79EFBC}") = "Company.Vehicles.TPLRenewalService", "Company.Vehicles.CollectiveTPLRenewalService\Company.Vehicles.TPLRenewalService.csproj", "{BEFD4DFF-7617-4EFE-AC9D-4A84FCB2593E}"
EndProject
Project("{FAE04EC0-301F-11D3-BF4B-00C04F79EFBC}") = "Company.Vehicles.CollectiveTPLRenewalServiceEEProvider", "Company.Vehicles.CollectiveTPLRenewalServiceEEProvider\Company.Vehicles.CollectiveTPLRenewalServiceEEProvider.csproj", "{858AAC8E-3E06-4E3D-A8EA-05F7DF742335}"
EndProject
Global
	GlobalSection(SolutionConfigurationPlatforms) = preSolution
		Debug|Any CPU = Debug|Any CPU
		Release|Any CPU = Release|Any CPU
	EndGlobalSection
	GlobalSection(ProjectConfigurationPlatforms) = postSolution
		{BEFD4DFF-7617-4EFE-AC9D-4A84FCB2593E}.Debug|Any CPU.ActiveCfg = Debug|Any CPU
		{BEFD4DFF-7617-4EFE-AC9D-4A84FCB2593E}.Debug|Any CPU.Build.0 = Debug|Any CPU
		{BEFD4DFF-7617-4EFE-AC9D-4A84FCB2593E}.Release|Any CPU.ActiveCfg = Release|Any CPU
		{BEFD4DFF-7617-4EFE-AC9D-4A84FCB2593E}.Release|Any CPU.Build.0 = Release|Any CPU
		{858AAC8E-3E06-4E3D-A8EA-05F7DF742335}.Debug|Any CPU.ActiveCfg = Debug|Any CPU
		{858AAC8E-3E06-4E3D-A8EA-05F7DF742335}.Debug|Any CPU.Build.0 = Debug|Any CPU
		{858AAC8E-3E06-4E3D-A8EA-05F7DF742335}.Release|Any CPU.ActiveCfg = Release|Any CPU
		{858AAC8E-3E06-4E3D-A8EA-05F7DF742335}.Release|Any CPU.Build.0 = Release|Any CPU
	EndGlobalSection
	GlobalSection(SolutionProperties) = preSolution
		HideSolutionNode = FALSE
	EndGlobalSection
	GlobalSection(ExtensibilityGlobals) = postSolution
		SolutionGuid = {E4C9C790-A2B7-4E63-9578-65F65B9DF756}
	EndGlobalSection
EndGlobal
