
Microsoft Visual Studio Solution File, Format Version 12.00
# Visual Studio 2012
Project("{FAE04EC0-301F-11D3-BF4B-00C04F79EFBC}") = "Core.CollectiveServices", "CollectiveService\Core.CollectiveServices.csproj", "{2FF08AFB-3757-4C7C-8B8B-6BEA2C12A6CC}"
EndProject
Project("{FAE04EC0-301F-11D3-BF4B-00C04F79EFBC}") = "Core.CollectiveServices.EEProvider", "CollectiveServiceEEProvider\Core.CollectiveServices.EEProvider.csproj", "{832F2278-D6F0-4671-8B1E-1191A8A3EA73}"
EndProject
Global
	GlobalSection(TeamFoundationVersionControl) = preSolution
		SccNumberOfProjects = 3
		SccEnterpriseProvider = {4CA58AB2-18FA-4F8D-95D4-32DDF27D184C}
		SccTeamFoundationServer = http://tfs.sistran.com:8080/tfs/colombia
		SccLocalPath0 = .
		SccProjectUniqueName1 = CollectiveService\\Core.CollectiveServices.csproj
		SccProjectName1 = CollectiveService
		SccLocalPath1 = CollectiveService
		SccProjectUniqueName2 = CollectiveServiceEEProvider\\Core.CollectiveServices.EEProvider.csproj
		SccProjectName2 = CollectiveServiceEEProvider
		SccLocalPath2 = CollectiveServiceEEProvider
	EndGlobalSection
	GlobalSection(TestCaseManagementSettings) = postSolution
		CategoryFile = Core.CollectiveServices.vsmdi
	EndGlobalSection
	GlobalSection(SolutionConfigurationPlatforms) = preSolution
		Debug|Any CPU = Debug|Any CPU
		Release|Any CPU = Release|Any CPU
	EndGlobalSection
	GlobalSection(ProjectConfigurationPlatforms) = postSolution
		{832F2278-D6F0-4671-8B1E-1191A8A3EA73}.Debug|Any CPU.ActiveCfg = Debug|Any CPU
		{832F2278-D6F0-4671-8B1E-1191A8A3EA73}.Debug|Any CPU.Build.0 = Debug|Any CPU
		{832F2278-D6F0-4671-8B1E-1191A8A3EA73}.Release|Any CPU.ActiveCfg = Release|Any CPU
		{832F2278-D6F0-4671-8B1E-1191A8A3EA73}.Release|Any CPU.Build.0 = Release|Any CPU
		{2FF08AFB-3757-4C7C-8B8B-6BEA2C12A6CC}.Debug|Any CPU.ActiveCfg = Debug|Any CPU
		{2FF08AFB-3757-4C7C-8B8B-6BEA2C12A6CC}.Debug|Any CPU.Build.0 = Debug|Any CPU
		{2FF08AFB-3757-4C7C-8B8B-6BEA2C12A6CC}.Release|Any CPU.ActiveCfg = Release|Any CPU
		{2FF08AFB-3757-4C7C-8B8B-6BEA2C12A6CC}.Release|Any CPU.Build.0 = Release|Any CPU
	EndGlobalSection
	GlobalSection(SolutionProperties) = preSolution
		HideSolutionNode = FALSE
	EndGlobalSection
EndGlobal
