
Microsoft Visual Studio Solution File, Format Version 12.00
# Visual Studio 15
VisualStudioVersion = 15.0.27130.2003
MinimumVisualStudioVersion = 10.0.40219.1
Project("{2150E333-8FDC-42A3-9474-1A3956D46DE8}") = "Solution Items", "Solution Items", "{CA54A635-2AD3-4257-AB20-9A787A7DA12C}"
	ProjectSection(SolutionItems) = preProject
		Local.testsettings = Local.testsettings
		TraceAndTestImpact.testsettings = TraceAndTestImpact.testsettings
		UniquePerson.vsmdi = UniquePerson.vsmdi
	EndProjectSection
EndProject
Project("{FAE04EC0-301F-11D3-BF4B-00C04F79EFBC}") = "Company.UniquePersonParamService", "UniquePersonParamService\Company.UniquePersonParamService.csproj", "{129CA02C-122B-4968-8CE8-94ABB77CB739}"
EndProject
Project("{FAE04EC0-301F-11D3-BF4B-00C04F79EFBC}") = "SarlaftBusinessServices", "SarlaftBusinessServices\SarlaftBusinessServices.csproj", "{D7456C8F-245A-435B-B1CA-D03157040D6B}"
EndProject
Project("{FAE04EC0-301F-11D3-BF4B-00C04F79EFBC}") = "Company.UniquePersonServices.V1", "UniquePersonService.V1\Company.UniquePersonServices.V1.csproj", "{6C779CB8-741E-4909-A50A-8788DA8DA345}"
EndProject
Project("{FAE04EC0-301F-11D3-BF4B-00C04F79EFBC}") = "Company.UniquePersonAplicationServices", "UniquePersonAplicationService\Company.UniquePersonAplicationServices.csproj", "{A7078692-892D-42A8-B388-F51551CCCAB7}"
EndProject
Project("{FAE04EC0-301F-11D3-BF4B-00C04F79EFBC}") = "SarlaftApplicationServices", "SarlaftApplicationServices\SarlaftApplicationServices.csproj", "{7CCAC439-3064-42EC-83F7-9D593EE7820E}"
EndProject
Project("{FAE04EC0-301F-11D3-BF4B-00C04F79EFBC}") = "UniquePersonListRiskApplicationServices", "UniquePersonListRiskApplicationServices\UniquePersonListRiskApplicationServices.csproj", "{CA1CBFCE-4F60-4F06-8517-58BA326DEA1E}"
EndProject
Project("{FAE04EC0-301F-11D3-BF4B-00C04F79EFBC}") = "UniquePersonListRiskBusinessService", "UniquePersonListRiskBusinessService\UniquePersonListRiskBusinessService.csproj", "{E537199C-4F40-438F-8E13-B6713CB286D0}"
EndProject
Project("{FAE04EC0-301F-11D3-BF4B-00C04F79EFBC}") = "Company.UniquePersonParamServiceEEProvider", "UniquePersonParamServiceEEProvider\Company.UniquePersonParamServiceEEProvider.csproj", "{1A7FE036-6F28-4935-8413-B1B0E0A3B20B}"
EndProject
Project("{FAE04EC0-301F-11D3-BF4B-00C04F79EFBC}") = "Company.UniquePersonServices.V1.EEProvider", "UniquePersonServiceEEProvider.V1\Company.UniquePersonServices.V1.EEProvider.csproj", "{4A6546B7-49CD-423D-BD52-E18A8CD55E95}"
EndProject
Project("{FAE04EC0-301F-11D3-BF4B-00C04F79EFBC}") = "Company.UniquePersonAplicationServices.EEProvider", "UniquePersonAplicationServiceEEProvider\Company.UniquePersonAplicationServices.EEProvider.csproj", "{9111C21B-0C88-4693-82C4-BDD3FDBF439C}"
EndProject
Project("{FAE04EC0-301F-11D3-BF4B-00C04F79EFBC}") = "SarlaftBusinessServicesProvider", "SarlaftBusinessServicesProvider\SarlaftBusinessServicesProvider.csproj", "{6309DE47-14C1-4D43-BFD4-105D68A9DAF4}"
EndProject
Project("{FAE04EC0-301F-11D3-BF4B-00C04F79EFBC}") = "SarlaftApplicationServicesProvider", "SarlaftApplicationServicesProvider\SarlaftApplicationServicesProvider.csproj", "{52E80F17-B239-4D39-9C2A-C4503BA4B028}"
EndProject
Project("{FAE04EC0-301F-11D3-BF4B-00C04F79EFBC}") = "UniquePersonListRiskApplicationServicesProvider", "UniquePersonListRiskApplicationServicesProvider\UniquePersonListRiskApplicationServicesProvider.csproj", "{2F1D4EE4-9CC8-4B00-AE0E-C6CC7C769445}"
EndProject
Project("{FAE04EC0-301F-11D3-BF4B-00C04F79EFBC}") = "UniquePersonListRiskBusinessServiceProvider", "UniquePersonListRiskBusinessServiceProvider\UniquePersonListRiskBusinessServiceProvider.csproj", "{E1DE7670-F95C-4845-B430-8082B6D22C6B}"
EndProject
Global
	GlobalSection(SolutionConfigurationPlatforms) = preSolution
		Debug|Any CPU = Debug|Any CPU
		Release|Any CPU = Release|Any CPU
	EndGlobalSection
	GlobalSection(ProjectConfigurationPlatforms) = postSolution
		{129CA02C-122B-4968-8CE8-94ABB77CB739}.Debug|Any CPU.ActiveCfg = Debug|Any CPU
		{129CA02C-122B-4968-8CE8-94ABB77CB739}.Debug|Any CPU.Build.0 = Debug|Any CPU
		{129CA02C-122B-4968-8CE8-94ABB77CB739}.Release|Any CPU.ActiveCfg = Release|Any CPU
		{129CA02C-122B-4968-8CE8-94ABB77CB739}.Release|Any CPU.Build.0 = Release|Any CPU
		{1A7FE036-6F28-4935-8413-B1B0E0A3B20B}.Debug|Any CPU.ActiveCfg = Debug|Any CPU
		{1A7FE036-6F28-4935-8413-B1B0E0A3B20B}.Debug|Any CPU.Build.0 = Debug|Any CPU
		{1A7FE036-6F28-4935-8413-B1B0E0A3B20B}.Release|Any CPU.ActiveCfg = Release|Any CPU
		{1A7FE036-6F28-4935-8413-B1B0E0A3B20B}.Release|Any CPU.Build.0 = Release|Any CPU
		{6C779CB8-741E-4909-A50A-8788DA8DA345}.Debug|Any CPU.ActiveCfg = Debug|Any CPU
		{6C779CB8-741E-4909-A50A-8788DA8DA345}.Debug|Any CPU.Build.0 = Debug|Any CPU
		{6C779CB8-741E-4909-A50A-8788DA8DA345}.Release|Any CPU.ActiveCfg = Release|Any CPU
		{6C779CB8-741E-4909-A50A-8788DA8DA345}.Release|Any CPU.Build.0 = Release|Any CPU
		{4A6546B7-49CD-423D-BD52-E18A8CD55E95}.Debug|Any CPU.ActiveCfg = Debug|Any CPU
		{4A6546B7-49CD-423D-BD52-E18A8CD55E95}.Debug|Any CPU.Build.0 = Debug|Any CPU
		{4A6546B7-49CD-423D-BD52-E18A8CD55E95}.Release|Any CPU.ActiveCfg = Release|Any CPU
		{4A6546B7-49CD-423D-BD52-E18A8CD55E95}.Release|Any CPU.Build.0 = Release|Any CPU
		{A7078692-892D-42A8-B388-F51551CCCAB7}.Debug|Any CPU.ActiveCfg = Debug|Any CPU
		{A7078692-892D-42A8-B388-F51551CCCAB7}.Debug|Any CPU.Build.0 = Debug|Any CPU
		{A7078692-892D-42A8-B388-F51551CCCAB7}.Release|Any CPU.ActiveCfg = Release|Any CPU
		{A7078692-892D-42A8-B388-F51551CCCAB7}.Release|Any CPU.Build.0 = Release|Any CPU
		{9111C21B-0C88-4693-82C4-BDD3FDBF439C}.Debug|Any CPU.ActiveCfg = Debug|Any CPU
		{9111C21B-0C88-4693-82C4-BDD3FDBF439C}.Debug|Any CPU.Build.0 = Debug|Any CPU
		{9111C21B-0C88-4693-82C4-BDD3FDBF439C}.Release|Any CPU.ActiveCfg = Release|Any CPU
		{9111C21B-0C88-4693-82C4-BDD3FDBF439C}.Release|Any CPU.Build.0 = Release|Any CPU
		{D7456C8F-245A-435B-B1CA-D03157040D6B}.Debug|Any CPU.ActiveCfg = Debug|Any CPU
		{D7456C8F-245A-435B-B1CA-D03157040D6B}.Debug|Any CPU.Build.0 = Debug|Any CPU
		{D7456C8F-245A-435B-B1CA-D03157040D6B}.Release|Any CPU.ActiveCfg = Release|Any CPU
		{D7456C8F-245A-435B-B1CA-D03157040D6B}.Release|Any CPU.Build.0 = Release|Any CPU
		{6309DE47-14C1-4D43-BFD4-105D68A9DAF4}.Debug|Any CPU.ActiveCfg = Debug|Any CPU
		{6309DE47-14C1-4D43-BFD4-105D68A9DAF4}.Debug|Any CPU.Build.0 = Debug|Any CPU
		{6309DE47-14C1-4D43-BFD4-105D68A9DAF4}.Release|Any CPU.ActiveCfg = Release|Any CPU
		{6309DE47-14C1-4D43-BFD4-105D68A9DAF4}.Release|Any CPU.Build.0 = Release|Any CPU
		{7CCAC439-3064-42EC-83F7-9D593EE7820E}.Debug|Any CPU.ActiveCfg = Debug|Any CPU
		{7CCAC439-3064-42EC-83F7-9D593EE7820E}.Debug|Any CPU.Build.0 = Debug|Any CPU
		{7CCAC439-3064-42EC-83F7-9D593EE7820E}.Release|Any CPU.ActiveCfg = Release|Any CPU
		{7CCAC439-3064-42EC-83F7-9D593EE7820E}.Release|Any CPU.Build.0 = Release|Any CPU
		{52E80F17-B239-4D39-9C2A-C4503BA4B028}.Debug|Any CPU.ActiveCfg = Debug|Any CPU
		{52E80F17-B239-4D39-9C2A-C4503BA4B028}.Debug|Any CPU.Build.0 = Debug|Any CPU
		{52E80F17-B239-4D39-9C2A-C4503BA4B028}.Release|Any CPU.ActiveCfg = Release|Any CPU
		{52E80F17-B239-4D39-9C2A-C4503BA4B028}.Release|Any CPU.Build.0 = Release|Any CPU
		{CA1CBFCE-4F60-4F06-8517-58BA326DEA1E}.Debug|Any CPU.ActiveCfg = Debug|Any CPU
		{CA1CBFCE-4F60-4F06-8517-58BA326DEA1E}.Debug|Any CPU.Build.0 = Debug|Any CPU
		{CA1CBFCE-4F60-4F06-8517-58BA326DEA1E}.Release|Any CPU.ActiveCfg = Release|Any CPU
		{CA1CBFCE-4F60-4F06-8517-58BA326DEA1E}.Release|Any CPU.Build.0 = Release|Any CPU
		{2F1D4EE4-9CC8-4B00-AE0E-C6CC7C769445}.Debug|Any CPU.ActiveCfg = Debug|Any CPU
		{2F1D4EE4-9CC8-4B00-AE0E-C6CC7C769445}.Debug|Any CPU.Build.0 = Debug|Any CPU
		{2F1D4EE4-9CC8-4B00-AE0E-C6CC7C769445}.Release|Any CPU.ActiveCfg = Release|Any CPU
		{2F1D4EE4-9CC8-4B00-AE0E-C6CC7C769445}.Release|Any CPU.Build.0 = Release|Any CPU
		{E537199C-4F40-438F-8E13-B6713CB286D0}.Debug|Any CPU.ActiveCfg = Debug|Any CPU
		{E537199C-4F40-438F-8E13-B6713CB286D0}.Debug|Any CPU.Build.0 = Debug|Any CPU
		{E537199C-4F40-438F-8E13-B6713CB286D0}.Release|Any CPU.ActiveCfg = Release|Any CPU
		{E537199C-4F40-438F-8E13-B6713CB286D0}.Release|Any CPU.Build.0 = Release|Any CPU
		{E1DE7670-F95C-4845-B430-8082B6D22C6B}.Debug|Any CPU.ActiveCfg = Debug|Any CPU
		{E1DE7670-F95C-4845-B430-8082B6D22C6B}.Debug|Any CPU.Build.0 = Debug|Any CPU
		{E1DE7670-F95C-4845-B430-8082B6D22C6B}.Release|Any CPU.ActiveCfg = Release|Any CPU
		{E1DE7670-F95C-4845-B430-8082B6D22C6B}.Release|Any CPU.Build.0 = Release|Any CPU
	EndGlobalSection
	GlobalSection(SolutionProperties) = preSolution
		HideSolutionNode = FALSE
	EndGlobalSection
	GlobalSection(ExtensibilityGlobals) = postSolution
		SolutionGuid = {5992207F-3D16-442E-A18A-D4ADE12573AA}
	EndGlobalSection
	GlobalSection(TestCaseManagementSettings) = postSolution
		CategoryFile = UniquePerson.vsmdi
	EndGlobalSection
EndGlobal
