
Microsoft Visual Studio Solution File, Format Version 12.00
# Visual Studio 15
VisualStudioVersion = 15.0.26430.12
MinimumVisualStudioVersion = 10.0.40219.1
Project("{FAE04EC0-301F-11D3-BF4B-00C04F79EFBC}") = "Company.Location.LiabilityCollectiveServices.EEProvider", "LiabilityCollectiveServices\Company.Location.LiabilityCollectiveServices.EEProvider.csproj", "{506B0992-B838-49E3-9408-A9B07CC6D255}"
EndProject
Project("{FAE04EC0-301F-11D3-BF4B-00C04F79EFBC}") = "Company.Location.LiabilityCollectiveServices", "LiabilityCollectiveServicesEEProvider\Company.Location.LiabilityCollectiveServices.csproj", "{A214F8A7-AB72-451E-B0EF-E5643D303A43}"
EndProject
Global
	GlobalSection(SolutionConfigurationPlatforms) = preSolution
		Debug|Any CPU = Debug|Any CPU
		Release|Any CPU = Release|Any CPU
	EndGlobalSection
	GlobalSection(ProjectConfigurationPlatforms) = postSolution
		{506B0992-B838-49E3-9408-A9B07CC6D255}.Debug|Any CPU.ActiveCfg = Debug|Any CPU
		{506B0992-B838-49E3-9408-A9B07CC6D255}.Debug|Any CPU.Build.0 = Debug|Any CPU
		{506B0992-B838-49E3-9408-A9B07CC6D255}.Release|Any CPU.ActiveCfg = Release|Any CPU
		{506B0992-B838-49E3-9408-A9B07CC6D255}.Release|Any CPU.Build.0 = Release|Any CPU
		{A214F8A7-AB72-451E-B0EF-E5643D303A43}.Debug|Any CPU.ActiveCfg = Debug|Any CPU
		{A214F8A7-AB72-451E-B0EF-E5643D303A43}.Debug|Any CPU.Build.0 = Debug|Any CPU
		{A214F8A7-AB72-451E-B0EF-E5643D303A43}.Release|Any CPU.ActiveCfg = Release|Any CPU
		{A214F8A7-AB72-451E-B0EF-E5643D303A43}.Release|Any CPU.Build.0 = Release|Any CPU
	EndGlobalSection
	GlobalSection(SolutionProperties) = preSolution
		HideSolutionNode = FALSE
	EndGlobalSection
	GlobalSection(TeamFoundationVersionControl) = preSolution
		SccNumberOfProjects = 3
		SccEnterpriseProvider = {4CA58AB2-18FA-4F8D-95D4-32DDF27D184C}
		SccTeamFoundationServer = http://tfs.sistran.com:8080/tfs/colombia
		SccProjectUniqueName0 = LiabilityCollectiveServices\\Company.Location.LiabilityCollectiveServices.EEProvider.csproj
		SccProjectName0 = LiabilityCollectiveServices
		SccLocalPath0 = LiabilityCollectiveServices
		SccProjectUniqueName1 = LiabilityCollectiveServicesEEProvider\\Company.Location.LiabilityCollectiveServices.csproj
		SccProjectName1 = LiabilityCollectiveServicesEEProvider
		SccLocalPath1 = LiabilityCollectiveServicesEEProvider
		SccLocalPath2 = .
	EndGlobalSection
EndGlobal
