
Microsoft Visual Studio Solution File, Format Version 12.00
# Visual Studio 15
VisualStudioVersion = 15.0.28010.2003
MinimumVisualStudioVersion = 10.0.40219.1
Project("{FAE04EC0-301F-11D3-BF4B-00C04F79EFBC}") = "Core.Finances.FidelityServices", "FidelityService\Core.Finances.FidelityServices.csproj", "{303E138A-36AB-423B-8C91-B204A2F16467}"
EndProject
Project("{FAE04EC0-301F-11D3-BF4B-00C04F79EFBC}") = "Core.Finances.FidelityServices.EEProvider", "FidelityServiceEEProvider\Core.Finances.FidelityServices.EEProvider.csproj", "{AD414402-DE2C-4AE2-B750-209637C12F61}"
EndProject
Project("{FAE04EC0-301F-11D3-BF4B-00C04F79EFBC}") = "IntegrationService", "IntegrationService\IntegrationService.csproj", "{BFEC4A98-2DFA-4C36-A790-B2ED60F2007F}"
	ProjectSection(ProjectDependencies) = postProject
		{AD414402-DE2C-4AE2-B750-209637C12F61} = {AD414402-DE2C-4AE2-B750-209637C12F61}
		{303E138A-36AB-423B-8C91-B204A2F16467} = {303E138A-36AB-423B-8C91-B204A2F16467}
	EndProjectSection
EndProject
Project("{FAE04EC0-301F-11D3-BF4B-00C04F79EFBC}") = "IntegrationServiceEEProvider", "IntegrationServiceEEProvider\IntegrationServiceEEProvider.csproj", "{B85E6AA9-80D2-4F56-B6A3-2DAE2CEAAECB}"
	ProjectSection(ProjectDependencies) = postProject
		{BFEC4A98-2DFA-4C36-A790-B2ED60F2007F} = {BFEC4A98-2DFA-4C36-A790-B2ED60F2007F}
	EndProjectSection
EndProject
Global
	GlobalSection(SolutionConfigurationPlatforms) = preSolution
		Debug|Any CPU = Debug|Any CPU
		Release|Any CPU = Release|Any CPU
	EndGlobalSection
	GlobalSection(ProjectConfigurationPlatforms) = postSolution
		{303E138A-36AB-423B-8C91-B204A2F16467}.Debug|Any CPU.ActiveCfg = Debug|Any CPU
		{303E138A-36AB-423B-8C91-B204A2F16467}.Debug|Any CPU.Build.0 = Debug|Any CPU
		{303E138A-36AB-423B-8C91-B204A2F16467}.Release|Any CPU.ActiveCfg = Release|Any CPU
		{303E138A-36AB-423B-8C91-B204A2F16467}.Release|Any CPU.Build.0 = Release|Any CPU
		{AD414402-DE2C-4AE2-B750-209637C12F61}.Debug|Any CPU.ActiveCfg = Debug|Any CPU
		{AD414402-DE2C-4AE2-B750-209637C12F61}.Debug|Any CPU.Build.0 = Debug|Any CPU
		{AD414402-DE2C-4AE2-B750-209637C12F61}.Release|Any CPU.ActiveCfg = Release|Any CPU
		{AD414402-DE2C-4AE2-B750-209637C12F61}.Release|Any CPU.Build.0 = Release|Any CPU
		{BFEC4A98-2DFA-4C36-A790-B2ED60F2007F}.Debug|Any CPU.ActiveCfg = Debug|Any CPU
		{BFEC4A98-2DFA-4C36-A790-B2ED60F2007F}.Debug|Any CPU.Build.0 = Debug|Any CPU
		{BFEC4A98-2DFA-4C36-A790-B2ED60F2007F}.Release|Any CPU.ActiveCfg = Release|Any CPU
		{BFEC4A98-2DFA-4C36-A790-B2ED60F2007F}.Release|Any CPU.Build.0 = Release|Any CPU
		{B85E6AA9-80D2-4F56-B6A3-2DAE2CEAAECB}.Debug|Any CPU.ActiveCfg = Debug|Any CPU
		{B85E6AA9-80D2-4F56-B6A3-2DAE2CEAAECB}.Debug|Any CPU.Build.0 = Debug|Any CPU
		{B85E6AA9-80D2-4F56-B6A3-2DAE2CEAAECB}.Release|Any CPU.ActiveCfg = Release|Any CPU
		{B85E6AA9-80D2-4F56-B6A3-2DAE2CEAAECB}.Release|Any CPU.Build.0 = Release|Any CPU
	EndGlobalSection
	GlobalSection(SolutionProperties) = preSolution
		HideSolutionNode = FALSE
	EndGlobalSection
	GlobalSection(ExtensibilityGlobals) = postSolution
		SolutionGuid = {E5EE7C7F-2BB6-4975-8458-C248D44F0F4F}
	EndGlobalSection
EndGlobal
