
Microsoft Visual Studio Solution File, Format Version 12.00
# Visual Studio 15
VisualStudioVersion = 15.0.27703.2026
MinimumVisualStudioVersion = 10.0.40219.1
Project("{FAE04EC0-301F-11D3-BF4B-00C04F79EFBC}") = "ClaimsIntegrationServices", "ClaimsIntegrationServices\ClaimsIntegrationServices.csproj", "{ACE4C7D3-6EB2-48CF-85C2-F52F51BC1C65}"
EndProject
Project("{FAE04EC0-301F-11D3-BF4B-00C04F79EFBC}") = "ReinsuranceIntegrationServices", "ReinsuranceIntegrationServices\ReinsuranceIntegrationServices.csproj", "{0FB42DE6-FEEF-4269-B831-00176BEB958E}"
EndProject
Project("{FAE04EC0-301F-11D3-BF4B-00C04F79EFBC}") = "UndewritingIntegrationServices", "UndewritingIntegrationServices\UndewritingIntegrationServices.csproj", "{D4386AE0-61A7-4357-B3F9-652EBC295CD0}"
EndProject
Project("{FAE04EC0-301F-11D3-BF4B-00C04F79EFBC}") = "AccountingIntegrationService", "AccountingIntegrationService\AccountingIntegrationService.csproj", "{2FFD2A8A-17F6-4A16-A632-BF273B6609FB}"
EndProject
Global
	GlobalSection(SolutionConfigurationPlatforms) = preSolution
		Debug|Any CPU = Debug|Any CPU
		Release|Any CPU = Release|Any CPU
	EndGlobalSection
	GlobalSection(ProjectConfigurationPlatforms) = postSolution
		{ACE4C7D3-6EB2-48CF-85C2-F52F51BC1C65}.Debug|Any CPU.ActiveCfg = Debug|Any CPU
		{ACE4C7D3-6EB2-48CF-85C2-F52F51BC1C65}.Debug|Any CPU.Build.0 = Debug|Any CPU
		{ACE4C7D3-6EB2-48CF-85C2-F52F51BC1C65}.Release|Any CPU.ActiveCfg = Release|Any CPU
		{ACE4C7D3-6EB2-48CF-85C2-F52F51BC1C65}.Release|Any CPU.Build.0 = Release|Any CPU
		{0FB42DE6-FEEF-4269-B831-00176BEB958E}.Debug|Any CPU.ActiveCfg = Debug|Any CPU
		{0FB42DE6-FEEF-4269-B831-00176BEB958E}.Debug|Any CPU.Build.0 = Debug|Any CPU
		{0FB42DE6-FEEF-4269-B831-00176BEB958E}.Release|Any CPU.ActiveCfg = Release|Any CPU
		{0FB42DE6-FEEF-4269-B831-00176BEB958E}.Release|Any CPU.Build.0 = Release|Any CPU
		{D4386AE0-61A7-4357-B3F9-652EBC295CD0}.Debug|Any CPU.ActiveCfg = Debug|Any CPU
		{D4386AE0-61A7-4357-B3F9-652EBC295CD0}.Debug|Any CPU.Build.0 = Debug|Any CPU
		{D4386AE0-61A7-4357-B3F9-652EBC295CD0}.Release|Any CPU.ActiveCfg = Release|Any CPU
		{D4386AE0-61A7-4357-B3F9-652EBC295CD0}.Release|Any CPU.Build.0 = Release|Any CPU
		{2FFD2A8A-17F6-4A16-A632-BF273B6609FB}.Debug|Any CPU.ActiveCfg = Debug|Any CPU
		{2FFD2A8A-17F6-4A16-A632-BF273B6609FB}.Debug|Any CPU.Build.0 = Debug|Any CPU
		{2FFD2A8A-17F6-4A16-A632-BF273B6609FB}.Release|Any CPU.ActiveCfg = Release|Any CPU
		{2FFD2A8A-17F6-4A16-A632-BF273B6609FB}.Release|Any CPU.Build.0 = Release|Any CPU
	EndGlobalSection
	GlobalSection(SolutionProperties) = preSolution
		HideSolutionNode = FALSE
	EndGlobalSection
	GlobalSection(ExtensibilityGlobals) = postSolution
		SolutionGuid = {8AA20BCD-9732-4450-A565-88F8CFFDC8A0}
	EndGlobalSection
EndGlobal
