
Microsoft Visual Studio Solution File, Format Version 12.00
# Visual Studio 15
VisualStudioVersion = 15.0.27703.2026
MinimumVisualStudioVersion = 10.0.40219.1
Project("{FAE04EC0-301F-11D3-BF4B-00C04F79EFBC}") = "OperatingQuoteWebServices", "OperatingQuoteWebServices\OperatingQuoteWebServices.csproj", "{A95532CA-3917-4968-BA14-27D9191A8576}"
EndProject
Global
	GlobalSection(SolutionConfigurationPlatforms) = preSolution
		Debug|Any CPU = Debug|Any CPU
		Release|Any CPU = Release|Any CPU
	EndGlobalSection
	GlobalSection(ProjectConfigurationPlatforms) = postSolution
		{A95532CA-3917-4968-BA14-27D9191A8576}.Debug|Any CPU.ActiveCfg = Debug|Any CPU
		{A95532CA-3917-4968-BA14-27D9191A8576}.Debug|Any CPU.Build.0 = Debug|Any CPU
		{A95532CA-3917-4968-BA14-27D9191A8576}.Release|Any CPU.ActiveCfg = Release|Any CPU
		{A95532CA-3917-4968-BA14-27D9191A8576}.Release|Any CPU.Build.0 = Release|Any CPU
	EndGlobalSection
	GlobalSection(SolutionProperties) = preSolution
		HideSolutionNode = FALSE
	EndGlobalSection
	GlobalSection(ExtensibilityGlobals) = postSolution
		SolutionGuid = {F70DA627-23B7-4936-BFA4-DF38A2256E93}
	EndGlobalSection
EndGlobal
