
Microsoft Visual Studio Solution File, Format Version 12.00
# Visual Studio 15
VisualStudioVersion = 15.0.27703.2000
MinimumVisualStudioVersion = 10.0.40219.1
Project("{2150E333-8FDC-42A3-9474-1A3956D46DE8}") = "Solution Items", "Solution Items", "{12CF49F2-EE8C-467D-A863-4E4B04F8D2B4}"
	ProjectSection(SolutionItems) = preProject
		Local.testsettings = Local.testsettings
		ReportingService.vsmdi = ReportingService.vsmdi
		TraceAndTestImpact.testsettings = TraceAndTestImpact.testsettings
	EndProjectSection
EndProject
Project("{FAE04EC0-301F-11D3-BF4B-00C04F79EFBC}") = "Core.ReportingServices", "ReportingServices\Core.ReportingServices.csproj", "{0DE8D516-6400-4693-875A-50186D06DC55}"
EndProject
Project("{FAE04EC0-301F-11D3-BF4B-00C04F79EFBC}") = "Core.ReportingServices.Provider", "ReportingServicesProvider\Core.ReportingServices.Provider.csproj", "{2D85C8AD-F667-4984-A301-07FC89787E58}"
EndProject
Global
	GlobalSection(SolutionConfigurationPlatforms) = preSolution
		Debug|Any CPU = Debug|Any CPU
		Release|Any CPU = Release|Any CPU
	EndGlobalSection
	GlobalSection(ProjectConfigurationPlatforms) = postSolution
		{0DE8D516-6400-4693-875A-50186D06DC55}.Debug|Any CPU.ActiveCfg = Debug|Any CPU
		{0DE8D516-6400-4693-875A-50186D06DC55}.Debug|Any CPU.Build.0 = Debug|Any CPU
		{0DE8D516-6400-4693-875A-50186D06DC55}.Release|Any CPU.ActiveCfg = Release|Any CPU
		{0DE8D516-6400-4693-875A-50186D06DC55}.Release|Any CPU.Build.0 = Release|Any CPU
		{2D85C8AD-F667-4984-A301-07FC89787E58}.Debug|Any CPU.ActiveCfg = Debug|Any CPU
		{2D85C8AD-F667-4984-A301-07FC89787E58}.Debug|Any CPU.Build.0 = Debug|Any CPU
		{2D85C8AD-F667-4984-A301-07FC89787E58}.Release|Any CPU.ActiveCfg = Release|Any CPU
		{2D85C8AD-F667-4984-A301-07FC89787E58}.Release|Any CPU.Build.0 = Release|Any CPU
	EndGlobalSection
	GlobalSection(SolutionProperties) = preSolution
		HideSolutionNode = FALSE
	EndGlobalSection
	GlobalSection(ExtensibilityGlobals) = postSolution
		SolutionGuid = {3A181348-C92F-484D-A1A0-1E83ECE59E63}
	EndGlobalSection
	GlobalSection(TestCaseManagementSettings) = postSolution
		CategoryFile = ReportingService.vsmdi
	EndGlobalSection
EndGlobal
