Microsoft Visual Studio Solution File, Format Version 12.00
# Visual Studio 15
VisualStudioVersion = 15.0.27428.2002
MinimumVisualStudioVersion = 10.0.40219.1
Project("{FAE04EC0-301F-11D3-BF4B-00C04F79EFBC}") = "Core.BaseEndorsementService", "Core.BaseEndorsement\Core.BaseEndorsementService.csproj", "{9B00D452-76E7-4B12-8BC5-EE4F5917E9DA}"
EndProject
Project("{FAE04EC0-301F-11D3-BF4B-00C04F79EFBC}") = "Core.CancellationEndorsement", "Core.CancellationEndorsement\Core.CancellationEndorsement.csproj", "{30009073-2229-471D-8666-8D41060D5F74}"
EndProject
Project("{FAE04EC0-301F-11D3-BF4B-00C04F79EFBC}") = "Core.ExtensionEndorsement", "Core.ExtensionEndorsement\Core.ExtensionEndorsement.csproj", "{391D8C58-30FC-4E25-A31E-32169E48F25B}"
EndProject
Project("{FAE04EC0-301F-11D3-BF4B-00C04F79EFBC}") = "Core.ModificationEndorsement", "Core.ModificationEndorsement\Core.ModificationEndorsement.csproj", "{0655BC34-EC47-4A1C-8E0C-037FBB4218D2}"
EndProject
Project("{FAE04EC0-301F-11D3-BF4B-00C04F79EFBC}") = "Core.RenewalEndorsement", "Core.RenewalEndorsement\Core.RenewalEndorsement.csproj", "{7E251985-2D1F-450A-B36F-769B999D8178}"
EndProject
Project("{FAE04EC0-301F-11D3-BF4B-00C04F79EFBC}") = "Core.BaseEndorsementService.EEProvider", "Core.BaseEndorsementEEProvider\Core.BaseEndorsementService.EEProvider.csproj", "{56C6BE17-8411-4217-90D1-7D6F71986C92}"
EndProject
Project("{FAE04EC0-301F-11D3-BF4B-00C04F79EFBC}") = "Core.CancellationEndorsement.EEProvider", "Core.CancellationEndorsementEEProvider\Core.CancellationEndorsement.EEProvider.csproj", "{22E36569-53DD-4150-B0E0-59B50909323A}"
EndProject
Project("{FAE04EC0-301F-11D3-BF4B-00C04F79EFBC}") = "Core.ExtensionEndorsement.EEProvider", "Core.ExtensionEndorsementEEProvider\Core.ExtensionEndorsement.EEProvider.csproj", "{78CDC415-4906-4835-BE0C-E4F276E5EB85}"
EndProject
Project("{FAE04EC0-301F-11D3-BF4B-00C04F79EFBC}") = "Core.ModificationEndorsement.EEProvider", "Core.ModificationEndorsementEEProvider\Core.ModificationEndorsement.EEProvider.csproj", "{B444F893-92DD-45AB-80AB-287D95FE8CF7}"
EndProject
Project("{FAE04EC0-301F-11D3-BF4B-00C04F79EFBC}") = "Core.RenewalEndorsement.EEProvider", "Core.RenewalEndorsementEEProvider\Core.RenewalEndorsement.EEProvider.csproj", "{3A95988D-A414-4661-863B-66A8A4732AEE}"
EndProject
Project("{FAE04EC0-301F-11D3-BF4B-00C04F79EFBC}") = "Core.ReversionEndorsement", "Core.ReversionEndorsement\Core.ReversionEndorsement.csproj", "{875158A5-4916-420B-BB8E-3312F58EC270}"
EndProject
Project("{FAE04EC0-301F-11D3-BF4B-00C04F79EFBC}") = "Core.ReversionEndorsement.EEProvider", "Core.ReversionEndorsementEEProvider\Core.ReversionEndorsement.EEProvider.csproj", "{A785C564-F4C5-4E1B-A71F-8F7517C15E96}"
EndProject
Project("{FAE04EC0-301F-11D3-BF4B-00C04F79EFBC}") = "Core.ChangeTermEndorsement", "Core.ChangeTermEndorsement\Core.ChangeTermEndorsement.csproj", "{AD7636D7-54FA-4A80-BDF5-A510FC1D7D65}"
EndProject
Project("{FAE04EC0-301F-11D3-BF4B-00C04F79EFBC}") = "Core.ChangeTermEndorsement.EEProvider", "Core.ChangeTermEndorsementEEProvider\Core.ChangeTermEndorsement.EEProvider.csproj", "{63CB9193-BCBC-48BC-B1B5-484B4ACB314A}"
EndProject
Project("{FAE04EC0-301F-11D3-BF4B-00C04F79EFBC}") = "Core.ChangeAgentEndorsement", "Core.ChangeAgentEndorsement\Core.ChangeAgentEndorsement.csproj", "{959A568C-B4C7-44E2-8FE9-30951D62A0D6}"
EndProject
Project("{FAE04EC0-301F-11D3-BF4B-00C04F79EFBC}") = "Core.ChangeAgentEndorsement.EEProvider", "Core.ChangeAgentEndorsement.EEProvider\Core.ChangeAgentEndorsement.EEProvider.csproj", "{4CD0FBBA-1725-4350-ABBB-4BB7B8120C51}"
EndProject
Project("{FAE04EC0-301F-11D3-BF4B-00C04F79EFBC}") = "Core.CreditNoteEndorsement", "Core.CreditNoteEndorsement\Core.CreditNoteEndorsement.csproj", "{07159BB2-4F85-4F3A-A71F-E5605A16ED60}"
EndProject
Project("{FAE04EC0-301F-11D3-BF4B-00C04F79EFBC}") = "Core.CreditNoteEndorsement.EEProvider", "Core.CreditNoteEndorsementEEProvider\Core.CreditNoteEndorsement.EEProvider.csproj", "{2667E87B-2048-4125-A7B7-FF0A0185B197}"
EndProject
Global
	GlobalSection(SolutionConfigurationPlatforms) = preSolution
		Debug|Any CPU = Debug|Any CPU
		Release|Any CPU = Release|Any CPU
	EndGlobalSection
	GlobalSection(ProjectConfigurationPlatforms) = postSolution
		{9B00D452-76E7-4B12-8BC5-EE4F5917E9DA}.Debug|Any CPU.ActiveCfg = Debug|Any CPU
		{9B00D452-76E7-4B12-8BC5-EE4F5917E9DA}.Debug|Any CPU.Build.0 = Debug|Any CPU
		{9B00D452-76E7-4B12-8BC5-EE4F5917E9DA}.Release|Any CPU.ActiveCfg = Release|Any CPU
		{9B00D452-76E7-4B12-8BC5-EE4F5917E9DA}.Release|Any CPU.Build.0 = Release|Any CPU
		{30009073-2229-471D-8666-8D41060D5F74}.Debug|Any CPU.ActiveCfg = Debug|Any CPU
		{30009073-2229-471D-8666-8D41060D5F74}.Debug|Any CPU.Build.0 = Debug|Any CPU
		{30009073-2229-471D-8666-8D41060D5F74}.Release|Any CPU.ActiveCfg = Release|Any CPU
		{30009073-2229-471D-8666-8D41060D5F74}.Release|Any CPU.Build.0 = Release|Any CPU
		{391D8C58-30FC-4E25-A31E-32169E48F25B}.Debug|Any CPU.ActiveCfg = Debug|Any CPU
		{391D8C58-30FC-4E25-A31E-32169E48F25B}.Debug|Any CPU.Build.0 = Debug|Any CPU
		{391D8C58-30FC-4E25-A31E-32169E48F25B}.Release|Any CPU.ActiveCfg = Release|Any CPU
		{391D8C58-30FC-4E25-A31E-32169E48F25B}.Release|Any CPU.Build.0 = Release|Any CPU
		{0655BC34-EC47-4A1C-8E0C-037FBB4218D2}.Debug|Any CPU.ActiveCfg = Debug|Any CPU
		{0655BC34-EC47-4A1C-8E0C-037FBB4218D2}.Debug|Any CPU.Build.0 = Debug|Any CPU
		{0655BC34-EC47-4A1C-8E0C-037FBB4218D2}.Release|Any CPU.ActiveCfg = Release|Any CPU
		{0655BC34-EC47-4A1C-8E0C-037FBB4218D2}.Release|Any CPU.Build.0 = Release|Any CPU
		{7E251985-2D1F-450A-B36F-769B999D8178}.Debug|Any CPU.ActiveCfg = Debug|Any CPU
		{7E251985-2D1F-450A-B36F-769B999D8178}.Debug|Any CPU.Build.0 = Debug|Any CPU
		{7E251985-2D1F-450A-B36F-769B999D8178}.Release|Any CPU.ActiveCfg = Release|Any CPU
		{7E251985-2D1F-450A-B36F-769B999D8178}.Release|Any CPU.Build.0 = Release|Any CPU
		{56C6BE17-8411-4217-90D1-7D6F71986C92}.Debug|Any CPU.ActiveCfg = Debug|Any CPU
		{56C6BE17-8411-4217-90D1-7D6F71986C92}.Debug|Any CPU.Build.0 = Debug|Any CPU
		{56C6BE17-8411-4217-90D1-7D6F71986C92}.Release|Any CPU.ActiveCfg = Release|Any CPU
		{56C6BE17-8411-4217-90D1-7D6F71986C92}.Release|Any CPU.Build.0 = Release|Any CPU
		{22E36569-53DD-4150-B0E0-59B50909323A}.Debug|Any CPU.ActiveCfg = Debug|Any CPU
		{22E36569-53DD-4150-B0E0-59B50909323A}.Debug|Any CPU.Build.0 = Debug|Any CPU
		{22E36569-53DD-4150-B0E0-59B50909323A}.Release|Any CPU.ActiveCfg = Release|Any CPU
		{22E36569-53DD-4150-B0E0-59B50909323A}.Release|Any CPU.Build.0 = Release|Any CPU
		{78CDC415-4906-4835-BE0C-E4F276E5EB85}.Debug|Any CPU.ActiveCfg = Debug|Any CPU
		{78CDC415-4906-4835-BE0C-E4F276E5EB85}.Debug|Any CPU.Build.0 = Debug|Any CPU
		{78CDC415-4906-4835-BE0C-E4F276E5EB85}.Release|Any CPU.ActiveCfg = Release|Any CPU
		{78CDC415-4906-4835-BE0C-E4F276E5EB85}.Release|Any CPU.Build.0 = Release|Any CPU
		{B444F893-92DD-45AB-80AB-287D95FE8CF7}.Debug|Any CPU.ActiveCfg = Debug|Any CPU
		{B444F893-92DD-45AB-80AB-287D95FE8CF7}.Debug|Any CPU.Build.0 = Debug|Any CPU
		{B444F893-92DD-45AB-80AB-287D95FE8CF7}.Release|Any CPU.ActiveCfg = Release|Any CPU
		{B444F893-92DD-45AB-80AB-287D95FE8CF7}.Release|Any CPU.Build.0 = Release|Any CPU
		{3A95988D-A414-4661-863B-66A8A4732AEE}.Debug|Any CPU.ActiveCfg = Debug|Any CPU
		{3A95988D-A414-4661-863B-66A8A4732AEE}.Debug|Any CPU.Build.0 = Debug|Any CPU
		{3A95988D-A414-4661-863B-66A8A4732AEE}.Release|Any CPU.ActiveCfg = Release|Any CPU
		{3A95988D-A414-4661-863B-66A8A4732AEE}.Release|Any CPU.Build.0 = Release|Any CPU
		{875158A5-4916-420B-BB8E-3312F58EC270}.Debug|Any CPU.ActiveCfg = Debug|Any CPU
		{875158A5-4916-420B-BB8E-3312F58EC270}.Debug|Any CPU.Build.0 = Debug|Any CPU
		{875158A5-4916-420B-BB8E-3312F58EC270}.Release|Any CPU.ActiveCfg = Release|Any CPU
		{875158A5-4916-420B-BB8E-3312F58EC270}.Release|Any CPU.Build.0 = Release|Any CPU
		{A785C564-F4C5-4E1B-A71F-8F7517C15E96}.Debug|Any CPU.ActiveCfg = Debug|Any CPU
		{A785C564-F4C5-4E1B-A71F-8F7517C15E96}.Debug|Any CPU.Build.0 = Debug|Any CPU
		{A785C564-F4C5-4E1B-A71F-8F7517C15E96}.Release|Any CPU.ActiveCfg = Release|Any CPU
		{A785C564-F4C5-4E1B-A71F-8F7517C15E96}.Release|Any CPU.Build.0 = Release|Any CPU
		{AD7636D7-54FA-4A80-BDF5-A510FC1D7D65}.Debug|Any CPU.ActiveCfg = Debug|Any CPU
		{AD7636D7-54FA-4A80-BDF5-A510FC1D7D65}.Debug|Any CPU.Build.0 = Debug|Any CPU
		{AD7636D7-54FA-4A80-BDF5-A510FC1D7D65}.Release|Any CPU.ActiveCfg = Release|Any CPU
		{AD7636D7-54FA-4A80-BDF5-A510FC1D7D65}.Release|Any CPU.Build.0 = Release|Any CPU
		{63CB9193-BCBC-48BC-B1B5-484B4ACB314A}.Debug|Any CPU.ActiveCfg = Debug|Any CPU
		{63CB9193-BCBC-48BC-B1B5-484B4ACB314A}.Debug|Any CPU.Build.0 = Debug|Any CPU
		{63CB9193-BCBC-48BC-B1B5-484B4ACB314A}.Release|Any CPU.ActiveCfg = Release|Any CPU
		{63CB9193-BCBC-48BC-B1B5-484B4ACB314A}.Release|Any CPU.Build.0 = Release|Any CPU
		{959A568C-B4C7-44E2-8FE9-30951D62A0D6}.Debug|Any CPU.ActiveCfg = Debug|Any CPU
		{959A568C-B4C7-44E2-8FE9-30951D62A0D6}.Debug|Any CPU.Build.0 = Debug|Any CPU
		{959A568C-B4C7-44E2-8FE9-30951D62A0D6}.Release|Any CPU.ActiveCfg = Release|Any CPU
		{959A568C-B4C7-44E2-8FE9-30951D62A0D6}.Release|Any CPU.Build.0 = Release|Any CPU
		{4CD0FBBA-1725-4350-ABBB-4BB7B8120C51}.Debug|Any CPU.ActiveCfg = Debug|Any CPU
		{4CD0FBBA-1725-4350-ABBB-4BB7B8120C51}.Debug|Any CPU.Build.0 = Debug|Any CPU
		{4CD0FBBA-1725-4350-ABBB-4BB7B8120C51}.Release|Any CPU.ActiveCfg = Release|Any CPU
		{4CD0FBBA-1725-4350-ABBB-4BB7B8120C51}.Release|Any CPU.Build.0 = Release|Any CPU
		{07159BB2-4F85-4F3A-A71F-E5605A16ED60}.Debug|Any CPU.ActiveCfg = Debug|Any CPU
		{07159BB2-4F85-4F3A-A71F-E5605A16ED60}.Debug|Any CPU.Build.0 = Debug|Any CPU
		{07159BB2-4F85-4F3A-A71F-E5605A16ED60}.Release|Any CPU.ActiveCfg = Release|Any CPU
		{07159BB2-4F85-4F3A-A71F-E5605A16ED60}.Release|Any CPU.Build.0 = Release|Any CPU
		{2667E87B-2048-4125-A7B7-FF0A0185B197}.Debug|Any CPU.ActiveCfg = Debug|Any CPU
		{2667E87B-2048-4125-A7B7-FF0A0185B197}.Debug|Any CPU.Build.0 = Debug|Any CPU
		{2667E87B-2048-4125-A7B7-FF0A0185B197}.Release|Any CPU.ActiveCfg = Release|Any CPU
		{2667E87B-2048-4125-A7B7-FF0A0185B197}.Release|Any CPU.Build.0 = Release|Any CPU
	EndGlobalSection
	GlobalSection(SolutionProperties) = preSolution
		HideSolutionNode = FALSE
	EndGlobalSection
	GlobalSection(ExtensibilityGlobals) = postSolution
		SolutionGuid = {55896A08-58C6-4329-A7CE-B8285DD6E5C8}
	EndGlobalSection
EndGlobal
