
Microsoft Visual Studio Solution File, Format Version 12.00
# Visual Studio 15
VisualStudioVersion = 15.0.27703.2018
MinimumVisualStudioVersion = 10.0.40219.1
Project("{FAE04EC0-301F-11D3-BF4B-00C04F79EFBC}") = "CollectionFormApplicationService", "CollectionFormApplicationService\CollectionFormApplicationService.csproj", "{05AD44FF-FF60-452E-A3F6-4CE25E066F9F}"
EndProject
Project("{FAE04EC0-301F-11D3-BF4B-00C04F79EFBC}") = "CollectionFormApplicationServiceProvider", "CollectionFormApplicationServiceProvider\CollectionFormApplicationServiceProvider.csproj", "{D1585F1A-E802-4C71-9B0B-738CEDBFF26E}"
EndProject
Project("{FAE04EC0-301F-11D3-BF4B-00C04F79EFBC}") = "CollectionFormBusinessService", "CollectionFormBusinessService\CollectionFormBusinessService.csproj", "{52E76791-8A8C-4B21-A4C7-100878B0A617}"
EndProject
Project("{FAE04EC0-301F-11D3-BF4B-00C04F79EFBC}") = "CollectionFormBusinessServiceProvider", "CollectionFormBusinessServiceProvider\CollectionFormBusinessServiceProvider.csproj", "{446E821D-C7DF-4712-ACFA-054305739FEA}"
EndProject
Global
	GlobalSection(SolutionConfigurationPlatforms) = preSolution
		Debug|Any CPU = Debug|Any CPU
		Release|Any CPU = Release|Any CPU
	EndGlobalSection
	GlobalSection(ProjectConfigurationPlatforms) = postSolution
		{05AD44FF-FF60-452E-A3F6-4CE25E066F9F}.Debug|Any CPU.ActiveCfg = Debug|Any CPU
		{05AD44FF-FF60-452E-A3F6-4CE25E066F9F}.Debug|Any CPU.Build.0 = Debug|Any CPU
		{05AD44FF-FF60-452E-A3F6-4CE25E066F9F}.Release|Any CPU.ActiveCfg = Release|Any CPU
		{05AD44FF-FF60-452E-A3F6-4CE25E066F9F}.Release|Any CPU.Build.0 = Release|Any CPU
		{D1585F1A-E802-4C71-9B0B-738CEDBFF26E}.Debug|Any CPU.ActiveCfg = Debug|Any CPU
		{D1585F1A-E802-4C71-9B0B-738CEDBFF26E}.Debug|Any CPU.Build.0 = Debug|Any CPU
		{D1585F1A-E802-4C71-9B0B-738CEDBFF26E}.Release|Any CPU.ActiveCfg = Release|Any CPU
		{D1585F1A-E802-4C71-9B0B-738CEDBFF26E}.Release|Any CPU.Build.0 = Release|Any CPU
		{52E76791-8A8C-4B21-A4C7-100878B0A617}.Debug|Any CPU.ActiveCfg = Debug|Any CPU
		{52E76791-8A8C-4B21-A4C7-100878B0A617}.Debug|Any CPU.Build.0 = Debug|Any CPU
		{52E76791-8A8C-4B21-A4C7-100878B0A617}.Release|Any CPU.ActiveCfg = Release|Any CPU
		{52E76791-8A8C-4B21-A4C7-100878B0A617}.Release|Any CPU.Build.0 = Release|Any CPU
		{446E821D-C7DF-4712-ACFA-054305739FEA}.Debug|Any CPU.ActiveCfg = Debug|Any CPU
		{446E821D-C7DF-4712-ACFA-054305739FEA}.Debug|Any CPU.Build.0 = Debug|Any CPU
		{446E821D-C7DF-4712-ACFA-054305739FEA}.Release|Any CPU.ActiveCfg = Release|Any CPU
		{446E821D-C7DF-4712-ACFA-054305739FEA}.Release|Any CPU.Build.0 = Release|Any CPU
	EndGlobalSection
	GlobalSection(SolutionProperties) = preSolution
		HideSolutionNode = FALSE
	EndGlobalSection
	GlobalSection(ExtensibilityGlobals) = postSolution
		SolutionGuid = {1A555D97-98AA-4F73-BD1D-473D5D52053E}
	EndGlobalSection
EndGlobal
