
Microsoft Visual Studio Solution File, Format Version 12.00
# Visual Studio 15
VisualStudioVersion = 15.0.28307.572
MinimumVisualStudioVersion = 10.0.40219.1
Project("{FAE04EC0-301F-11D3-BF4B-00C04F79EFBC}") = "ApplicationService", "ApplicationService\ApplicationService.csproj", "{9B455325-D55A-4239-991F-95737D8A5565}"
EndProject
Project("{FAE04EC0-301F-11D3-BF4B-00C04F79EFBC}") = "IntegrationService", "IntegrationService\IntegrationService.csproj", "{2FFD2A8A-17F6-4A16-A632-BF273B6609FB}"
EndProject
Project("{FAE04EC0-301F-11D3-BF4B-00C04F79EFBC}") = "GeneralLedger.Resources", "GeneralLedger.Resources\GeneralLedger.Resources.csproj", "{9EC9C381-B331-478E-BA56-43837C1D5FEE}"
EndProject
Project("{FAE04EC0-301F-11D3-BF4B-00C04F79EFBC}") = "GeneralLedger.Entities", "Core.GeneralLedger.Entities\GeneralLedger.Entities.csproj", "{82FE1D9C-2E2F-41EB-8650-CD1846C3CF79}"
EndProject
Project("{FAE04EC0-301F-11D3-BF4B-00C04F79EFBC}") = "ApplicationServiceEEProvider", "ApplicationServiceEEProvider\ApplicationServiceEEProvider.csproj", "{E50945BB-1CAA-4996-86E3-FA8674F436CD}"
	ProjectSection(ProjectDependencies) = postProject
		{9B455325-D55A-4239-991F-95737D8A5565} = {9B455325-D55A-4239-991F-95737D8A5565}
		{9EC9C381-B331-478E-BA56-43837C1D5FEE} = {9EC9C381-B331-478E-BA56-43837C1D5FEE}
		{2FFD2A8A-17F6-4A16-A632-BF273B6609FB} = {2FFD2A8A-17F6-4A16-A632-BF273B6609FB}
	EndProjectSection
EndProject
Global
	GlobalSection(SolutionConfigurationPlatforms) = preSolution
		Debug|Any CPU = Debug|Any CPU
		Release|Any CPU = Release|Any CPU
	EndGlobalSection
	GlobalSection(ProjectConfigurationPlatforms) = postSolution
		{9B455325-D55A-4239-991F-95737D8A5565}.Debug|Any CPU.ActiveCfg = Debug|Any CPU
		{9B455325-D55A-4239-991F-95737D8A5565}.Debug|Any CPU.Build.0 = Debug|Any CPU
		{9B455325-D55A-4239-991F-95737D8A5565}.Release|Any CPU.ActiveCfg = Release|Any CPU
		{9B455325-D55A-4239-991F-95737D8A5565}.Release|Any CPU.Build.0 = Release|Any CPU
		{2FFD2A8A-17F6-4A16-A632-BF273B6609FB}.Debug|Any CPU.ActiveCfg = Debug|Any CPU
		{2FFD2A8A-17F6-4A16-A632-BF273B6609FB}.Debug|Any CPU.Build.0 = Debug|Any CPU
		{2FFD2A8A-17F6-4A16-A632-BF273B6609FB}.Release|Any CPU.ActiveCfg = Release|Any CPU
		{2FFD2A8A-17F6-4A16-A632-BF273B6609FB}.Release|Any CPU.Build.0 = Release|Any CPU
		{9EC9C381-B331-478E-BA56-43837C1D5FEE}.Debug|Any CPU.ActiveCfg = Debug|Any CPU
		{9EC9C381-B331-478E-BA56-43837C1D5FEE}.Debug|Any CPU.Build.0 = Debug|Any CPU
		{9EC9C381-B331-478E-BA56-43837C1D5FEE}.Release|Any CPU.ActiveCfg = Release|Any CPU
		{9EC9C381-B331-478E-BA56-43837C1D5FEE}.Release|Any CPU.Build.0 = Release|Any CPU
		{E50945BB-1CAA-4996-86E3-FA8674F436CD}.Debug|Any CPU.ActiveCfg = Debug|Any CPU
		{E50945BB-1CAA-4996-86E3-FA8674F436CD}.Debug|Any CPU.Build.0 = Debug|Any CPU
		{E50945BB-1CAA-4996-86E3-FA8674F436CD}.Release|Any CPU.ActiveCfg = Release|Any CPU
		{E50945BB-1CAA-4996-86E3-FA8674F436CD}.Release|Any CPU.Build.0 = Release|Any CPU
		{82FE1D9C-2E2F-41EB-8650-CD1846C3CF79}.Debug|Any CPU.ActiveCfg = Debug|Any CPU
		{82FE1D9C-2E2F-41EB-8650-CD1846C3CF79}.Debug|Any CPU.Build.0 = Debug|Any CPU
		{82FE1D9C-2E2F-41EB-8650-CD1846C3CF79}.Release|Any CPU.ActiveCfg = Release|Any CPU
		{82FE1D9C-2E2F-41EB-8650-CD1846C3CF79}.Release|Any CPU.Build.0 = Release|Any CPU
	EndGlobalSection
	GlobalSection(SolutionProperties) = preSolution
		HideSolutionNode = FALSE
	EndGlobalSection
	GlobalSection(ExtensibilityGlobals) = postSolution
		SolutionGuid = {928E61D5-3125-4A3A-9874-8C3C9CCF9382}
	EndGlobalSection
EndGlobal
