Microsoft Visual Studio Solution File, Format Version 12.00
# Visual Studio 15
VisualStudioVersion = 15.0.27703.2026
MinimumVisualStudioVersion = 10.0.40219.1
Project("{FAE04EC0-301F-11D3-BF4B-00C04F79EFBC}") = "Company.QueueBrokerService", "ApplicationService\Company.QueueBrokerService.csproj", "{38FBAD76-AEEE-46DB-AC85-16B80FCAE3C1}"
EndProject
Project("{FAE04EC0-301F-11D3-BF4B-00C04F79EFBC}") = "Company.QueueBrokerServiceEEProvider", "ApplicationServiceProvider\Company.QueueBrokerServiceEEProvider.csproj", "{F3638592-D218-4775-9C41-946F96950CE0}"
EndProject
Global
	GlobalSection(SolutionConfigurationPlatforms) = preSolution
		Debug|Any CPU = Debug|Any CPU
		Release|Any CPU = Release|Any CPU
	EndGlobalSection
	GlobalSection(ProjectConfigurationPlatforms) = postSolution
		{38FBAD76-AEEE-46DB-AC85-16B80FCAE3C1}.Debug|Any CPU.ActiveCfg = Debug|Any CPU
		{38FBAD76-AEEE-46DB-AC85-16B80FCAE3C1}.Debug|Any CPU.Build.0 = Debug|Any CPU
		{38FBAD76-AEEE-46DB-AC85-16B80FCAE3C1}.Release|Any CPU.ActiveCfg = Release|Any CPU
		{38FBAD76-AEEE-46DB-AC85-16B80FCAE3C1}.Release|Any CPU.Build.0 = Release|Any CPU
		{F3638592-D218-4775-9C41-946F96950CE0}.Debug|Any CPU.ActiveCfg = Debug|Any CPU
		{F3638592-D218-4775-9C41-946F96950CE0}.Debug|Any CPU.Build.0 = Debug|Any CPU
		{F3638592-D218-4775-9C41-946F96950CE0}.Release|Any CPU.ActiveCfg = Release|Any CPU
		{F3638592-D218-4775-9C41-946F96950CE0}.Release|Any CPU.Build.0 = Release|Any CPU
	EndGlobalSection
	GlobalSection(SolutionProperties) = preSolution
		HideSolutionNode = FALSE
	EndGlobalSection
	GlobalSection(ExtensibilityGlobals) = postSolution
		SolutionGuid = {A8D31471-E2C9-4533-A684-CA2EF0BAD5BA}
	EndGlobalSection
EndGlobal
