
Microsoft Visual Studio Solution File, Format Version 12.00
# Visual Studio 15
VisualStudioVersion = 15.0.27703.2035
MinimumVisualStudioVersion = 10.0.40219.1
Project("{FAE04EC0-301F-11D3-BF4B-00C04F79EFBC}") = "ApplicationService", "ApplicationService\ApplicationService.csproj", "{6A60CB08-B002-4F94-923F-5745FE0A8292}"
EndProject
Project("{FAE04EC0-301F-11D3-BF4B-00C04F79EFBC}") = "IntegrationService", "IntegrationService\IntegrationService.csproj", "{2B08A1F3-8A83-47A9-8A17-3D82A1887F38}"
EndProject
Project("{FAE04EC0-301F-11D3-BF4B-00C04F79EFBC}") = "OperationQuota.Resources", "OperationQuota.Resources\OperationQuota.Resources.csproj", "{9D00DA6D-C55D-4B7C-859F-E24741515324}"
EndProject
Project("{FAE04EC0-301F-11D3-BF4B-00C04F79EFBC}") = "ApplicationServiceEEProvider", "ApplicationServiceEEProvider\ApplicationServiceEEProvider.csproj", "{00D51758-05D5-47AA-A454-D3E643325C23}"
EndProject
Global
	GlobalSection(SolutionConfigurationPlatforms) = preSolution
		Debug|Any CPU = Debug|Any CPU
		Release|Any CPU = Release|Any CPU
	EndGlobalSection
	GlobalSection(ProjectConfigurationPlatforms) = postSolution
		{6A60CB08-B002-4F94-923F-5745FE0A8292}.Debug|Any CPU.ActiveCfg = Debug|Any CPU
		{6A60CB08-B002-4F94-923F-5745FE0A8292}.Debug|Any CPU.Build.0 = Debug|Any CPU
		{6A60CB08-B002-4F94-923F-5745FE0A8292}.Release|Any CPU.ActiveCfg = Release|Any CPU
		{6A60CB08-B002-4F94-923F-5745FE0A8292}.Release|Any CPU.Build.0 = Release|Any CPU
		{2B08A1F3-8A83-47A9-8A17-3D82A1887F38}.Debug|Any CPU.ActiveCfg = Debug|Any CPU
		{2B08A1F3-8A83-47A9-8A17-3D82A1887F38}.Debug|Any CPU.Build.0 = Debug|Any CPU
		{2B08A1F3-8A83-47A9-8A17-3D82A1887F38}.Release|Any CPU.ActiveCfg = Release|Any CPU
		{2B08A1F3-8A83-47A9-8A17-3D82A1887F38}.Release|Any CPU.Build.0 = Release|Any CPU
		{9D00DA6D-C55D-4B7C-859F-E24741515324}.Debug|Any CPU.ActiveCfg = Debug|Any CPU
		{9D00DA6D-C55D-4B7C-859F-E24741515324}.Debug|Any CPU.Build.0 = Debug|Any CPU
		{9D00DA6D-C55D-4B7C-859F-E24741515324}.Release|Any CPU.ActiveCfg = Release|Any CPU
		{9D00DA6D-C55D-4B7C-859F-E24741515324}.Release|Any CPU.Build.0 = Release|Any CPU
		{00D51758-05D5-47AA-A454-D3E643325C23}.Debug|Any CPU.ActiveCfg = Debug|Any CPU
		{00D51758-05D5-47AA-A454-D3E643325C23}.Debug|Any CPU.Build.0 = Debug|Any CPU
		{00D51758-05D5-47AA-A454-D3E643325C23}.Release|Any CPU.ActiveCfg = Release|Any CPU
		{00D51758-05D5-47AA-A454-D3E643325C23}.Release|Any CPU.Build.0 = Release|Any CPU
	EndGlobalSection
	GlobalSection(SolutionProperties) = preSolution
		HideSolutionNode = FALSE
	EndGlobalSection
	GlobalSection(ExtensibilityGlobals) = postSolution
		SolutionGuid = {28E867C4-99EC-4BA5-BFBF-F4A2318832DE}
	EndGlobalSection
EndGlobal
