Microsoft Visual Studio Solution File, Format Version 12.00
# Visual Studio 15
VisualStudioVersion = 15.0.27703.2026
MinimumVisualStudioVersion = 10.0.40219.1
Project("{FAE04EC0-301F-11D3-BF4B-00C04F79EFBC}") = "IntegrationService", "IntegrationService\IntegrationService.csproj", "{7C32077A-72D3-442D-AA93-64B0E769011B}"
EndProject
Project("{FAE04EC0-301F-11D3-BF4B-00C04F79EFBC}") = "IntegrationServiceProvider", "IntegrationServiceProvider\IntegrationServiceProvider.csproj", "{33A14494-1945-41FC-86B0-B73577B1CCF2}"
	ProjectSection(ProjectDependencies) = postProject
		{7C32077A-72D3-442D-AA93-64B0E769011B} = {7C32077A-72D3-442D-AA93-64B0E769011B}
	EndProjectSection
EndProject
Project("{FAE04EC0-301F-11D3-BF4B-00C04F79EFBC}") = "BusinessService", "BusinessService\BusinessService.csproj", "{6B6EA08B-9DE6-48B5-BA8B-AD9ADA3B2A7F}"
EndProject
Project("{FAE04EC0-301F-11D3-BF4B-00C04F79EFBC}") = "BusinessServiceProvider", "BusinessServiceProvider\BusinessServiceProvider.csproj", "{0F5B6BB5-75B8-4CCC-982F-FFD1137CC8C1}"
EndProject
Project("{FAE04EC0-301F-11D3-BF4B-00C04F79EFBC}") = "ApplicationService", "ApplicationService\ApplicationService.csproj", "{7FCA9B27-B100-4970-8D7D-DB42D802AA86}"
EndProject
Project("{FAE04EC0-301F-11D3-BF4B-00C04F79EFBC}") = "ApplicationServiceProvider", "ApplicationServiceProvider\ApplicationServiceProvider.csproj", "{18444BC8-4369-4A87-9BAE-4100C56E942F}"
EndProject
Global
	GlobalSection(SolutionConfigurationPlatforms) = preSolution
		Debug|Any CPU = Debug|Any CPU
		Release|Any CPU = Release|Any CPU
	EndGlobalSection
	GlobalSection(ProjectConfigurationPlatforms) = postSolution
		{7C32077A-72D3-442D-AA93-64B0E769011B}.Debug|Any CPU.ActiveCfg = Debug|Any CPU
		{7C32077A-72D3-442D-AA93-64B0E769011B}.Debug|Any CPU.Build.0 = Debug|Any CPU
		{7C32077A-72D3-442D-AA93-64B0E769011B}.Release|Any CPU.ActiveCfg = Release|Any CPU
		{7C32077A-72D3-442D-AA93-64B0E769011B}.Release|Any CPU.Build.0 = Release|Any CPU
		{33A14494-1945-41FC-86B0-B73577B1CCF2}.Debug|Any CPU.ActiveCfg = Debug|Any CPU
		{33A14494-1945-41FC-86B0-B73577B1CCF2}.Debug|Any CPU.Build.0 = Debug|Any CPU
		{33A14494-1945-41FC-86B0-B73577B1CCF2}.Release|Any CPU.ActiveCfg = Release|Any CPU
		{33A14494-1945-41FC-86B0-B73577B1CCF2}.Release|Any CPU.Build.0 = Release|Any CPU
		{6B6EA08B-9DE6-48B5-BA8B-AD9ADA3B2A7F}.Debug|Any CPU.ActiveCfg = Debug|Any CPU
		{6B6EA08B-9DE6-48B5-BA8B-AD9ADA3B2A7F}.Debug|Any CPU.Build.0 = Debug|Any CPU
		{6B6EA08B-9DE6-48B5-BA8B-AD9ADA3B2A7F}.Release|Any CPU.ActiveCfg = Release|Any CPU
		{6B6EA08B-9DE6-48B5-BA8B-AD9ADA3B2A7F}.Release|Any CPU.Build.0 = Release|Any CPU
		{0F5B6BB5-75B8-4CCC-982F-FFD1137CC8C1}.Debug|Any CPU.ActiveCfg = Debug|Any CPU
		{0F5B6BB5-75B8-4CCC-982F-FFD1137CC8C1}.Debug|Any CPU.Build.0 = Debug|Any CPU
		{0F5B6BB5-75B8-4CCC-982F-FFD1137CC8C1}.Release|Any CPU.ActiveCfg = Release|Any CPU
		{0F5B6BB5-75B8-4CCC-982F-FFD1137CC8C1}.Release|Any CPU.Build.0 = Release|Any CPU
		{7FCA9B27-B100-4970-8D7D-DB42D802AA86}.Debug|Any CPU.ActiveCfg = Debug|Any CPU
		{7FCA9B27-B100-4970-8D7D-DB42D802AA86}.Debug|Any CPU.Build.0 = Debug|Any CPU
		{7FCA9B27-B100-4970-8D7D-DB42D802AA86}.Release|Any CPU.ActiveCfg = Release|Any CPU
		{7FCA9B27-B100-4970-8D7D-DB42D802AA86}.Release|Any CPU.Build.0 = Release|Any CPU
		{18444BC8-4369-4A87-9BAE-4100C56E942F}.Debug|Any CPU.ActiveCfg = Debug|Any CPU
		{18444BC8-4369-4A87-9BAE-4100C56E942F}.Debug|Any CPU.Build.0 = Debug|Any CPU
		{18444BC8-4369-4A87-9BAE-4100C56E942F}.Release|Any CPU.ActiveCfg = Release|Any CPU
		{18444BC8-4369-4A87-9BAE-4100C56E942F}.Release|Any CPU.Build.0 = Release|Any CPU
	EndGlobalSection
	GlobalSection(SolutionProperties) = preSolution
		HideSolutionNode = FALSE
	EndGlobalSection
	GlobalSection(ExtensibilityGlobals) = postSolution
		SolutionGuid = {0CAB7083-5F8A-4304-BED6-B753BC7FB59A}
	EndGlobalSection
EndGlobal
