
Microsoft Visual Studio Solution File, Format Version 12.00
# Visual Studio 15
VisualStudioVersion = 15.0.27130.2020
MinimumVisualStudioVersion = 10.0.40219.1
Project("{FAE04EC0-301F-11D3-BF4B-00C04F79EFBC}") = "DeclarationBusinessService", "BusinessService\DeclarationBusinessService.csproj", "{39E7A440-FDCE-47D2-97A7-A389449ADF58}"
	ProjectSection(ProjectDependencies) = postProject
		{C5723EE8-8480-4AD1-B2F7-5A91DC00790F} = {C5723EE8-8480-4AD1-B2F7-5A91DC00790F}
	EndProjectSection
EndProject
Project("{FAE04EC0-301F-11D3-BF4B-00C04F79EFBC}") = "DeclarationBusinessServiceProvider", "BusinessServiceProvider\DeclarationBusinessServiceProvider.csproj", "{41AEB753-7AC2-451E-80CB-D7C07058BA39}"
	ProjectSection(ProjectDependencies) = postProject
		{39E7A440-FDCE-47D2-97A7-A389449ADF58} = {39E7A440-FDCE-47D2-97A7-A389449ADF58}
	EndProjectSection
EndProject
Project("{FAE04EC0-301F-11D3-BF4B-00C04F79EFBC}") = "DeclarationApplicationService", "ApplicationService\DeclarationApplicationService.csproj", "{C5723EE8-8480-4AD1-B2F7-5A91DC00790F}"
EndProject
Project("{FAE04EC0-301F-11D3-BF4B-00C04F79EFBC}") = "DeclarationApplicationServiceProvider", "ApplicationServiceProvider\DeclarationApplicationServiceProvider.csproj", "{64B1D183-D29B-4ECA-AD40-1B11371FA916}"
	ProjectSection(ProjectDependencies) = postProject
		{39E7A440-FDCE-47D2-97A7-A389449ADF58} = {39E7A440-FDCE-47D2-97A7-A389449ADF58}
		{41AEB753-7AC2-451E-80CB-D7C07058BA39} = {41AEB753-7AC2-451E-80CB-D7C07058BA39}
		{C5723EE8-8480-4AD1-B2F7-5A91DC00790F} = {C5723EE8-8480-4AD1-B2F7-5A91DC00790F}
	EndProjectSection
EndProject
Project("{FAE04EC0-301F-11D3-BF4B-00C04F79EFBC}") = "DeclarationIntegrationService", "IntegrationService\DeclarationIntegrationService.csproj", "{1D9822FF-182B-4F6A-8833-6F16CBA3366B}"
EndProject
Project("{FAE04EC0-301F-11D3-BF4B-00C04F79EFBC}") = "DeclarationIntegrationServiceProvider", "IntegrationServiceProvider\DeclarationIntegrationServiceProvider.csproj", "{20994F30-737A-4BB6-AE85-CC5923233A02}"
EndProject
Global
	GlobalSection(SolutionConfigurationPlatforms) = preSolution
		Debug|Any CPU = Debug|Any CPU
		Release|Any CPU = Release|Any CPU
	EndGlobalSection
	GlobalSection(ProjectConfigurationPlatforms) = postSolution
		{39E7A440-FDCE-47D2-97A7-A389449ADF58}.Debug|Any CPU.ActiveCfg = Debug|Any CPU
		{39E7A440-FDCE-47D2-97A7-A389449ADF58}.Debug|Any CPU.Build.0 = Debug|Any CPU
		{39E7A440-FDCE-47D2-97A7-A389449ADF58}.Release|Any CPU.ActiveCfg = Release|Any CPU
		{39E7A440-FDCE-47D2-97A7-A389449ADF58}.Release|Any CPU.Build.0 = Release|Any CPU
		{41AEB753-7AC2-451E-80CB-D7C07058BA39}.Debug|Any CPU.ActiveCfg = Debug|Any CPU
		{41AEB753-7AC2-451E-80CB-D7C07058BA39}.Debug|Any CPU.Build.0 = Debug|Any CPU
		{41AEB753-7AC2-451E-80CB-D7C07058BA39}.Release|Any CPU.ActiveCfg = Release|Any CPU
		{41AEB753-7AC2-451E-80CB-D7C07058BA39}.Release|Any CPU.Build.0 = Release|Any CPU
		{C5723EE8-8480-4AD1-B2F7-5A91DC00790F}.Debug|Any CPU.ActiveCfg = Debug|Any CPU
		{C5723EE8-8480-4AD1-B2F7-5A91DC00790F}.Debug|Any CPU.Build.0 = Debug|Any CPU
		{C5723EE8-8480-4AD1-B2F7-5A91DC00790F}.Release|Any CPU.ActiveCfg = Release|Any CPU
		{C5723EE8-8480-4AD1-B2F7-5A91DC00790F}.Release|Any CPU.Build.0 = Release|Any CPU
		{64B1D183-D29B-4ECA-AD40-1B11371FA916}.Debug|Any CPU.ActiveCfg = Debug|Any CPU
		{64B1D183-D29B-4ECA-AD40-1B11371FA916}.Debug|Any CPU.Build.0 = Debug|Any CPU
		{64B1D183-D29B-4ECA-AD40-1B11371FA916}.Release|Any CPU.ActiveCfg = Release|Any CPU
		{64B1D183-D29B-4ECA-AD40-1B11371FA916}.Release|Any CPU.Build.0 = Release|Any CPU
		{1D9822FF-182B-4F6A-8833-6F16CBA3366B}.Debug|Any CPU.ActiveCfg = Debug|Any CPU
		{1D9822FF-182B-4F6A-8833-6F16CBA3366B}.Debug|Any CPU.Build.0 = Debug|Any CPU
		{1D9822FF-182B-4F6A-8833-6F16CBA3366B}.Release|Any CPU.ActiveCfg = Release|Any CPU
		{1D9822FF-182B-4F6A-8833-6F16CBA3366B}.Release|Any CPU.Build.0 = Release|Any CPU
		{20994F30-737A-4BB6-AE85-CC5923233A02}.Debug|Any CPU.ActiveCfg = Debug|Any CPU
		{20994F30-737A-4BB6-AE85-CC5923233A02}.Debug|Any CPU.Build.0 = Debug|Any CPU
		{20994F30-737A-4BB6-AE85-CC5923233A02}.Release|Any CPU.ActiveCfg = Release|Any CPU
		{20994F30-737A-4BB6-AE85-CC5923233A02}.Release|Any CPU.Build.0 = Release|Any CPU
	EndGlobalSection
	GlobalSection(SolutionProperties) = preSolution
		HideSolutionNode = FALSE
	EndGlobalSection
	GlobalSection(ExtensibilityGlobals) = postSolution
		SolutionGuid = {4F0A1BE3-79D2-4A9F-B662-EF9D7ED04995}
	EndGlobalSection
EndGlobal
