
Microsoft Visual Studio Solution File, Format Version 12.00
# Visual Studio 15
VisualStudioVersion = 15.0.28307.106
MinimumVisualStudioVersion = 10.0.40219.1
Project("{FAE04EC0-301F-11D3-BF4B-00C04F79EFBC}") = "Server", "Server\Server.csproj", "{F6F5D640-71BF-4A65-9886-5EA63323537E}"
EndProject
Global
	GlobalSection(SolutionConfigurationPlatforms) = preSolution
		Debug|Any CPU = Debug|Any CPU
		Release|Any CPU = Release|Any CPU
	EndGlobalSection
	GlobalSection(ProjectConfigurationPlatforms) = postSolution
		{F6F5D640-71BF-4A65-9886-5EA63323537E}.Debug|Any CPU.ActiveCfg = Debug|Any CPU
		{F6F5D640-71BF-4A65-9886-5EA63323537E}.Debug|Any CPU.Build.0 = Debug|Any CPU
		{F6F5D640-71BF-4A65-9886-5EA63323537E}.Release|Any CPU.ActiveCfg = Release|Any CPU
		{F6F5D640-71BF-4A65-9886-5EA63323537E}.Release|Any CPU.Build.0 = Release|Any CPU
	EndGlobalSection
	GlobalSection(SolutionProperties) = preSolution
		HideSolutionNode = FALSE
	EndGlobalSection
	GlobalSection(ExtensibilityGlobals) = postSolution
		SolutionGuid = {9D8D5AD6-8E50-4CB8-B9CD-5DA7AC4F77D6}
	EndGlobalSection
EndGlobal
