
Microsoft Visual Studio Solution File, Format Version 12.00
# Visual Studio 2012
Project("{FAE04EC0-301F-11D3-BF4B-00C04F79EFBC}") = "Company.Issuance.Entities", "Company.Issuance.Entities\Company.Issuance.Entities.csproj", "{C600E975-E7E3-41F2-9F0E-B7DFC854E9E1}"
EndProject
Global
	GlobalSection(TeamFoundationVersionControl) = preSolution
		SccNumberOfProjects = 2
		SccEnterpriseProvider = {4CA58AB2-18FA-4F8D-95D4-32DDF27D184C}
		SccTeamFoundationServer = http://tfs.sistran.com:8080/tfs/colombia
		SccProjectUniqueName0 = Company.Issuance.Entities\\Company.Issuance.Entities.csproj
		SccProjectName0 = Company.Issuance.Entities
		SccLocalPath0 = Company.Issuance.Entities
		SccLocalPath1 = .
	EndGlobalSection
	GlobalSection(SolutionConfigurationPlatforms) = preSolution
		Debug|Any CPU = Debug|Any CPU
		Release|Any CPU = Release|Any CPU
	EndGlobalSection
	GlobalSection(ProjectConfigurationPlatforms) = postSolution
		{C600E975-E7E3-41F2-9F0E-B7DFC854E9E1}.Debug|Any CPU.ActiveCfg = Debug|Any CPU
		{C600E975-E7E3-41F2-9F0E-B7DFC854E9E1}.Debug|Any CPU.Build.0 = Debug|Any CPU
		{C600E975-E7E3-41F2-9F0E-B7DFC854E9E1}.Release|Any CPU.ActiveCfg = Release|Any CPU
		{C600E975-E7E3-41F2-9F0E-B7DFC854E9E1}.Release|Any CPU.Build.0 = Release|Any CPU
	EndGlobalSection
	GlobalSection(SolutionProperties) = preSolution
		HideSolutionNode = FALSE
	EndGlobalSection
EndGlobal
