
Microsoft Visual Studio Solution File, Format Version 12.00
# Visual Studio 15
VisualStudioVersion = 15.0.27703.2035
MinimumVisualStudioVersion = 10.0.40219.1
Project("{FAE04EC0-301F-11D3-BF4B-00C04F79EFBC}") = "ChangePolicyHolder", "ChangePolicyHolder\ChangePolicyHolder.csproj", "{F224B3B9-8A4A-4874-B1AD-4D191563DE6D}"
EndProject
Project("{FAE04EC0-301F-11D3-BF4B-00C04F79EFBC}") = "ChangePolicyHolder.EEProvider", "ChangePolicyHolder.EEProvider\ChangePolicyHolder.EEProvider.csproj", "{05854C9B-406A-413C-B5C8-F67B098AECA4}"
EndProject
Global
	GlobalSection(SolutionConfigurationPlatforms) = preSolution
		Debug|Any CPU = Debug|Any CPU
		Release|Any CPU = Release|Any CPU
	EndGlobalSection
	GlobalSection(ProjectConfigurationPlatforms) = postSolution
		{F224B3B9-8A4A-4874-B1AD-4D191563DE6D}.Debug|Any CPU.ActiveCfg = Debug|Any CPU
		{F224B3B9-8A4A-4874-B1AD-4D191563DE6D}.Debug|Any CPU.Build.0 = Debug|Any CPU
		{F224B3B9-8A4A-4874-B1AD-4D191563DE6D}.Release|Any CPU.ActiveCfg = Release|Any CPU
		{F224B3B9-8A4A-4874-B1AD-4D191563DE6D}.Release|Any CPU.Build.0 = Release|Any CPU
		{05854C9B-406A-413C-B5C8-F67B098AECA4}.Debug|Any CPU.ActiveCfg = Debug|Any CPU
		{05854C9B-406A-413C-B5C8-F67B098AECA4}.Debug|Any CPU.Build.0 = Debug|Any CPU
		{05854C9B-406A-413C-B5C8-F67B098AECA4}.Release|Any CPU.ActiveCfg = Release|Any CPU
		{05854C9B-406A-413C-B5C8-F67B098AECA4}.Release|Any CPU.Build.0 = Release|Any CPU
	EndGlobalSection
	GlobalSection(SolutionProperties) = preSolution
		HideSolutionNode = FALSE
	EndGlobalSection
	GlobalSection(ExtensibilityGlobals) = postSolution
		SolutionGuid = {48A18AB1-6FAC-46DE-A46A-600DB5511772}
	EndGlobalSection
EndGlobal
