
Microsoft Visual Studio Solution File, Format Version 12.00
# Visual Studio Version 16
VisualStudioVersion = 16.0.29806.167
MinimumVisualStudioVersion = 10.0.40219.1
Project("{FAE04EC0-301F-11D3-BF4B-00C04F79EFBC}") = "Core.UnderwritingServices", "UnderwritingService\Core.UnderwritingServices.csproj", "{2FF08AFB-3757-4C7C-8B8B-6BEA2C12A6CC}"
EndProject
Project("{FAE04EC0-301F-11D3-BF4B-00C04F79EFBC}") = "Core.UnderwritingServices.EEProvider", "UnderwritingServiceEEProvider\Core.UnderwritingServices.EEProvider.csproj", "{832F2278-D6F0-4671-8B1E-1191A8A3EA73}"
EndProject
Project("{2150E333-8FDC-42A3-9474-1A3956D46DE8}") = "Solution Items", "Solution Items", "{CA54A635-2AD3-4257-AB20-9A787A7DA12C}"
EndProject
Project("{FAE04EC0-301F-11D3-BF4B-00C04F79EFBC}") = "Core.UnderwritingParamService", "UnderwritingParamService\Core.UnderwritingParamService.csproj", "{807C642C-3288-4D7A-9A5B-B3B854C206CC}"
EndProject
Project("{FAE04EC0-301F-11D3-BF4B-00C04F79EFBC}") = "Core.UnderwritingParamService.EEProvider", "UnderwritingParamServiceEEProvider\Core.UnderwritingParamService.EEProvider.csproj", "{ABD54DD0-51C0-4C6B-911E-268742592345}"
EndProject
Project("{FAE04EC0-301F-11D3-BF4B-00C04F79EFBC}") = "IntegrationServiceEEProvider", "IntegrationServiceEEProvider\IntegrationServiceEEProvider.csproj", "{64A2F843-1706-417F-A104-D43CA26160CB}"
EndProject
Global
	GlobalSection(SolutionConfigurationPlatforms) = preSolution
		Debug|Any CPU = Debug|Any CPU
		Release|Any CPU = Release|Any CPU
	EndGlobalSection
	GlobalSection(ProjectConfigurationPlatforms) = postSolution
		{2FF08AFB-3757-4C7C-8B8B-6BEA2C12A6CC}.Debug|Any CPU.ActiveCfg = Debug|Any CPU
		{2FF08AFB-3757-4C7C-8B8B-6BEA2C12A6CC}.Debug|Any CPU.Build.0 = Debug|Any CPU
		{2FF08AFB-3757-4C7C-8B8B-6BEA2C12A6CC}.Release|Any CPU.ActiveCfg = Release|Any CPU
		{2FF08AFB-3757-4C7C-8B8B-6BEA2C12A6CC}.Release|Any CPU.Build.0 = Release|Any CPU
		{832F2278-D6F0-4671-8B1E-1191A8A3EA73}.Debug|Any CPU.ActiveCfg = Debug|Any CPU
		{832F2278-D6F0-4671-8B1E-1191A8A3EA73}.Debug|Any CPU.Build.0 = Debug|Any CPU
		{832F2278-D6F0-4671-8B1E-1191A8A3EA73}.Release|Any CPU.ActiveCfg = Release|Any CPU
		{832F2278-D6F0-4671-8B1E-1191A8A3EA73}.Release|Any CPU.Build.0 = Release|Any CPU
		{807C642C-3288-4D7A-9A5B-B3B854C206CC}.Debug|Any CPU.ActiveCfg = Debug|Any CPU
		{807C642C-3288-4D7A-9A5B-B3B854C206CC}.Debug|Any CPU.Build.0 = Debug|Any CPU
		{807C642C-3288-4D7A-9A5B-B3B854C206CC}.Release|Any CPU.ActiveCfg = Release|Any CPU
		{807C642C-3288-4D7A-9A5B-B3B854C206CC}.Release|Any CPU.Build.0 = Release|Any CPU
		{ABD54DD0-51C0-4C6B-911E-268742592345}.Debug|Any CPU.ActiveCfg = Debug|Any CPU
		{ABD54DD0-51C0-4C6B-911E-268742592345}.Debug|Any CPU.Build.0 = Debug|Any CPU
		{ABD54DD0-51C0-4C6B-911E-268742592345}.Release|Any CPU.ActiveCfg = Release|Any CPU
		{ABD54DD0-51C0-4C6B-911E-268742592345}.Release|Any CPU.Build.0 = Release|Any CPU
		{64A2F843-1706-417F-A104-D43CA26160CB}.Debug|Any CPU.ActiveCfg = Debug|Any CPU
		{64A2F843-1706-417F-A104-D43CA26160CB}.Debug|Any CPU.Build.0 = Debug|Any CPU
		{64A2F843-1706-417F-A104-D43CA26160CB}.Release|Any CPU.ActiveCfg = Release|Any CPU
		{64A2F843-1706-417F-A104-D43CA26160CB}.Release|Any CPU.Build.0 = Release|Any CPU
	EndGlobalSection
	GlobalSection(SolutionProperties) = preSolution
		HideSolutionNode = FALSE
	EndGlobalSection
	GlobalSection(ExtensibilityGlobals) = postSolution
		SolutionGuid = {575692D4-C95B-4D5C-BCF5-F381FB6514F0}
	EndGlobalSection
	GlobalSection(TestCaseManagementSettings) = postSolution
		CategoryFile = UniquePerson.vsmdi
	EndGlobalSection
EndGlobal
