
Microsoft Visual Studio Solution File, Format Version 12.00
# Visual Studio 15
VisualStudioVersion = 15.0.27130.2020
MinimumVisualStudioVersion = 10.0.40219.1
Project("{FAE04EC0-301F-11D3-BF4B-00C04F79EFBC}") = "Launcher", "Company.Application.Launcher\Launcher.csproj", "{30CF3BC2-EEA0-4CFC-AAE3-632766947EC0}"
EndProject
Project("{FAE04EC0-301F-11D3-BF4B-00C04F79EFBC}") = "Sistran.Core.Application.UIF2.Providers", "Sistran.Core.Application.UIF2.Providers\Sistran.Core.Application.UIF2.Providers.csproj", "{68D39D76-EADC-49EB-8A9A-BF7C2D812150}"
EndProject
Project("{FAE04EC0-301F-11D3-BF4B-00C04F79EFBC}") = "Sistran.Core.Framework.UIF2.Authorize", "Sistran.Core.Framework.UIF2.Authorize\Sistran.Core.Framework.UIF2.Authorize\Sistran.Core.Framework.UIF2.Authorize.csproj", "{8C7FB33E-7A28-4CD3-841C-5970B05E7262}"
EndProject
Global
	GlobalSection(SolutionConfigurationPlatforms) = preSolution
		Debug|Any CPU = Debug|Any CPU
		Release|Any CPU = Release|Any CPU
	EndGlobalSection
	GlobalSection(ProjectConfigurationPlatforms) = postSolution
		{30CF3BC2-EEA0-4CFC-AAE3-632766947EC0}.Debug|Any CPU.ActiveCfg = Debug|Any CPU
		{30CF3BC2-EEA0-4CFC-AAE3-632766947EC0}.Debug|Any CPU.Build.0 = Debug|Any CPU
		{30CF3BC2-EEA0-4CFC-AAE3-632766947EC0}.Release|Any CPU.ActiveCfg = Release|Any CPU
		{30CF3BC2-EEA0-4CFC-AAE3-632766947EC0}.Release|Any CPU.Build.0 = Release|Any CPU
		{68D39D76-EADC-49EB-8A9A-BF7C2D812150}.Debug|Any CPU.ActiveCfg = Debug|Any CPU
		{68D39D76-EADC-49EB-8A9A-BF7C2D812150}.Debug|Any CPU.Build.0 = Debug|Any CPU
		{68D39D76-EADC-49EB-8A9A-BF7C2D812150}.Release|Any CPU.ActiveCfg = Release|Any CPU
		{68D39D76-EADC-49EB-8A9A-BF7C2D812150}.Release|Any CPU.Build.0 = Release|Any CPU
		{8C7FB33E-7A28-4CD3-841C-5970B05E7262}.Debug|Any CPU.ActiveCfg = Debug|Any CPU
		{8C7FB33E-7A28-4CD3-841C-5970B05E7262}.Debug|Any CPU.Build.0 = Debug|Any CPU
		{8C7FB33E-7A28-4CD3-841C-5970B05E7262}.Release|Any CPU.ActiveCfg = Release|Any CPU
		{8C7FB33E-7A28-4CD3-841C-5970B05E7262}.Release|Any CPU.Build.0 = Release|Any CPU
	EndGlobalSection
	GlobalSection(SolutionProperties) = preSolution
		HideSolutionNode = FALSE
	EndGlobalSection
	GlobalSection(ExtensibilityGlobals) = postSolution
		SolutionGuid = {5D65C00B-036E-432A-91D2-23AE60940680}
	EndGlobalSection
EndGlobal
