Microsoft Visual Studio Solution File, Format Version 12.00
# Visual Studio 15
VisualStudioVersion = 15.0.27428.2043
MinimumVisualStudioVersion = 10.0.40219.1
Project("{FAE04EC0-301F-11D3-BF4B-00C04F79EFBC}") = "Modification", "Modification\Modification.csproj", "{1FF61AE0-6CA8-494A-97BD-7E55C2712568}"
EndProject
Project("{FAE04EC0-301F-11D3-BF4B-00C04F79EFBC}") = "Modification.EEProvider", "Modification.EEProvider\Modification.EEProvider.csproj", "{2929D6A2-F98C-4FC4-936E-BD7C340AA2E6}"
EndProject
Global
	GlobalSection(SolutionConfigurationPlatforms) = preSolution
		Debug|Any CPU = Debug|Any CPU
		Release|Any CPU = Release|Any CPU
	EndGlobalSection
	GlobalSection(ProjectConfigurationPlatforms) = postSolution
		{1FF61AE0-6CA8-494A-97BD-7E55C2712568}.Debug|Any CPU.ActiveCfg = Debug|Any CPU
		{1FF61AE0-6CA8-494A-97BD-7E55C2712568}.Debug|Any CPU.Build.0 = Debug|Any CPU
		{1FF61AE0-6CA8-494A-97BD-7E55C2712568}.Release|Any CPU.ActiveCfg = Release|Any CPU
		{1FF61AE0-6CA8-494A-97BD-7E55C2712568}.Release|Any CPU.Build.0 = Release|Any CPU
		{2929D6A2-F98C-4FC4-936E-BD7C340AA2E6}.Debug|Any CPU.ActiveCfg = Debug|Any CPU
		{2929D6A2-F98C-4FC4-936E-BD7C340AA2E6}.Debug|Any CPU.Build.0 = Debug|Any CPU
		{2929D6A2-F98C-4FC4-936E-BD7C340AA2E6}.Release|Any CPU.ActiveCfg = Release|Any CPU
		{2929D6A2-F98C-4FC4-936E-BD7C340AA2E6}.Release|Any CPU.Build.0 = Release|Any CPU
	EndGlobalSection
	GlobalSection(SolutionProperties) = preSolution
		HideSolutionNode = FALSE
	EndGlobalSection
	GlobalSection(ExtensibilityGlobals) = postSolution
		SolutionGuid = {534F53B8-6906-484E-AAB6-E7D252D08AC4}
	EndGlobalSection
EndGlobal
