
Microsoft Visual Studio Solution File, Format Version 12.00
# Visual Studio 15
VisualStudioVersion = 15.0.26430.12
MinimumVisualStudioVersion = 10.0.40219.1
Project("{FAE04EC0-301F-11D3-BF4B-00C04F79EFBC}") = "Company.Request.Entities", "Company.Request.Entities\Company.Request.Entities.csproj", "{A8FABAE6-E2C5-4C35-8996-0F3ECF178865}"
EndProject
Global
	GlobalSection(SolutionConfigurationPlatforms) = preSolution
		Debug|Any CPU = Debug|Any CPU
		Release|Any CPU = Release|Any CPU
	EndGlobalSection
	GlobalSection(ProjectConfigurationPlatforms) = postSolution
		{A8FABAE6-E2C5-4C35-8996-0F3ECF178865}.Debug|Any CPU.ActiveCfg = Debug|Any CPU
		{A8FABAE6-E2C5-4C35-8996-0F3ECF178865}.Debug|Any CPU.Build.0 = Debug|Any CPU
		{A8FABAE6-E2C5-4C35-8996-0F3ECF178865}.Release|Any CPU.ActiveCfg = Release|Any CPU
		{A8FABAE6-E2C5-4C35-8996-0F3ECF178865}.Release|Any CPU.Build.0 = Release|Any CPU
	EndGlobalSection
	GlobalSection(SolutionProperties) = preSolution
		HideSolutionNode = FALSE
	EndGlobalSection
	GlobalSection(TeamFoundationVersionControl) = preSolution
		SccNumberOfProjects = 2
		SccEnterpriseProvider = {4CA58AB2-18FA-4F8D-95D4-32DDF27D184C}
		SccTeamFoundationServer = http://tfs.sistran.com:8080/tfs/colombia
		SccLocalPath0 = .
		SccProjectUniqueName1 = Company.Request.Entities\\Company.Request.Entities.csproj
		SccProjectName1 = Company.Request.Entities
		SccLocalPath1 = Company.Request.Entities
	EndGlobalSection
EndGlobal
