
Microsoft Visual Studio Solution File, Format Version 12.00
# Visual Studio 15
VisualStudioVersion = 15.0.26430.12
MinimumVisualStudioVersion = 10.0.40219.1
Project("{FAE04EC0-301F-11D3-BF4B-00C04F79EFBC}") = "Company.CollectiveServices", "CollectiveService\Company.CollectiveServices.csproj", "{2FF08AFB-3757-4C7C-8B8B-6BEA2C12A6CC}"
EndProject
Project("{FAE04EC0-301F-11D3-BF4B-00C04F79EFBC}") = "Company.CollectiveServices.EEProvider", "CollectiveServiceEEProvider\Company.CollectiveServices.EEProvider.csproj", "{832F2278-D6F0-4671-8B1E-1191A8A3EA73}"
EndProject
Global
	GlobalSection(SolutionConfigurationPlatforms) = preSolution
		Debug|Any CPU = Debug|Any CPU
		Release|Any CPU = Release|Any CPU
	EndGlobalSection
	GlobalSection(ProjectConfigurationPlatforms) = postSolution
		{2FF08AFB-3757-4C7C-8B8B-6BEA2C12A6CC}.Debug|Any CPU.ActiveCfg = Debug|Any CPU
		{2FF08AFB-3757-4C7C-8B8B-6BEA2C12A6CC}.Debug|Any CPU.Build.0 = Debug|Any CPU
		{2FF08AFB-3757-4C7C-8B8B-6BEA2C12A6CC}.Release|Any CPU.ActiveCfg = Release|Any CPU
		{2FF08AFB-3757-4C7C-8B8B-6BEA2C12A6CC}.Release|Any CPU.Build.0 = Release|Any CPU
		{832F2278-D6F0-4671-8B1E-1191A8A3EA73}.Debug|Any CPU.ActiveCfg = Debug|Any CPU
		{832F2278-D6F0-4671-8B1E-1191A8A3EA73}.Debug|Any CPU.Build.0 = Debug|Any CPU
		{832F2278-D6F0-4671-8B1E-1191A8A3EA73}.Release|Any CPU.ActiveCfg = Release|Any CPU
		{832F2278-D6F0-4671-8B1E-1191A8A3EA73}.Release|Any CPU.Build.0 = Release|Any CPU
	EndGlobalSection
	GlobalSection(SolutionProperties) = preSolution
		HideSolutionNode = FALSE
	EndGlobalSection
	GlobalSection(TeamFoundationVersionControl) = preSolution
		SccNumberOfProjects = 3
		SccEnterpriseProvider = {4CA58AB2-18FA-4F8D-95D4-32DDF27D184C}
		SccTeamFoundationServer = http://tfs.sistran.com:8080/tfs/colombia
		SccLocalPath0 = .
		SccProjectUniqueName1 = CollectiveServiceEEProvider\\Company.CollectiveServices.EEProvider.csproj
		SccProjectName1 = CollectiveServiceEEProvider
		SccLocalPath1 = CollectiveServiceEEProvider
		SccProjectUniqueName2 = CollectiveService\\Company.CollectiveServices.csproj
		SccProjectName2 = CollectiveService
		SccLocalPath2 = CollectiveService
	EndGlobalSection
	GlobalSection(TestCaseManagementSettings) = postSolution
		CategoryFile = UniquePerson.vsmdi
	EndGlobalSection
EndGlobal
