
Microsoft Visual Studio Solution File, Format Version 12.00
# Visual Studio 15
VisualStudioVersion = 15.0.27703.2000
MinimumVisualStudioVersion = 10.0.40219.1
Project("{FAE04EC0-301F-11D3-BF4B-00C04F79EFBC}") = "Cancellation", "Cancellation\Cancellation\Cancellation.csproj", "{4B8DD584-FE6C-433A-A283-55A758A5598E}"
EndProject
Project("{FAE04EC0-301F-11D3-BF4B-00C04F79EFBC}") = "Cancellation.EEProvider", "Cancellation\Cancellation.EEProvider\Cancellation.EEProvider.csproj", "{3A29B3A1-4FF5-462E-9DE4-9A59A8BF5BF7}"
EndProject
Project("{FAE04EC0-301F-11D3-BF4B-00C04F79EFBC}") = "ChangeAgent", "ChangeAgent\ChangeAgent\ChangeAgent.csproj", "{EA6444C3-92D7-4848-A77B-08A664FF82DD}"
EndProject
Project("{FAE04EC0-301F-11D3-BF4B-00C04F79EFBC}") = "ChangeAgent.EEProvider", "ChangeAgent\ChangeAgent.EEProvider\ChangeAgent.EEProvider.csproj", "{0396107D-B9C2-4494-94AD-19581DE55B4C}"
EndProject
Project("{FAE04EC0-301F-11D3-BF4B-00C04F79EFBC}") = "Clause", "Clause\Clause\Clause.csproj", "{EAC660E6-FE4D-486B-9959-499B0F5A03CA}"
EndProject
Project("{FAE04EC0-301F-11D3-BF4B-00C04F79EFBC}") = "Clause.EEProvider", "Clause\Clause.EEProvider\Clause.EEProvider.csproj", "{EF9C00C5-94B8-4960-A15A-A2B88DE94A03}"
EndProject
Project("{FAE04EC0-301F-11D3-BF4B-00C04F79EFBC}") = "Text", "Text\Text\Text.csproj", "{6220A74E-7A7F-4779-995C-B0E3D76950B0}"
EndProject
Project("{FAE04EC0-301F-11D3-BF4B-00C04F79EFBC}") = "Text.EEProvider", "Text\Text.EEProvider\Text.EEProvider.csproj", "{45993F52-76CE-4B7D-915E-E416E5F6F076}"
EndProject
Project("{FAE04EC0-301F-11D3-BF4B-00C04F79EFBC}") = "Extension", "Extension\Extension\Extension.csproj", "{FCC04694-992D-41F2-80F4-C004A908E75A}"
EndProject
Project("{FAE04EC0-301F-11D3-BF4B-00C04F79EFBC}") = "Extension.EEProvider", "Extension\Extension.EEProvider\Extension.EEProvider.csproj", "{3FE783FF-AFC9-4D82-92EF-43379F3E9FDA}"
EndProject
Project("{FAE04EC0-301F-11D3-BF4B-00C04F79EFBC}") = "Modification", "Modification\Modification\Modification.csproj", "{5B78EF93-7660-487D-87A7-C7B9D63F223C}"
EndProject
Project("{FAE04EC0-301F-11D3-BF4B-00C04F79EFBC}") = "Modification.EEProvider", "Modification\Modification.EEProvider\Modification.EEProvider.csproj", "{FE4467F2-3D8F-422F-9855-4A5664422651}"
EndProject
Project("{FAE04EC0-301F-11D3-BF4B-00C04F79EFBC}") = "Renewal", "Renewal\Renewal\Renewal.csproj", "{FC72B6A8-C2E9-4554-A885-4D05153F7C58}"
EndProject
Project("{FAE04EC0-301F-11D3-BF4B-00C04F79EFBC}") = "Renewal.EEProvider", "Renewal\Renewal.EEProvider\Renewal.EEProvider.csproj", "{22041745-D8B2-425C-BD59-9DEE1F470BB5}"
EndProject
Project("{FAE04EC0-301F-11D3-BF4B-00C04F79EFBC}") = "Reversion", "Reversion\Reversion\Reversion.csproj", "{2D7FCA83-B5E1-4ECB-AD74-065877F638FE}"
EndProject
Project("{FAE04EC0-301F-11D3-BF4B-00C04F79EFBC}") = "Reversion.EEProvider", "Reversion\Reversion.EEProvider\Reversion.EEProvider.csproj", "{0510626D-22BA-44C0-9DE3-A0652B38991A}"
EndProject
Global
	GlobalSection(SolutionConfigurationPlatforms) = preSolution
		Debug|Any CPU = Debug|Any CPU
		Release|Any CPU = Release|Any CPU
	EndGlobalSection
	GlobalSection(ProjectConfigurationPlatforms) = postSolution
		{4B8DD584-FE6C-433A-A283-55A758A5598E}.Debug|Any CPU.ActiveCfg = Debug|Any CPU
		{4B8DD584-FE6C-433A-A283-55A758A5598E}.Debug|Any CPU.Build.0 = Debug|Any CPU
		{4B8DD584-FE6C-433A-A283-55A758A5598E}.Release|Any CPU.ActiveCfg = Release|Any CPU
		{4B8DD584-FE6C-433A-A283-55A758A5598E}.Release|Any CPU.Build.0 = Release|Any CPU
		{3A29B3A1-4FF5-462E-9DE4-9A59A8BF5BF7}.Debug|Any CPU.ActiveCfg = Debug|Any CPU
		{3A29B3A1-4FF5-462E-9DE4-9A59A8BF5BF7}.Debug|Any CPU.Build.0 = Debug|Any CPU
		{3A29B3A1-4FF5-462E-9DE4-9A59A8BF5BF7}.Release|Any CPU.ActiveCfg = Release|Any CPU
		{3A29B3A1-4FF5-462E-9DE4-9A59A8BF5BF7}.Release|Any CPU.Build.0 = Release|Any CPU
		{EA6444C3-92D7-4848-A77B-08A664FF82DD}.Debug|Any CPU.ActiveCfg = Debug|Any CPU
		{EA6444C3-92D7-4848-A77B-08A664FF82DD}.Debug|Any CPU.Build.0 = Debug|Any CPU
		{EA6444C3-92D7-4848-A77B-08A664FF82DD}.Release|Any CPU.ActiveCfg = Release|Any CPU
		{EA6444C3-92D7-4848-A77B-08A664FF82DD}.Release|Any CPU.Build.0 = Release|Any CPU
		{0396107D-B9C2-4494-94AD-19581DE55B4C}.Debug|Any CPU.ActiveCfg = Debug|Any CPU
		{0396107D-B9C2-4494-94AD-19581DE55B4C}.Debug|Any CPU.Build.0 = Debug|Any CPU
		{0396107D-B9C2-4494-94AD-19581DE55B4C}.Release|Any CPU.ActiveCfg = Release|Any CPU
		{0396107D-B9C2-4494-94AD-19581DE55B4C}.Release|Any CPU.Build.0 = Release|Any CPU
		{EAC660E6-FE4D-486B-9959-499B0F5A03CA}.Debug|Any CPU.ActiveCfg = Debug|Any CPU
		{EAC660E6-FE4D-486B-9959-499B0F5A03CA}.Debug|Any CPU.Build.0 = Debug|Any CPU
		{EAC660E6-FE4D-486B-9959-499B0F5A03CA}.Release|Any CPU.ActiveCfg = Release|Any CPU
		{EAC660E6-FE4D-486B-9959-499B0F5A03CA}.Release|Any CPU.Build.0 = Release|Any CPU
		{EF9C00C5-94B8-4960-A15A-A2B88DE94A03}.Debug|Any CPU.ActiveCfg = Debug|Any CPU
		{EF9C00C5-94B8-4960-A15A-A2B88DE94A03}.Debug|Any CPU.Build.0 = Debug|Any CPU
		{EF9C00C5-94B8-4960-A15A-A2B88DE94A03}.Release|Any CPU.ActiveCfg = Release|Any CPU
		{EF9C00C5-94B8-4960-A15A-A2B88DE94A03}.Release|Any CPU.Build.0 = Release|Any CPU
		{6220A74E-7A7F-4779-995C-B0E3D76950B0}.Debug|Any CPU.ActiveCfg = Debug|Any CPU
		{6220A74E-7A7F-4779-995C-B0E3D76950B0}.Debug|Any CPU.Build.0 = Debug|Any CPU
		{6220A74E-7A7F-4779-995C-B0E3D76950B0}.Release|Any CPU.ActiveCfg = Release|Any CPU
		{6220A74E-7A7F-4779-995C-B0E3D76950B0}.Release|Any CPU.Build.0 = Release|Any CPU
		{45993F52-76CE-4B7D-915E-E416E5F6F076}.Debug|Any CPU.ActiveCfg = Debug|Any CPU
		{45993F52-76CE-4B7D-915E-E416E5F6F076}.Debug|Any CPU.Build.0 = Debug|Any CPU
		{45993F52-76CE-4B7D-915E-E416E5F6F076}.Release|Any CPU.ActiveCfg = Release|Any CPU
		{45993F52-76CE-4B7D-915E-E416E5F6F076}.Release|Any CPU.Build.0 = Release|Any CPU
		{FCC04694-992D-41F2-80F4-C004A908E75A}.Debug|Any CPU.ActiveCfg = Debug|Any CPU
		{FCC04694-992D-41F2-80F4-C004A908E75A}.Debug|Any CPU.Build.0 = Debug|Any CPU
		{FCC04694-992D-41F2-80F4-C004A908E75A}.Release|Any CPU.ActiveCfg = Release|Any CPU
		{FCC04694-992D-41F2-80F4-C004A908E75A}.Release|Any CPU.Build.0 = Release|Any CPU
		{3FE783FF-AFC9-4D82-92EF-43379F3E9FDA}.Debug|Any CPU.ActiveCfg = Debug|Any CPU
		{3FE783FF-AFC9-4D82-92EF-43379F3E9FDA}.Debug|Any CPU.Build.0 = Debug|Any CPU
		{3FE783FF-AFC9-4D82-92EF-43379F3E9FDA}.Release|Any CPU.ActiveCfg = Release|Any CPU
		{3FE783FF-AFC9-4D82-92EF-43379F3E9FDA}.Release|Any CPU.Build.0 = Release|Any CPU
		{5B78EF93-7660-487D-87A7-C7B9D63F223C}.Debug|Any CPU.ActiveCfg = Debug|Any CPU
		{5B78EF93-7660-487D-87A7-C7B9D63F223C}.Debug|Any CPU.Build.0 = Debug|Any CPU
		{5B78EF93-7660-487D-87A7-C7B9D63F223C}.Release|Any CPU.ActiveCfg = Release|Any CPU
		{5B78EF93-7660-487D-87A7-C7B9D63F223C}.Release|Any CPU.Build.0 = Release|Any CPU
		{FE4467F2-3D8F-422F-9855-4A5664422651}.Debug|Any CPU.ActiveCfg = Debug|Any CPU
		{FE4467F2-3D8F-422F-9855-4A5664422651}.Debug|Any CPU.Build.0 = Debug|Any CPU
		{FE4467F2-3D8F-422F-9855-4A5664422651}.Release|Any CPU.ActiveCfg = Release|Any CPU
		{FE4467F2-3D8F-422F-9855-4A5664422651}.Release|Any CPU.Build.0 = Release|Any CPU
		{FC72B6A8-C2E9-4554-A885-4D05153F7C58}.Debug|Any CPU.ActiveCfg = Debug|Any CPU
		{FC72B6A8-C2E9-4554-A885-4D05153F7C58}.Debug|Any CPU.Build.0 = Debug|Any CPU
		{FC72B6A8-C2E9-4554-A885-4D05153F7C58}.Release|Any CPU.ActiveCfg = Release|Any CPU
		{FC72B6A8-C2E9-4554-A885-4D05153F7C58}.Release|Any CPU.Build.0 = Release|Any CPU
		{22041745-D8B2-425C-BD59-9DEE1F470BB5}.Debug|Any CPU.ActiveCfg = Debug|Any CPU
		{22041745-D8B2-425C-BD59-9DEE1F470BB5}.Debug|Any CPU.Build.0 = Debug|Any CPU
		{22041745-D8B2-425C-BD59-9DEE1F470BB5}.Release|Any CPU.ActiveCfg = Release|Any CPU
		{22041745-D8B2-425C-BD59-9DEE1F470BB5}.Release|Any CPU.Build.0 = Release|Any CPU
		{2D7FCA83-B5E1-4ECB-AD74-065877F638FE}.Debug|Any CPU.ActiveCfg = Debug|Any CPU
		{2D7FCA83-B5E1-4ECB-AD74-065877F638FE}.Debug|Any CPU.Build.0 = Debug|Any CPU
		{2D7FCA83-B5E1-4ECB-AD74-065877F638FE}.Release|Any CPU.ActiveCfg = Release|Any CPU
		{2D7FCA83-B5E1-4ECB-AD74-065877F638FE}.Release|Any CPU.Build.0 = Release|Any CPU
		{0510626D-22BA-44C0-9DE3-A0652B38991A}.Debug|Any CPU.ActiveCfg = Debug|Any CPU
		{0510626D-22BA-44C0-9DE3-A0652B38991A}.Debug|Any CPU.Build.0 = Debug|Any CPU
		{0510626D-22BA-44C0-9DE3-A0652B38991A}.Release|Any CPU.ActiveCfg = Release|Any CPU
		{0510626D-22BA-44C0-9DE3-A0652B38991A}.Release|Any CPU.Build.0 = Release|Any CPU
	EndGlobalSection
	GlobalSection(SolutionProperties) = preSolution
		HideSolutionNode = FALSE
	EndGlobalSection
	GlobalSection(ExtensibilityGlobals) = postSolution
		SolutionGuid = {20A15924-94AB-464F-B578-6BB077C9D898}
	EndGlobalSection
EndGlobal
