
Microsoft Visual Studio Solution File, Format Version 12.00
# Visual Studio 15
VisualStudioVersion = 15.0.27703.2026
MinimumVisualStudioVersion = 10.0.40219.1
Project("{FAE04EC0-301F-11D3-BF4B-00C04F79EFBC}") = "Company.Parameters.Entities", "Company.Parameters.Entities\Company.Parameters.Entities.csproj", "{2C281463-9318-4E72-A9AD-28DAD7913A9B}"
EndProject
Global
	GlobalSection(SolutionConfigurationPlatforms) = preSolution
		Debug|Any CPU = Debug|Any CPU
		Release|Any CPU = Release|Any CPU
	EndGlobalSection
	GlobalSection(ProjectConfigurationPlatforms) = postSolution
		{2C281463-9318-4E72-A9AD-28DAD7913A9B}.Debug|Any CPU.ActiveCfg = Debug|Any CPU
		{2C281463-9318-4E72-A9AD-28DAD7913A9B}.Debug|Any CPU.Build.0 = Debug|Any CPU
		{2C281463-9318-4E72-A9AD-28DAD7913A9B}.Release|Any CPU.ActiveCfg = Release|Any CPU
		{2C281463-9318-4E72-A9AD-28DAD7913A9B}.Release|Any CPU.Build.0 = Release|Any CPU
	EndGlobalSection
	GlobalSection(SolutionProperties) = preSolution
		HideSolutionNode = FALSE
	EndGlobalSection
	GlobalSection(ExtensibilityGlobals) = postSolution
		SolutionGuid = {ABFAFD93-D32B-4CCA-8577-B454F56B833E}
	EndGlobalSection
EndGlobal
