
Microsoft Visual Studio Solution File, Format Version 12.00
# Visual Studio 15
VisualStudioVersion = 15.0.26403.7
MinimumVisualStudioVersion = 10.0.40219.1
Project("{FAE04EC0-301F-11D3-BF4B-00C04F79EFBC}") = "Core.UIF2Providers", "UIF2Providers\Core.UIF2Providers.csproj", "{4139CC44-5658-4D79-A9D5-B9B056D5E4AA}"
EndProject
Project("{FAE04EC0-301F-11D3-BF4B-00C04F79EFBC}") = "Core.UIF2Services", "Core.AuthenticationServices\Core.UIF2Services.csproj", "{EBFBCC56-3C1F-475B-A404-A63EA53DD3DB}"
EndProject
Global
	GlobalSection(SolutionConfigurationPlatforms) = preSolution
		Debug|Any CPU = Debug|Any CPU
		Release|Any CPU = Release|Any CPU
	EndGlobalSection
	GlobalSection(ProjectConfigurationPlatforms) = postSolution
		{4139CC44-5658-4D79-A9D5-B9B056D5E4AA}.Debug|Any CPU.ActiveCfg = Debug|Any CPU
		{4139CC44-5658-4D79-A9D5-B9B056D5E4AA}.Debug|Any CPU.Build.0 = Debug|Any CPU
		{4139CC44-5658-4D79-A9D5-B9B056D5E4AA}.Release|Any CPU.ActiveCfg = Release|Any CPU
		{4139CC44-5658-4D79-A9D5-B9B056D5E4AA}.Release|Any CPU.Build.0 = Release|Any CPU
		{EBFBCC56-3C1F-475B-A404-A63EA53DD3DB}.Debug|Any CPU.ActiveCfg = Debug|Any CPU
		{EBFBCC56-3C1F-475B-A404-A63EA53DD3DB}.Debug|Any CPU.Build.0 = Debug|Any CPU
		{EBFBCC56-3C1F-475B-A404-A63EA53DD3DB}.Release|Any CPU.ActiveCfg = Release|Any CPU
		{EBFBCC56-3C1F-475B-A404-A63EA53DD3DB}.Release|Any CPU.Build.0 = Release|Any CPU
	EndGlobalSection
	GlobalSection(SolutionProperties) = preSolution
		HideSolutionNode = FALSE
	EndGlobalSection
	GlobalSection(ExtensibilityGlobals) = postSolution
		SolutionGuid = {8576E278-496A-4860-B520-CB5A3FD3034B}
	EndGlobalSection
EndGlobal
