
Microsoft Visual Studio Solution File, Format Version 12.00
# Visual Studio 15
VisualStudioVersion = 15.0.26430.16
MinimumVisualStudioVersion = 10.0.40219.1
Project("{FAE04EC0-301F-11D3-BF4B-00C04F79EFBC}") = "Company.UnderwritingBroker", "UnderwritingBrokerService\Company.UnderwritingBroker.csproj", "{5A8F814B-F9A5-4DF6-A4F1-9F033D98523D}"
EndProject
Project("{FAE04EC0-301F-11D3-BF4B-00C04F79EFBC}") = "Company.UnderwritingBrokerServiceEEProvider", "UnderwritingBrokerServiceEEProvider\Company.UnderwritingBrokerServiceEEProvider.csproj", "{6DA01CAC-B46A-40AA-9C23-2C5A8E396D0B}"
EndProject
Global
	GlobalSection(SolutionConfigurationPlatforms) = preSolution
		Debug|Any CPU = Debug|Any CPU
		Release|Any CPU = Release|Any CPU
	EndGlobalSection
	GlobalSection(ProjectConfigurationPlatforms) = postSolution
		{5A8F814B-F9A5-4DF6-A4F1-9F033D98523D}.Debug|Any CPU.ActiveCfg = Debug|Any CPU
		{5A8F814B-F9A5-4DF6-A4F1-9F033D98523D}.Debug|Any CPU.Build.0 = Debug|Any CPU
		{5A8F814B-F9A5-4DF6-A4F1-9F033D98523D}.Release|Any CPU.ActiveCfg = Release|Any CPU
		{5A8F814B-F9A5-4DF6-A4F1-9F033D98523D}.Release|Any CPU.Build.0 = Release|Any CPU
		{6DA01CAC-B46A-40AA-9C23-2C5A8E396D0B}.Debug|Any CPU.ActiveCfg = Debug|Any CPU
		{6DA01CAC-B46A-40AA-9C23-2C5A8E396D0B}.Debug|Any CPU.Build.0 = Debug|Any CPU
		{6DA01CAC-B46A-40AA-9C23-2C5A8E396D0B}.Release|Any CPU.ActiveCfg = Release|Any CPU
		{6DA01CAC-B46A-40AA-9C23-2C5A8E396D0B}.Release|Any CPU.Build.0 = Release|Any CPU
	EndGlobalSection
	GlobalSection(SolutionProperties) = preSolution
		HideSolutionNode = FALSE
	EndGlobalSection
	GlobalSection(TeamFoundationVersionControl) = preSolution
		SccNumberOfProjects = 3
		SccEnterpriseProvider = {4CA58AB2-18FA-4F8D-95D4-32DDF27D184C}
		SccTeamFoundationServer = http://tfs.sistran.com:8080/tfs/colombia
		SccLocalPath0 = .
		SccProjectUniqueName1 = UnderwritingBrokerService\\Company.UnderwritingBroker.csproj
		SccProjectName1 = UnderwritingBrokerService
		SccLocalPath1 = UnderwritingBrokerService
		SccProjectUniqueName2 = UnderwritingBrokerServiceEEProvider\\Company.UnderwritingBrokerServiceEEProvider.csproj
		SccProjectName2 = UnderwritingBrokerServiceEEProvider
		SccLocalPath2 = UnderwritingBrokerServiceEEProvider
	EndGlobalSection
EndGlobal
