
Microsoft Visual Studio Solution File, Format Version 12.00
# Visual Studio 15
VisualStudioVersion = 15.0.27428.2037
MinimumVisualStudioVersion = 10.0.40219.1
Project("{FAE04EC0-301F-11D3-BF4B-00C04F79EFBC}") = "Company.ExternalProxyServices", "Company.ExternalProxyServices\Company.ExternalProxyServices.csproj", "{3AA11A22-DFA0-4FE3-85EA-D50892029249}"
EndProject
Project("{FAE04EC0-301F-11D3-BF4B-00C04F79EFBC}") = "Company.ExternalProxyServicesEEProvider", "Company.ExternalProxyServicesEEProvider\Company.ExternalProxyServicesEEProvider.csproj", "{19BEC047-C0B3-42C5-A349-83A8E74535CF}"
EndProject
Global
	GlobalSection(SolutionConfigurationPlatforms) = preSolution
		Debug|Any CPU = Debug|Any CPU
		Release|Any CPU = Release|Any CPU
	EndGlobalSection
	GlobalSection(ProjectConfigurationPlatforms) = postSolution
		{3AA11A22-DFA0-4FE3-85EA-D50892029249}.Debug|Any CPU.ActiveCfg = Debug|Any CPU
		{3AA11A22-DFA0-4FE3-85EA-D50892029249}.Debug|Any CPU.Build.0 = Debug|Any CPU
		{3AA11A22-DFA0-4FE3-85EA-D50892029249}.Release|Any CPU.ActiveCfg = Release|Any CPU
		{3AA11A22-DFA0-4FE3-85EA-D50892029249}.Release|Any CPU.Build.0 = Release|Any CPU
		{19BEC047-C0B3-42C5-A349-83A8E74535CF}.Debug|Any CPU.ActiveCfg = Debug|Any CPU
		{19BEC047-C0B3-42C5-A349-83A8E74535CF}.Debug|Any CPU.Build.0 = Debug|Any CPU
		{19BEC047-C0B3-42C5-A349-83A8E74535CF}.Release|Any CPU.ActiveCfg = Release|Any CPU
		{19BEC047-C0B3-42C5-A349-83A8E74535CF}.Release|Any CPU.Build.0 = Release|Any CPU
	EndGlobalSection
	GlobalSection(SolutionProperties) = preSolution
		HideSolutionNode = FALSE
	EndGlobalSection
	GlobalSection(ExtensibilityGlobals) = postSolution
		SolutionGuid = {A8BE6714-7403-4FEB-A4DE-F8E53BFF8C3C}
	EndGlobalSection
EndGlobal
