Microsoft Visual Studio Solution File, Format Version 12.00
# Visual Studio 15
VisualStudioVersion = 15.0.27703.2026
MinimumVisualStudioVersion = 10.0.40219.1
Project("{FAE04EC0-301F-11D3-BF4B-00C04F79EFBC}") = "Clause", "Clause\Clause.csproj", "{EAC660E6-FE4D-486B-9959-499B0F5A03CA}"
EndProject
Project("{FAE04EC0-301F-11D3-BF4B-00C04F79EFBC}") = "Clause.EEProvider", "Clause.EEProvider\Clause.EEProvider.csproj", "{EF9C00C5-94B8-4960-A15A-A2B88DE94A03}"
EndProject
Global
	GlobalSection(SolutionConfigurationPlatforms) = preSolution
		Debug|Any CPU = Debug|Any CPU
		Release|Any CPU = Release|Any CPU
	EndGlobalSection
	GlobalSection(ProjectConfigurationPlatforms) = postSolution
		{EAC660E6-FE4D-486B-9959-499B0F5A03CA}.Debug|Any CPU.ActiveCfg = Debug|Any CPU
		{EAC660E6-FE4D-486B-9959-499B0F5A03CA}.Debug|Any CPU.Build.0 = Debug|Any CPU
		{EAC660E6-FE4D-486B-9959-499B0F5A03CA}.Release|Any CPU.ActiveCfg = Release|Any CPU
		{EAC660E6-FE4D-486B-9959-499B0F5A03CA}.Release|Any CPU.Build.0 = Release|Any CPU
		{EF9C00C5-94B8-4960-A15A-A2B88DE94A03}.Debug|Any CPU.ActiveCfg = Debug|Any CPU
		{EF9C00C5-94B8-4960-A15A-A2B88DE94A03}.Debug|Any CPU.Build.0 = Debug|Any CPU
		{EF9C00C5-94B8-4960-A15A-A2B88DE94A03}.Release|Any CPU.ActiveCfg = Release|Any CPU
		{EF9C00C5-94B8-4960-A15A-A2B88DE94A03}.Release|Any CPU.Build.0 = Release|Any CPU
	EndGlobalSection
	GlobalSection(SolutionProperties) = preSolution
		HideSolutionNode = FALSE
	EndGlobalSection
	GlobalSection(ExtensibilityGlobals) = postSolution
		SolutionGuid = {2B5CAA4C-62EE-4CB4-9B29-05D3BC323800}
	EndGlobalSection
EndGlobal
