
Microsoft Visual Studio Solution File, Format Version 12.00
# Visual Studio 2012
Project("{FAE04EC0-301F-11D3-BF4B-00C04F79EFBC}") = "Company.Quotation.Entities", "Company.Quotation.Entities\Company.Quotation.Entities.csproj", "{9E7FEB9C-AE92-49F1-B083-9E26010A8A1E}"
EndProject
Global
	GlobalSection(TeamFoundationVersionControl) = preSolution
		SccNumberOfProjects = 2
		SccEnterpriseProvider = {4CA58AB2-18FA-4F8D-95D4-32DDF27D184C}
		SccTeamFoundationServer = http://tfs.sistran.com:8080/tfs/colombia
		SccProjectUniqueName0 = Company.Quotation.Entities\\Company.Quotation.Entities.csproj
		SccProjectName0 = Company.Quotation.Entities
		SccLocalPath0 = Company.Quotation.Entities
		SccLocalPath1 = .
	EndGlobalSection
	GlobalSection(SolutionConfigurationPlatforms) = preSolution
		Debug|Any CPU = Debug|Any CPU
		Release|Any CPU = Release|Any CPU
	EndGlobalSection
	GlobalSection(ProjectConfigurationPlatforms) = postSolution
		{9E7FEB9C-AE92-49F1-B083-9E26010A8A1E}.Debug|Any CPU.ActiveCfg = Debug|Any CPU
		{9E7FEB9C-AE92-49F1-B083-9E26010A8A1E}.Debug|Any CPU.Build.0 = Debug|Any CPU
		{9E7FEB9C-AE92-49F1-B083-9E26010A8A1E}.Release|Any CPU.ActiveCfg = Release|Any CPU
		{9E7FEB9C-AE92-49F1-B083-9E26010A8A1E}.Release|Any CPU.Build.0 = Release|Any CPU
	EndGlobalSection
	GlobalSection(SolutionProperties) = preSolution
		HideSolutionNode = FALSE
	EndGlobalSection
EndGlobal
