Microsoft Visual Studio Solution File, Format Version 12.00
# Visual Studio 15
VisualStudioVersion = 15.0.27703.2026
MinimumVisualStudioVersion = 10.0.40219.1
Project("{FAE04EC0-301F-11D3-BF4B-00C04F79EFBC}") = "Reversion", "Reversion\Reversion.csproj", "{F29A0529-A1FA-4B5F-8526-A521968EFE53}"
EndProject
Project("{FAE04EC0-301F-11D3-BF4B-00C04F79EFBC}") = "Reversion.EEProvider", "Reversion.EEProvider\Reversion.EEProvider.csproj", "{C6E556AB-959A-438E-9121-9342AE9F83DA}"
EndProject
Global
	GlobalSection(SolutionConfigurationPlatforms) = preSolution
		Debug|Any CPU = Debug|Any CPU
		Release|Any CPU = Release|Any CPU
	EndGlobalSection
	GlobalSection(ProjectConfigurationPlatforms) = postSolution
		{F29A0529-A1FA-4B5F-8526-A521968EFE53}.Debug|Any CPU.ActiveCfg = Debug|Any CPU
		{F29A0529-A1FA-4B5F-8526-A521968EFE53}.Debug|Any CPU.Build.0 = Debug|Any CPU
		{F29A0529-A1FA-4B5F-8526-A521968EFE53}.Release|Any CPU.ActiveCfg = Release|Any CPU
		{F29A0529-A1FA-4B5F-8526-A521968EFE53}.Release|Any CPU.Build.0 = Release|Any CPU
		{C6E556AB-959A-438E-9121-9342AE9F83DA}.Debug|Any CPU.ActiveCfg = Debug|Any CPU
		{C6E556AB-959A-438E-9121-9342AE9F83DA}.Debug|Any CPU.Build.0 = Debug|Any CPU
		{C6E556AB-959A-438E-9121-9342AE9F83DA}.Release|Any CPU.ActiveCfg = Release|Any CPU
		{C6E556AB-959A-438E-9121-9342AE9F83DA}.Release|Any CPU.Build.0 = Release|Any CPU
	EndGlobalSection
	GlobalSection(SolutionProperties) = preSolution
		HideSolutionNode = FALSE
	EndGlobalSection
	GlobalSection(ExtensibilityGlobals) = postSolution
		SolutionGuid = {57CBB63F-9222-4E8E-8F25-3C4EB0137CD6}
	EndGlobalSection
EndGlobal
