
Microsoft Visual Studio Solution File, Format Version 12.00
# Visual Studio 15
VisualStudioVersion = 15.0.27130.2003
MinimumVisualStudioVersion = 10.0.40219.1
Project("{FAE04EC0-301F-11D3-BF4B-00C04F79EFBC}") = "Company.CommonServices", "CommonService\Company.CommonServices.csproj", "{8EFEA4ED-963D-42A0-9202-A461A63760C1}"
EndProject
Project("{FAE04EC0-301F-11D3-BF4B-00C04F79EFBC}") = "Company.CommonServices.EEProvider", "CommonServiceEEProvider\Company.CommonServices.EEProvider.csproj", "{569A3F71-FA46-49D2-A6C1-FE163685E0F1}"
EndProject
Project("{FAE04EC0-301F-11D3-BF4B-00C04F79EFBC}") = "Company.CommonParamService", "CommonParamService\Company.CommonParamService.csproj", "{46C2A4CF-8733-4846-B55B-B57543E734B2}"
EndProject
Project("{FAE04EC0-301F-11D3-BF4B-00C04F79EFBC}") = "Company.CommonParamService.EEProvider", "CommonParamServiceEEProvider\Company.CommonParamService.EEProvider.csproj", "{360DEC89-3A22-4C13-BF21-88E392D8BCDC}"
EndProject
Project("{FAE04EC0-301F-11D3-BF4B-00C04F79EFBC}") = "Company.CommonAplicationServices", "CommonAplicationService\Company.CommonAplicationServices.csproj", "{2A740962-1FAE-48C4-9204-376A6DF3149A}"
EndProject
Project("{FAE04EC0-301F-11D3-BF4B-00C04F79EFBC}") = "Company.CommonAplicationServices.EEProvider", "CommonAplicationServiceEEProvider\Company.CommonAplicationServices.EEProvider.csproj", "{D2B43CA1-32A7-413E-BC4B-E69A49FFAEDF}"
EndProject
Global
	GlobalSection(SolutionConfigurationPlatforms) = preSolution
		Debug|Any CPU = Debug|Any CPU
		Release|Any CPU = Release|Any CPU
	EndGlobalSection
	GlobalSection(ProjectConfigurationPlatforms) = postSolution
		{8EFEA4ED-963D-42A0-9202-A461A63760C1}.Debug|Any CPU.ActiveCfg = Debug|Any CPU
		{8EFEA4ED-963D-42A0-9202-A461A63760C1}.Debug|Any CPU.Build.0 = Debug|Any CPU
		{8EFEA4ED-963D-42A0-9202-A461A63760C1}.Release|Any CPU.ActiveCfg = Release|Any CPU
		{8EFEA4ED-963D-42A0-9202-A461A63760C1}.Release|Any CPU.Build.0 = Release|Any CPU
		{569A3F71-FA46-49D2-A6C1-FE163685E0F1}.Debug|Any CPU.ActiveCfg = Debug|Any CPU
		{569A3F71-FA46-49D2-A6C1-FE163685E0F1}.Debug|Any CPU.Build.0 = Debug|Any CPU
		{569A3F71-FA46-49D2-A6C1-FE163685E0F1}.Release|Any CPU.ActiveCfg = Release|Any CPU
		{569A3F71-FA46-49D2-A6C1-FE163685E0F1}.Release|Any CPU.Build.0 = Release|Any CPU
		{46C2A4CF-8733-4846-B55B-B57543E734B2}.Debug|Any CPU.ActiveCfg = Debug|Any CPU
		{46C2A4CF-8733-4846-B55B-B57543E734B2}.Debug|Any CPU.Build.0 = Debug|Any CPU
		{46C2A4CF-8733-4846-B55B-B57543E734B2}.Release|Any CPU.ActiveCfg = Release|Any CPU
		{46C2A4CF-8733-4846-B55B-B57543E734B2}.Release|Any CPU.Build.0 = Release|Any CPU
		{360DEC89-3A22-4C13-BF21-88E392D8BCDC}.Debug|Any CPU.ActiveCfg = Debug|Any CPU
		{360DEC89-3A22-4C13-BF21-88E392D8BCDC}.Debug|Any CPU.Build.0 = Debug|Any CPU
		{360DEC89-3A22-4C13-BF21-88E392D8BCDC}.Release|Any CPU.ActiveCfg = Release|Any CPU
		{360DEC89-3A22-4C13-BF21-88E392D8BCDC}.Release|Any CPU.Build.0 = Release|Any CPU
		{2A740962-1FAE-48C4-9204-376A6DF3149A}.Debug|Any CPU.ActiveCfg = Debug|Any CPU
		{2A740962-1FAE-48C4-9204-376A6DF3149A}.Debug|Any CPU.Build.0 = Debug|Any CPU
		{2A740962-1FAE-48C4-9204-376A6DF3149A}.Release|Any CPU.ActiveCfg = Release|Any CPU
		{2A740962-1FAE-48C4-9204-376A6DF3149A}.Release|Any CPU.Build.0 = Release|Any CPU
		{D2B43CA1-32A7-413E-BC4B-E69A49FFAEDF}.Debug|Any CPU.ActiveCfg = Debug|Any CPU
		{D2B43CA1-32A7-413E-BC4B-E69A49FFAEDF}.Debug|Any CPU.Build.0 = Debug|Any CPU
		{D2B43CA1-32A7-413E-BC4B-E69A49FFAEDF}.Release|Any CPU.ActiveCfg = Release|Any CPU
		{D2B43CA1-32A7-413E-BC4B-E69A49FFAEDF}.Release|Any CPU.Build.0 = Release|Any CPU
	EndGlobalSection
	GlobalSection(SolutionProperties) = preSolution
		HideSolutionNode = FALSE
	EndGlobalSection
	GlobalSection(ExtensibilityGlobals) = postSolution
		SolutionGuid = {3C1762E3-9CA2-4DBD-8B5A-BA9886B4722E}
	EndGlobalSection
	GlobalSection(TestCaseManagementSettings) = postSolution
		CategoryFile = Sistran.Core.Application.Common.vsmdi
	EndGlobalSection
EndGlobal
