
Microsoft Visual Studio Solution File, Format Version 12.00
# Visual Studio 15
VisualStudioVersion = 15.0.27703.2035
MinimumVisualStudioVersion = 10.0.40219.1
Project("{2150E333-8FDC-42A3-9474-1A3956D46DE8}") = "Solution Items", "Solution Items", "{CA54A635-2AD3-4257-AB20-9A787A7DA12C}"
EndProject
Project("{FAE04EC0-301F-11D3-BF4B-00C04F79EFBC}") = "Company.UniqueUserServices", "UniqueUserService\Company.UniqueUserServices.csproj", "{2FF08AFB-3757-4C7C-8B8B-6BEA2C12A6CC}"
EndProject
Project("{FAE04EC0-301F-11D3-BF4B-00C04F79EFBC}") = "Company.UniqueUserServices.EEProvider", "UniqueUserServiceEEProvider\Company.UniqueUserServices.EEProvider.csproj", "{2B2B01F5-799E-4B2E-BF85-90F11121FCC3}"
EndProject
Project("{FAE04EC0-301F-11D3-BF4B-00C04F79EFBC}") = "Company.UniqueUserParamService", "UniqueUserParamService\Company.UniqueUserParamService.csproj", "{6376BB14-1D7B-476D-835B-737BE38E2D9A}"
EndProject
Project("{FAE04EC0-301F-11D3-BF4B-00C04F79EFBC}") = "Company.UniqueUserParamService.EEProvider", "UniqueUserParamServiceEEProvider\Company.UniqueUserParamService.EEProvider.csproj", "{4764D62B-6097-4DA8-938F-FC41D1AE1220}"
EndProject
Project("{FAE04EC0-301F-11D3-BF4B-00C04F79EFBC}") = "UniqueUserBusinessService", "UniqueUserBusinessService\UniqueUserBusinessService.csproj", "{F8E114FC-F361-4DA9-AB30-43FA52B1A7FD}"
EndProject
Project("{FAE04EC0-301F-11D3-BF4B-00C04F79EFBC}") = "UniqueUserBusinessServiceProvider", "UniqueUserBusinessServiceProvider\UniqueUserBusinessServiceProvider.csproj", "{1AE16C30-9205-4F9F-9118-0B42783D52A5}"
EndProject
Project("{FAE04EC0-301F-11D3-BF4B-00C04F79EFBC}") = "UniqueUserApplicationServices", "UniqueUserApplicationService\UniqueUserApplicationServices.csproj", "{E014468A-3837-41B7-8E93-D96AB7F4C669}"
EndProject
Project("{FAE04EC0-301F-11D3-BF4B-00C04F79EFBC}") = "UniqueUserApplicationServiceProvider", "UniqueUserApplicationServiceProvider\UniqueUserApplicationServiceProvider.csproj", "{6B639410-427E-48D0-AD03-2F7A993D6E95}"
	ProjectSection(ProjectDependencies) = postProject
		{1AE16C30-9205-4F9F-9118-0B42783D52A5} = {1AE16C30-9205-4F9F-9118-0B42783D52A5}
	EndProjectSection
EndProject
Global
	GlobalSection(SolutionConfigurationPlatforms) = preSolution
		Debug|Any CPU = Debug|Any CPU
		Release|Any CPU = Release|Any CPU
	EndGlobalSection
	GlobalSection(ProjectConfigurationPlatforms) = postSolution
		{2FF08AFB-3757-4C7C-8B8B-6BEA2C12A6CC}.Debug|Any CPU.ActiveCfg = Debug|Any CPU
		{2FF08AFB-3757-4C7C-8B8B-6BEA2C12A6CC}.Debug|Any CPU.Build.0 = Debug|Any CPU
		{2FF08AFB-3757-4C7C-8B8B-6BEA2C12A6CC}.Debug|Any CPU.Deploy.0 = Debug|Any CPU
		{2FF08AFB-3757-4C7C-8B8B-6BEA2C12A6CC}.Release|Any CPU.ActiveCfg = Release|Any CPU
		{2FF08AFB-3757-4C7C-8B8B-6BEA2C12A6CC}.Release|Any CPU.Build.0 = Release|Any CPU
		{2B2B01F5-799E-4B2E-BF85-90F11121FCC3}.Debug|Any CPU.ActiveCfg = Debug|Any CPU
		{2B2B01F5-799E-4B2E-BF85-90F11121FCC3}.Debug|Any CPU.Build.0 = Debug|Any CPU
		{2B2B01F5-799E-4B2E-BF85-90F11121FCC3}.Release|Any CPU.ActiveCfg = Release|Any CPU
		{2B2B01F5-799E-4B2E-BF85-90F11121FCC3}.Release|Any CPU.Build.0 = Release|Any CPU
		{6376BB14-1D7B-476D-835B-737BE38E2D9A}.Debug|Any CPU.ActiveCfg = Debug|Any CPU
		{6376BB14-1D7B-476D-835B-737BE38E2D9A}.Debug|Any CPU.Build.0 = Debug|Any CPU
		{6376BB14-1D7B-476D-835B-737BE38E2D9A}.Release|Any CPU.ActiveCfg = Release|Any CPU
		{6376BB14-1D7B-476D-835B-737BE38E2D9A}.Release|Any CPU.Build.0 = Release|Any CPU
		{4764D62B-6097-4DA8-938F-FC41D1AE1220}.Debug|Any CPU.ActiveCfg = Debug|Any CPU
		{4764D62B-6097-4DA8-938F-FC41D1AE1220}.Debug|Any CPU.Build.0 = Debug|Any CPU
		{4764D62B-6097-4DA8-938F-FC41D1AE1220}.Release|Any CPU.ActiveCfg = Release|Any CPU
		{4764D62B-6097-4DA8-938F-FC41D1AE1220}.Release|Any CPU.Build.0 = Release|Any CPU
		{E014468A-3837-41B7-8E93-D96AB7F4C669}.Debug|Any CPU.ActiveCfg = Debug|Any CPU
		{E014468A-3837-41B7-8E93-D96AB7F4C669}.Debug|Any CPU.Build.0 = Debug|Any CPU
		{E014468A-3837-41B7-8E93-D96AB7F4C669}.Release|Any CPU.ActiveCfg = Release|Any CPU
		{E014468A-3837-41B7-8E93-D96AB7F4C669}.Release|Any CPU.Build.0 = Release|Any CPU
		{F8E114FC-F361-4DA9-AB30-43FA52B1A7FD}.Debug|Any CPU.ActiveCfg = Debug|Any CPU
		{F8E114FC-F361-4DA9-AB30-43FA52B1A7FD}.Debug|Any CPU.Build.0 = Debug|Any CPU
		{F8E114FC-F361-4DA9-AB30-43FA52B1A7FD}.Release|Any CPU.ActiveCfg = Release|Any CPU
		{F8E114FC-F361-4DA9-AB30-43FA52B1A7FD}.Release|Any CPU.Build.0 = Release|Any CPU
		{6B639410-427E-48D0-AD03-2F7A993D6E95}.Debug|Any CPU.ActiveCfg = Debug|Any CPU
		{6B639410-427E-48D0-AD03-2F7A993D6E95}.Debug|Any CPU.Build.0 = Debug|Any CPU
		{6B639410-427E-48D0-AD03-2F7A993D6E95}.Release|Any CPU.ActiveCfg = Release|Any CPU
		{6B639410-427E-48D0-AD03-2F7A993D6E95}.Release|Any CPU.Build.0 = Release|Any CPU
		{1AE16C30-9205-4F9F-9118-0B42783D52A5}.Debug|Any CPU.ActiveCfg = Debug|Any CPU
		{1AE16C30-9205-4F9F-9118-0B42783D52A5}.Debug|Any CPU.Build.0 = Debug|Any CPU
		{1AE16C30-9205-4F9F-9118-0B42783D52A5}.Release|Any CPU.ActiveCfg = Release|Any CPU
		{1AE16C30-9205-4F9F-9118-0B42783D52A5}.Release|Any CPU.Build.0 = Release|Any CPU
	EndGlobalSection
	GlobalSection(SolutionProperties) = preSolution
		HideSolutionNode = FALSE
	EndGlobalSection
	GlobalSection(ExtensibilityGlobals) = postSolution
		SolutionGuid = {61CAD53C-1B6A-4E26-9B1C-0C28F3B6B447}
	EndGlobalSection
	GlobalSection(TestCaseManagementSettings) = postSolution
		CategoryFile = Company.UniqueUserServices.vsmdi
	EndGlobalSection
	GlobalSection(TestCaseManagementSettings) = postSolution
		CategoryFile = Company.UniqueUserServices.vsmdi
	EndGlobalSection
EndGlobal
