Microsoft Visual Studio Solution File, Format Version 12.00
# Visual Studio 2012
Project("{FAE04EC0-301F-11D3-BF4B-00C04F79EFBC}") = "Cancellation", "Cancellation\Cancellation.csproj", "{4B8DD584-FE6C-433A-A283-55A758A5598E}"
EndProject
Project("{FAE04EC0-301F-11D3-BF4B-00C04F79EFBC}") = "Cancellation.EEProvider", "Cancellation.EEProvider\Cancellation.EEProvider.csproj", "{3A29B3A1-4FF5-462E-9DE4-9A59A8BF5BF7}"
EndProject
Global
	GlobalSection(TeamFoundationVersionControl) = preSolution
		SccNumberOfProjects = 3
		SccEnterpriseProvider = {4CA58AB2-18FA-4F8D-95D4-32DDF27D184C}
		SccTeamFoundationServer = http://tfs.sistran.com:8080/tfs/colombia
		SccLocalPath0 = .
		SccProjectUniqueName1 = Cancellation.EEProvider\Cancellation.EEProvider.csproj
		SccProjectName1 = Cancellation.EEProvider
		SccLocalPath1 = Cancellation.EEProvider
		SccProjectUniqueName2 = Cancellation\Cancellation.csproj
		SccProjectName2 = Cancellation
		SccLocalPath2 = Cancellation
	EndGlobalSection
	GlobalSection(SolutionConfigurationPlatforms) = preSolution
		Debug|Any CPU = Debug|Any CPU
		Release|Any CPU = Release|Any CPU
	EndGlobalSection
	GlobalSection(ProjectConfigurationPlatforms) = postSolution
		{4B8DD584-FE6C-433A-A283-55A758A5598E}.Debug|Any CPU.ActiveCfg = Debug|Any CPU
		{4B8DD584-FE6C-433A-A283-55A758A5598E}.Debug|Any CPU.Build.0 = Debug|Any CPU
		{4B8DD584-FE6C-433A-A283-55A758A5598E}.Release|Any CPU.ActiveCfg = Release|Any CPU
		{4B8DD584-FE6C-433A-A283-55A758A5598E}.Release|Any CPU.Build.0 = Release|Any CPU
		{3A29B3A1-4FF5-462E-9DE4-9A59A8BF5BF7}.Debug|Any CPU.ActiveCfg = Debug|Any CPU
		{3A29B3A1-4FF5-462E-9DE4-9A59A8BF5BF7}.Debug|Any CPU.Build.0 = Debug|Any CPU
		{3A29B3A1-4FF5-462E-9DE4-9A59A8BF5BF7}.Release|Any CPU.ActiveCfg = Debug|Any CPU
		{3A29B3A1-4FF5-462E-9DE4-9A59A8BF5BF7}.Release|Any CPU.Build.0 = Debug|Any CPU
	EndGlobalSection
	GlobalSection(SolutionProperties) = preSolution
		HideSolutionNode = FALSE
	EndGlobalSection
EndGlobal
