Microsoft Visual Studio Solution File, Format Version 12.00
# Visual Studio 15
VisualStudioVersion = 15.0.27130.2003
MinimumVisualStudioVersion = 10.0.40219.1
Project("{FAE04EC0-301F-11D3-BF4B-00C04F79EFBC}") = "Modification", "Modification\Modification\Modification.csproj", "{1FF61AE0-6CA8-494A-97BD-7E55C2712568}"
EndProject
Project("{FAE04EC0-301F-11D3-BF4B-00C04F79EFBC}") = "Modification.EEProvider", "Modification\Modification.EEProvider\Modification.EEProvider.csproj", "{2929D6A2-F98C-4FC4-936E-BD7C340AA2E6}"
EndProject
Project("{2150E333-8FDC-42A3-9474-1A3956D46DE8}") = "Solution Items", "Solution Items", "{80ECA188-D5A9-4375-8DAE-4D1826148153}"
EndProject
Project("{FAE04EC0-301F-11D3-BF4B-00C04F79EFBC}") = "Cancellation", "Cancellation\Cancellation\Cancellation.csproj", "{4B8DD584-FE6C-433A-A283-55A758A5598E}"
EndProject
Project("{FAE04EC0-301F-11D3-BF4B-00C04F79EFBC}") = "Cancellation.EEProvider", "Cancellation\Cancellation.EEProvider\Cancellation.EEProvider.csproj", "{3A29B3A1-4FF5-462E-9DE4-9A59A8BF5BF7}"
EndProject
Project("{FAE04EC0-301F-11D3-BF4B-00C04F79EFBC}") = "Clause", "Clause\Clause\Clause.csproj", "{EAC660E6-FE4D-486B-9959-499B0F5A03CA}"
EndProject
Project("{FAE04EC0-301F-11D3-BF4B-00C04F79EFBC}") = "Clause.EEProvider", "Clause\Clause.EEProvider\Clause.EEProvider.csproj", "{EF9C00C5-94B8-4960-A15A-A2B88DE94A03}"
EndProject
Project("{FAE04EC0-301F-11D3-BF4B-00C04F79EFBC}") = "Extension", "Extension\Extension\Extension.csproj", "{A4DD763A-E303-49F5-B46B-F80482CCB648}"
EndProject
Project("{FAE04EC0-301F-11D3-BF4B-00C04F79EFBC}") = "Extension.EEProvider", "Extension\Extension.EEProvider\Extension.EEProvider.csproj", "{5EE32CDA-83D3-488C-81B2-12DF6242B7BA}"
EndProject
Project("{FAE04EC0-301F-11D3-BF4B-00C04F79EFBC}") = "Renewal", "Renewal\Renewal\Renewal.csproj", "{142CE8B9-6E41-4908-842F-B899F5A4AF31}"
EndProject
Project("{FAE04EC0-301F-11D3-BF4B-00C04F79EFBC}") = "Renewal.EEProvider", "Renewal\Renewal.EEProvider\Renewal.EEProvider.csproj", "{B64F4302-0666-4EA5-9E8B-66E02932D7DD}"
EndProject
Project("{FAE04EC0-301F-11D3-BF4B-00C04F79EFBC}") = "Reversion", "Reversion\Reversion\Reversion.csproj", "{F29A0529-A1FA-4B5F-8526-A521968EFE53}"
EndProject
Project("{FAE04EC0-301F-11D3-BF4B-00C04F79EFBC}") = "Reversion.EEProvider", "Reversion\Reversion.EEProvider\Reversion.EEProvider.csproj", "{C6E556AB-959A-438E-9121-9342AE9F83DA}"
EndProject
Project("{FAE04EC0-301F-11D3-BF4B-00C04F79EFBC}") = "Text", "Text\Text\Text.csproj", "{6220A74E-7A7F-4779-995C-B0E3D76950B0}"
EndProject
Project("{FAE04EC0-301F-11D3-BF4B-00C04F79EFBC}") = "Text.EEProvider", "Text\Text.EEProvider\Text.EEProvider.csproj", "{45993F52-76CE-4B7D-915E-E416E5F6F076}"
EndProject
Project("{FAE04EC0-301F-11D3-BF4B-00C04F79EFBC}") = "ChangeAgent", "ChangeAgent\ChangeAgent\ChangeAgent.csproj", "{EA6444C3-92D7-4848-A77B-08A664FF82DD}"
EndProject
Project("{FAE04EC0-301F-11D3-BF4B-00C04F79EFBC}") = "ChangeAgent.EEProvider", "ChangeAgent\ChangeAgent.EEProvider\ChangeAgent.EEProvider.csproj", "{0396107D-B9C2-4494-94AD-19581DE55B4C}"
EndProject
Project("{FAE04EC0-301F-11D3-BF4B-00C04F79EFBC}") = "ChangeTerm", "ChangeTerm\ChangeTerm\ChangeTerm.csproj", "{405C009B-7C06-4299-89A4-E9214EE10D4D}"
EndProject
Project("{FAE04EC0-301F-11D3-BF4B-00C04F79EFBC}") = "ChangeTerm.EEProvider", "ChangeTerm\ChangeTerm.EEProvider\ChangeTerm.EEProvider.csproj", "{6095BFFD-879D-45FC-9AA0-90496AE59EEB}"
EndProject
Project("{FAE04EC0-301F-11D3-BF4B-00C04F79EFBC}") = "ChangeCoInsurance", "ChangeCoinsurance\ChangeCoInsurance\ChangeCoInsurance.csproj", "{6B4FC4C2-4CE5-4899-8D0A-305E4F8470C7}"
EndProject
Project("{FAE04EC0-301F-11D3-BF4B-00C04F79EFBC}") = "ChangeCoInsuranceEEProvider", "ChangeCoinsurance\ChangeCoInsuranceEEProvider\ChangeCoInsuranceEEProvider.csproj", "{BC293235-A1FB-4612-B335-056AD30A1B23}"
EndProject
Project("{FAE04EC0-301F-11D3-BF4B-00C04F79EFBC}") = "ChangeConsolidation", "ChangeConsolidation\ChangeConsolidation\ChangeConsolidation.csproj", "{F224B3B9-8A4A-4874-B1AD-4D191563DE6D}"
EndProject
Project("{FAE04EC0-301F-11D3-BF4B-00C04F79EFBC}") = "ChangeConsolidation.EEProvider", "ChangeConsolidation\ChangeConsolidation.EEProvider\ChangeConsolidation.EEProvider.csproj", "{05854C9B-406A-413C-B5C8-F67B098AECA4}"
EndProject
Project("{FAE04EC0-301F-11D3-BF4B-00C04F79EFBC}") = "ChangePolicyHolder", "ChangePolicyHolder\ChangePolicyHolder\ChangePolicyHolder.csproj", "{2A3AB1FA-485A-4374-9511-A775DC6525C8}"
EndProject
Project("{FAE04EC0-301F-11D3-BF4B-00C04F79EFBC}") = "ChangePolicyHolder.EEProvider", "ChangePolicyHolder\ChangePolicyHolder.EEProvider\ChangePolicyHolder.EEProvider.csproj", "{22CE9CDA-CA2A-4908-8383-D1408B3A1273}"
EndProject
Global
	GlobalSection(SolutionConfigurationPlatforms) = preSolution
		Debug|Any CPU = Debug|Any CPU
		Release|Any CPU = Release|Any CPU
	EndGlobalSection
	GlobalSection(ProjectConfigurationPlatforms) = postSolution
		{1FF61AE0-6CA8-494A-97BD-7E55C2712568}.Debug|Any CPU.ActiveCfg = Debug|Any CPU
		{1FF61AE0-6CA8-494A-97BD-7E55C2712568}.Debug|Any CPU.Build.0 = Debug|Any CPU
		{1FF61AE0-6CA8-494A-97BD-7E55C2712568}.Release|Any CPU.ActiveCfg = Release|Any CPU
		{1FF61AE0-6CA8-494A-97BD-7E55C2712568}.Release|Any CPU.Build.0 = Release|Any CPU
		{2929D6A2-F98C-4FC4-936E-BD7C340AA2E6}.Debug|Any CPU.ActiveCfg = Debug|Any CPU
		{2929D6A2-F98C-4FC4-936E-BD7C340AA2E6}.Debug|Any CPU.Build.0 = Debug|Any CPU
		{2929D6A2-F98C-4FC4-936E-BD7C340AA2E6}.Release|Any CPU.ActiveCfg = Release|Any CPU
		{2929D6A2-F98C-4FC4-936E-BD7C340AA2E6}.Release|Any CPU.Build.0 = Release|Any CPU
		{4B8DD584-FE6C-433A-A283-55A758A5598E}.Debug|Any CPU.ActiveCfg = Debug|Any CPU
		{4B8DD584-FE6C-433A-A283-55A758A5598E}.Debug|Any CPU.Build.0 = Debug|Any CPU
		{4B8DD584-FE6C-433A-A283-55A758A5598E}.Release|Any CPU.ActiveCfg = Release|Any CPU
		{4B8DD584-FE6C-433A-A283-55A758A5598E}.Release|Any CPU.Build.0 = Release|Any CPU
		{3A29B3A1-4FF5-462E-9DE4-9A59A8BF5BF7}.Debug|Any CPU.ActiveCfg = Debug|Any CPU
		{3A29B3A1-4FF5-462E-9DE4-9A59A8BF5BF7}.Debug|Any CPU.Build.0 = Debug|Any CPU
		{3A29B3A1-4FF5-462E-9DE4-9A59A8BF5BF7}.Release|Any CPU.ActiveCfg = Release|Any CPU
		{3A29B3A1-4FF5-462E-9DE4-9A59A8BF5BF7}.Release|Any CPU.Build.0 = Release|Any CPU
		{EAC660E6-FE4D-486B-9959-499B0F5A03CA}.Debug|Any CPU.ActiveCfg = Debug|Any CPU
		{EAC660E6-FE4D-486B-9959-499B0F5A03CA}.Debug|Any CPU.Build.0 = Debug|Any CPU
		{EAC660E6-FE4D-486B-9959-499B0F5A03CA}.Release|Any CPU.ActiveCfg = Release|Any CPU
		{EAC660E6-FE4D-486B-9959-499B0F5A03CA}.Release|Any CPU.Build.0 = Release|Any CPU
		{EF9C00C5-94B8-4960-A15A-A2B88DE94A03}.Debug|Any CPU.ActiveCfg = Debug|Any CPU
		{EF9C00C5-94B8-4960-A15A-A2B88DE94A03}.Debug|Any CPU.Build.0 = Debug|Any CPU
		{EF9C00C5-94B8-4960-A15A-A2B88DE94A03}.Release|Any CPU.ActiveCfg = Release|Any CPU
		{EF9C00C5-94B8-4960-A15A-A2B88DE94A03}.Release|Any CPU.Build.0 = Release|Any CPU
		{A4DD763A-E303-49F5-B46B-F80482CCB648}.Debug|Any CPU.ActiveCfg = Debug|Any CPU
		{A4DD763A-E303-49F5-B46B-F80482CCB648}.Debug|Any CPU.Build.0 = Debug|Any CPU
		{A4DD763A-E303-49F5-B46B-F80482CCB648}.Release|Any CPU.ActiveCfg = Release|Any CPU
		{A4DD763A-E303-49F5-B46B-F80482CCB648}.Release|Any CPU.Build.0 = Release|Any CPU
		{5EE32CDA-83D3-488C-81B2-12DF6242B7BA}.Debug|Any CPU.ActiveCfg = Debug|Any CPU
		{5EE32CDA-83D3-488C-81B2-12DF6242B7BA}.Debug|Any CPU.Build.0 = Debug|Any CPU
		{5EE32CDA-83D3-488C-81B2-12DF6242B7BA}.Release|Any CPU.ActiveCfg = Release|Any CPU
		{5EE32CDA-83D3-488C-81B2-12DF6242B7BA}.Release|Any CPU.Build.0 = Release|Any CPU
		{142CE8B9-6E41-4908-842F-B899F5A4AF31}.Debug|Any CPU.ActiveCfg = Debug|Any CPU
		{142CE8B9-6E41-4908-842F-B899F5A4AF31}.Debug|Any CPU.Build.0 = Debug|Any CPU
		{142CE8B9-6E41-4908-842F-B899F5A4AF31}.Release|Any CPU.ActiveCfg = Release|Any CPU
		{142CE8B9-6E41-4908-842F-B899F5A4AF31}.Release|Any CPU.Build.0 = Release|Any CPU
		{B64F4302-0666-4EA5-9E8B-66E02932D7DD}.Debug|Any CPU.ActiveCfg = Debug|Any CPU
		{B64F4302-0666-4EA5-9E8B-66E02932D7DD}.Debug|Any CPU.Build.0 = Debug|Any CPU
		{B64F4302-0666-4EA5-9E8B-66E02932D7DD}.Release|Any CPU.ActiveCfg = Release|Any CPU
		{B64F4302-0666-4EA5-9E8B-66E02932D7DD}.Release|Any CPU.Build.0 = Release|Any CPU
		{F29A0529-A1FA-4B5F-8526-A521968EFE53}.Debug|Any CPU.ActiveCfg = Debug|Any CPU
		{F29A0529-A1FA-4B5F-8526-A521968EFE53}.Debug|Any CPU.Build.0 = Debug|Any CPU
		{F29A0529-A1FA-4B5F-8526-A521968EFE53}.Release|Any CPU.ActiveCfg = Release|Any CPU
		{F29A0529-A1FA-4B5F-8526-A521968EFE53}.Release|Any CPU.Build.0 = Release|Any CPU
		{C6E556AB-959A-438E-9121-9342AE9F83DA}.Debug|Any CPU.ActiveCfg = Debug|Any CPU
		{C6E556AB-959A-438E-9121-9342AE9F83DA}.Debug|Any CPU.Build.0 = Debug|Any CPU
		{C6E556AB-959A-438E-9121-9342AE9F83DA}.Release|Any CPU.ActiveCfg = Release|Any CPU
		{C6E556AB-959A-438E-9121-9342AE9F83DA}.Release|Any CPU.Build.0 = Release|Any CPU
		{6220A74E-7A7F-4779-995C-B0E3D76950B0}.Debug|Any CPU.ActiveCfg = Debug|Any CPU
		{6220A74E-7A7F-4779-995C-B0E3D76950B0}.Debug|Any CPU.Build.0 = Debug|Any CPU
		{6220A74E-7A7F-4779-995C-B0E3D76950B0}.Release|Any CPU.ActiveCfg = Release|Any CPU
		{6220A74E-7A7F-4779-995C-B0E3D76950B0}.Release|Any CPU.Build.0 = Release|Any CPU
		{45993F52-76CE-4B7D-915E-E416E5F6F076}.Debug|Any CPU.ActiveCfg = Debug|Any CPU
		{45993F52-76CE-4B7D-915E-E416E5F6F076}.Debug|Any CPU.Build.0 = Debug|Any CPU
		{45993F52-76CE-4B7D-915E-E416E5F6F076}.Release|Any CPU.ActiveCfg = Release|Any CPU
		{45993F52-76CE-4B7D-915E-E416E5F6F076}.Release|Any CPU.Build.0 = Release|Any CPU
		{EA6444C3-92D7-4848-A77B-08A664FF82DD}.Debug|Any CPU.ActiveCfg = Debug|Any CPU
		{EA6444C3-92D7-4848-A77B-08A664FF82DD}.Debug|Any CPU.Build.0 = Debug|Any CPU
		{EA6444C3-92D7-4848-A77B-08A664FF82DD}.Release|Any CPU.ActiveCfg = Release|Any CPU
		{EA6444C3-92D7-4848-A77B-08A664FF82DD}.Release|Any CPU.Build.0 = Release|Any CPU
		{0396107D-B9C2-4494-94AD-19581DE55B4C}.Debug|Any CPU.ActiveCfg = Debug|Any CPU
		{0396107D-B9C2-4494-94AD-19581DE55B4C}.Debug|Any CPU.Build.0 = Debug|Any CPU
		{0396107D-B9C2-4494-94AD-19581DE55B4C}.Release|Any CPU.ActiveCfg = Release|Any CPU
		{0396107D-B9C2-4494-94AD-19581DE55B4C}.Release|Any CPU.Build.0 = Release|Any CPU
		{405C009B-7C06-4299-89A4-E9214EE10D4D}.Debug|Any CPU.ActiveCfg = Debug|Any CPU
		{405C009B-7C06-4299-89A4-E9214EE10D4D}.Debug|Any CPU.Build.0 = Debug|Any CPU
		{405C009B-7C06-4299-89A4-E9214EE10D4D}.Release|Any CPU.ActiveCfg = Release|Any CPU
		{405C009B-7C06-4299-89A4-E9214EE10D4D}.Release|Any CPU.Build.0 = Release|Any CPU
		{6095BFFD-879D-45FC-9AA0-90496AE59EEB}.Debug|Any CPU.ActiveCfg = Debug|Any CPU
		{6095BFFD-879D-45FC-9AA0-90496AE59EEB}.Debug|Any CPU.Build.0 = Debug|Any CPU
		{6095BFFD-879D-45FC-9AA0-90496AE59EEB}.Release|Any CPU.ActiveCfg = Release|Any CPU
		{6095BFFD-879D-45FC-9AA0-90496AE59EEB}.Release|Any CPU.Build.0 = Release|Any CPU
		{6B4FC4C2-4CE5-4899-8D0A-305E4F8470C7}.Debug|Any CPU.ActiveCfg = Debug|Any CPU
		{6B4FC4C2-4CE5-4899-8D0A-305E4F8470C7}.Debug|Any CPU.Build.0 = Debug|Any CPU
		{6B4FC4C2-4CE5-4899-8D0A-305E4F8470C7}.Release|Any CPU.ActiveCfg = Release|Any CPU
		{6B4FC4C2-4CE5-4899-8D0A-305E4F8470C7}.Release|Any CPU.Build.0 = Release|Any CPU
		{BC293235-A1FB-4612-B335-056AD30A1B23}.Debug|Any CPU.ActiveCfg = Debug|Any CPU
		{BC293235-A1FB-4612-B335-056AD30A1B23}.Debug|Any CPU.Build.0 = Debug|Any CPU
		{BC293235-A1FB-4612-B335-056AD30A1B23}.Release|Any CPU.ActiveCfg = Release|Any CPU
		{BC293235-A1FB-4612-B335-056AD30A1B23}.Release|Any CPU.Build.0 = Release|Any CPU
		{F224B3B9-8A4A-4874-B1AD-4D191563DE6D}.Debug|Any CPU.ActiveCfg = Debug|Any CPU
		{F224B3B9-8A4A-4874-B1AD-4D191563DE6D}.Debug|Any CPU.Build.0 = Debug|Any CPU
		{F224B3B9-8A4A-4874-B1AD-4D191563DE6D}.Release|Any CPU.ActiveCfg = Release|Any CPU
		{F224B3B9-8A4A-4874-B1AD-4D191563DE6D}.Release|Any CPU.Build.0 = Release|Any CPU
		{05854C9B-406A-413C-B5C8-F67B098AECA4}.Debug|Any CPU.ActiveCfg = Debug|Any CPU
		{05854C9B-406A-413C-B5C8-F67B098AECA4}.Debug|Any CPU.Build.0 = Debug|Any CPU
		{05854C9B-406A-413C-B5C8-F67B098AECA4}.Release|Any CPU.ActiveCfg = Release|Any CPU
		{05854C9B-406A-413C-B5C8-F67B098AECA4}.Release|Any CPU.Build.0 = Release|Any CPU
		{2A3AB1FA-485A-4374-9511-A775DC6525C8}.Debug|Any CPU.ActiveCfg = Debug|Any CPU
		{2A3AB1FA-485A-4374-9511-A775DC6525C8}.Debug|Any CPU.Build.0 = Debug|Any CPU
		{2A3AB1FA-485A-4374-9511-A775DC6525C8}.Release|Any CPU.ActiveCfg = Release|Any CPU
		{2A3AB1FA-485A-4374-9511-A775DC6525C8}.Release|Any CPU.Build.0 = Release|Any CPU
		{22CE9CDA-CA2A-4908-8383-D1408B3A1273}.Debug|Any CPU.ActiveCfg = Debug|Any CPU
		{22CE9CDA-CA2A-4908-8383-D1408B3A1273}.Debug|Any CPU.Build.0 = Debug|Any CPU
		{22CE9CDA-CA2A-4908-8383-D1408B3A1273}.Release|Any CPU.ActiveCfg = Release|Any CPU
		{22CE9CDA-CA2A-4908-8383-D1408B3A1273}.Release|Any CPU.Build.0 = Release|Any CPU
	EndGlobalSection
	GlobalSection(SolutionProperties) = preSolution
		HideSolutionNode = FALSE
	EndGlobalSection
	GlobalSection(ExtensibilityGlobals) = postSolution
		SolutionGuid = {898054F2-CDC4-4616-8FB9-44B04621A0B5}
	EndGlobalSection
EndGlobal
