
Microsoft Visual Studio Solution File, Format Version 12.00
# Visual Studio 15
VisualStudioVersion = 15.0.26430.6
MinimumVisualStudioVersion = 10.0.40219.1
Project("{FAE04EC0-301F-11D3-BF4B-00C04F79EFBC}") = "Core.Issuance.Entities", "Core.Issuance.Entities\Core.Issuance.Entities.csproj", "{D5B7756E-4AAB-4176-9DEC-516ED5E2335D}"
EndProject
Global
	GlobalSection(SolutionConfigurationPlatforms) = preSolution
		Debug|Any CPU = Debug|Any CPU
		Release|Any CPU = Release|Any CPU
	EndGlobalSection
	GlobalSection(ProjectConfigurationPlatforms) = postSolution
		{D5B7756E-4AAB-4176-9DEC-516ED5E2335D}.Debug|Any CPU.ActiveCfg = Debug|Any CPU
		{D5B7756E-4AAB-4176-9DEC-516ED5E2335D}.Debug|Any CPU.Build.0 = Debug|Any CPU
		{D5B7756E-4AAB-4176-9DEC-516ED5E2335D}.Release|Any CPU.ActiveCfg = Release|Any CPU
		{D5B7756E-4AAB-4176-9DEC-516ED5E2335D}.Release|Any CPU.Build.0 = Release|Any CPU
	EndGlobalSection
	GlobalSection(SolutionProperties) = preSolution
		HideSolutionNode = FALSE
	EndGlobalSection
	GlobalSection(TeamFoundationVersionControl) = preSolution
		SccNumberOfProjects = 2
		SccEnterpriseProvider = {4CA58AB2-18FA-4F8D-95D4-32DDF27D184C}
		SccTeamFoundationServer = http://tfs.sistran.com:8080/tfs/colombia
		SccProjectUniqueName0 = Core.Issuance.Entities\\Core.Issuance.Entities.csproj
		SccProjectName0 = Core.Issuance.Entities
		SccLocalPath0 = Core.Issuance.Entities
		SccLocalPath1 = .
	EndGlobalSection
EndGlobal
